<?xml version="1.0" encoding="utf-8"?>
<Project ToolsVersion="4.0" xmlns="http://schemas.microsoft.com/developer/msbuild/2003">
  <ItemGroup>
    <ClCompile Include="src\dllmain.cpp">
      <Filter>custom code</Filter>
    </ClCompile>
    <ClCompile Include="src\Power.cpp">
      <Filter>custom code</Filter>
    </ClCompile>
    <ClCompile Include="src\PWM.cpp">
      <Filter>custom code</Filter>
    </ClCompile>
    <ClCompile Include="Hal.cpp">
      <Filter>custom code</Filter>
    </ClCompile>
    <ClCompile Include="src\StateNetworkServer.cpp">
      <Filter>custom code</Filter>
    </ClCompile>
    <ClCompile Include="allwpilib\hal\lib\Athena\cpp\Resource.cpp" />
    <ClCompile Include="DIO.cpp">
      <Filter>custom code</Filter>
    </ClCompile>
  </ItemGroup>
  <ItemGroup>
    <ClInclude Include="allwpilib\hal\include\hal\Compressor.hpp">
      <Filter>headers</Filter>
    </ClInclude>
    <ClInclude Include="allwpilib\hal\include\hal\Accelerometer.hpp">
      <Filter>headers</Filter>
    </ClInclude>
    <ClInclude Include="allwpilib\hal\include\hal\Analog.hpp">
      <Filter>headers</Filter>
    </ClInclude>
    <ClInclude Include="allwpilib\hal\include\hal\CAN.hpp">
      <Filter>headers</Filter>
    </ClInclude>
    <ClInclude Include="allwpilib\hal\include\hal\CanTalonSRX.h">
      <Filter>headers</Filter>
    </ClInclude>
    <ClInclude Include="allwpilib\hal\include\ctre\ctre.h">
      <Filter>headers</Filter>
    </ClInclude>
    <ClInclude Include="allwpilib\hal\include\ctre\ctre_frames.h">
      <Filter>headers</Filter>
    </ClInclude>
    <ClInclude Include="allwpilib\hal\include\ctre\CtreCanNode.h">
      <Filter>headers</Filter>
    </ClInclude>
    <ClInclude Include="allwpilib\hal\include\hal\Digital.hpp">
      <Filter>headers</Filter>
    </ClInclude>
    <ClInclude Include="allwpilib\hal\include\hal\Errors.hpp">
      <Filter>headers</Filter>
    </ClInclude>
    <ClInclude Include="allwpilib\hal\include\hal\HAL.hpp">
      <Filter>headers</Filter>
    </ClInclude>
    <ClInclude Include="allwpilib\hal\include\hal\Interrupts.hpp">
      <Filter>headers</Filter>
    </ClInclude>
    <ClInclude Include="allwpilib\hal\include\Log.hpp">
      <Filter>headers</Filter>
    </ClInclude>
    <ClInclude Include="allwpilib\hal\include\hal\Notifier.hpp">
      <Filter>headers</Filter>
    </ClInclude>
    <ClInclude Include="allwpilib\hal\include\ctre\PCM.h">
      <Filter>headers</Filter>
    </ClInclude>
    <ClInclude Include="allwpilib\hal\include\ctre\PDP.h">
      <Filter>headers</Filter>
    </ClInclude>
    <ClInclude Include="allwpilib\hal\include\hal\PDP.hpp">
      <Filter>headers</Filter>
    </ClInclude>
    <ClInclude Include="allwpilib\hal\include\hal\Port.h">
      <Filter>headers</Filter>
    </ClInclude>
    <ClInclude Include="allwpilib\hal\include\hal\cpp\priority_condition_variable.h">
      <Filter>headers</Filter>
    </ClInclude>
    <ClInclude Include="allwpilib\hal\include\hal\cpp\priority_mutex.h">
      <Filter>headers</Filter>
    </ClInclude>
    <ClInclude Include="allwpilib\hal\include\hal\cpp\Resource.hpp">
      <Filter>headers</Filter>
    </ClInclude>
    <ClInclude Include="allwpilib\hal\include\hal\Semaphore.hpp">
      <Filter>headers</Filter>
    </ClInclude>
    <ClInclude Include="allwpilib\hal\include\hal\cpp\Semaphore.hpp">
      <Filter>headers</Filter>
    </ClInclude>
    <ClInclude Include="allwpilib\hal\include\hal\SerialPort.hpp">
      <Filter>headers</Filter>
    </ClInclude>
    <ClInclude Include="allwpilib\hal\include\hal\Solenoid.hpp">
      <Filter>headers</Filter>
    </ClInclude>
    <ClInclude Include="allwpilib\hal\include\hal\Task.hpp">
      <Filter>headers</Filter>
    </ClInclude>
    <ClInclude Include="allwpilib\hal\include\hal\Utilities.hpp">
      <Filter>headers</Filter>
    </ClInclude>
    <ClInclude Include="custom_headers\PWM_exposed.h">
      <Filter>custom code\custom_headers</Filter>
    </ClInclude>
    <ClInclude Include="custom_headers\general.h">
      <Filter>custom code\custom_headers</Filter>
    </ClInclude>
    <ClInclude Include="allwpilib\hal\include\hal\Power.hpp">
      <Filter>headers</Filter>
    </ClInclude>
    <ClInclude Include="emulator.h">
      <Filter>custom code\custom_headers</Filter>
    </ClInclude>
  </ItemGroup>
  <ItemGroup>
    <Filter Include="headers">
      <UniqueIdentifier>{d2709ead-59ba-41c8-b05c-f876e1c045fc}</UniqueIdentifier>
      <Extensions>*.h</Extensions>
    </Filter>
    <Filter Include="custom code">
      <UniqueIdentifier>{c092d0d9-a7ef-42a0-8337-fbeb4737ca37}</UniqueIdentifier>
    </Filter>
    <Filter Include="custom code\custom_headers">
      <UniqueIdentifier>{54776ddc-bff6-407f-82f0-962da2aff5dd}</UniqueIdentifier>
    </Filter>
  </ItemGroup>
</Project>