Microsoft Visual Studio Solution File, Format Version 12.00
# Visual Studio 2012
Project("{8BC9CEB8-8B4A-11D0-8D11-00A0C91BC942}") = "ALL_BUILD", "ALL_BUILD.vcxproj", "{2ADE5C22-72F8-403D-AB8E-757FE0EA131F}"
	ProjectSection(ProjectDependencies) = postProject
		{D9B64B24-7531-447E-AA86-ACBF355E80B8} = {D9B64B24-7531-447E-AA86-ACBF355E80B8}
		{966ED4DB-6283-4ADE-BFD4-400196088BC4} = {966ED4DB-6283-4ADE-BFD4-400196088BC4}
	EndProjectSection
EndProject
Project("{8BC9CEB8-8B4A-11D0-8D11-00A0C91BC942}") = "FRCUserProgram", "wpilibC++IntegrationTests\FRCUserProgram.vcxproj", "{D9B64B24-7531-447E-AA86-ACBF355E80B8}"
	ProjectSection(ProjectDependencies) = postProject
		{2775BA0A-E99D-4DCF-8620-9C17C2316888} = {2775BA0A-E99D-4DCF-8620-9C17C2316888}
		{3BAAFBB5-E634-4999-865B-08361F75EC5D} = {3BAAFBB5-E634-4999-865B-08361F75EC5D}
		{5B2D76A2-2F99-4D9F-BFC8-8A1DD0FD5199} = {5B2D76A2-2F99-4D9F-BFC8-8A1DD0FD5199}
		{966ED4DB-6283-4ADE-BFD4-400196088BC4} = {966ED4DB-6283-4ADE-BFD4-400196088BC4}
	EndProjectSection
EndProject
Project("{8BC9CEB8-8B4A-11D0-8D11-00A0C91BC942}") = "HALAthena", "..\hal\HALAthena.vcxproj", "{2775BA0A-E99D-4DCF-8620-9C17C2316888}"
	ProjectSection(ProjectDependencies) = postProject
		{5B2D76A2-2F99-4D9F-BFC8-8A1DD0FD5199} = {5B2D76A2-2F99-4D9F-BFC8-8A1DD0FD5199}
	EndProjectSection
EndProject
Project("{8BC9CEB8-8B4A-11D0-8D11-00A0C91BC942}") = "INSTALL", "INSTALL.vcxproj", "{60284099-1F5E-43CE-B1D3-1F6BBB69CCA5}"
	ProjectSection(ProjectDependencies) = postProject
		{2ADE5C22-72F8-403D-AB8E-757FE0EA131F} = {2ADE5C22-72F8-403D-AB8E-757FE0EA131F}
	EndProjectSection
EndProject
Project("{8BC9CEB8-8B4A-11D0-8D11-00A0C91BC942}") = "NetworkTables", "..\networktables\cpp\NetworkTables.vcxproj", "{3BAAFBB5-E634-4999-865B-08361F75EC5D}"
	ProjectSection(ProjectDependencies) = postProject
		{5B2D76A2-2F99-4D9F-BFC8-8A1DD0FD5199} = {5B2D76A2-2F99-4D9F-BFC8-8A1DD0FD5199}
	EndProjectSection
EndProject
Project("{8BC9CEB8-8B4A-11D0-8D11-00A0C91BC942}") = "ZERO_CHECK", "..\\ZERO_CHECK.vcxproj", "{5B2D76A2-2F99-4D9F-BFC8-8A1DD0FD5199}"
	ProjectSection(ProjectDependencies) = postProject
	EndProjectSection
EndProject
Project("{8BC9CEB8-8B4A-11D0-8D11-00A0C91BC942}") = "wpilib_nonshared", "wpilibC++Devices\wpilib_nonshared.vcxproj", "{966ED4DB-6283-4ADE-BFD4-400196088BC4}"
	ProjectSection(ProjectDependencies) = postProject
		{2775BA0A-E99D-4DCF-8620-9C17C2316888} = {2775BA0A-E99D-4DCF-8620-9C17C2316888}
		{3BAAFBB5-E634-4999-865B-08361F75EC5D} = {3BAAFBB5-E634-4999-865B-08361F75EC5D}
		{5B2D76A2-2F99-4D9F-BFC8-8A1DD0FD5199} = {5B2D76A2-2F99-4D9F-BFC8-8A1DD0FD5199}
	EndProjectSection
EndProject
Global
	GlobalSection(SolutionConfigurationPlatforms) = preSolution
		Debug|x64 = Debug|x64
		Release|x64 = Release|x64
		MinSizeRel|x64 = MinSizeRel|x64
		RelWithDebInfo|x64 = RelWithDebInfo|x64
	EndGlobalSection
	GlobalSection(ProjectConfigurationPlatforms) = postSolution
		{2ADE5C22-72F8-403D-AB8E-757FE0EA131F}.Debug|x64.ActiveCfg = Debug|x64
		{2ADE5C22-72F8-403D-AB8E-757FE0EA131F}.Debug|x64.Build.0 = Debug|x64
		{2ADE5C22-72F8-403D-AB8E-757FE0EA131F}.Release|x64.ActiveCfg = Release|x64
		{2ADE5C22-72F8-403D-AB8E-757FE0EA131F}.Release|x64.Build.0 = Release|x64
		{2ADE5C22-72F8-403D-AB8E-757FE0EA131F}.MinSizeRel|x64.ActiveCfg = MinSizeRel|x64
		{2ADE5C22-72F8-403D-AB8E-757FE0EA131F}.MinSizeRel|x64.Build.0 = MinSizeRel|x64
		{2ADE5C22-72F8-403D-AB8E-757FE0EA131F}.RelWithDebInfo|x64.ActiveCfg = RelWithDebInfo|x64
		{2ADE5C22-72F8-403D-AB8E-757FE0EA131F}.RelWithDebInfo|x64.Build.0 = RelWithDebInfo|x64
		{D9B64B24-7531-447E-AA86-ACBF355E80B8}.Debug|x64.ActiveCfg = Debug|x64
		{D9B64B24-7531-447E-AA86-ACBF355E80B8}.Debug|x64.Build.0 = Debug|x64
		{D9B64B24-7531-447E-AA86-ACBF355E80B8}.Release|x64.ActiveCfg = Release|x64
		{D9B64B24-7531-447E-AA86-ACBF355E80B8}.Release|x64.Build.0 = Release|x64
		{D9B64B24-7531-447E-AA86-ACBF355E80B8}.MinSizeRel|x64.ActiveCfg = MinSizeRel|x64
		{D9B64B24-7531-447E-AA86-ACBF355E80B8}.MinSizeRel|x64.Build.0 = MinSizeRel|x64
		{D9B64B24-7531-447E-AA86-ACBF355E80B8}.RelWithDebInfo|x64.ActiveCfg = RelWithDebInfo|x64
		{D9B64B24-7531-447E-AA86-ACBF355E80B8}.RelWithDebInfo|x64.Build.0 = RelWithDebInfo|x64
		{2775BA0A-E99D-4DCF-8620-9C17C2316888}.Debug|x64.ActiveCfg = Debug|x64
		{2775BA0A-E99D-4DCF-8620-9C17C2316888}.Debug|x64.Build.0 = Debug|x64
		{2775BA0A-E99D-4DCF-8620-9C17C2316888}.Release|x64.ActiveCfg = Release|x64
		{2775BA0A-E99D-4DCF-8620-9C17C2316888}.Release|x64.Build.0 = Release|x64
		{2775BA0A-E99D-4DCF-8620-9C17C2316888}.MinSizeRel|x64.ActiveCfg = MinSizeRel|x64
		{2775BA0A-E99D-4DCF-8620-9C17C2316888}.MinSizeRel|x64.Build.0 = MinSizeRel|x64
		{2775BA0A-E99D-4DCF-8620-9C17C2316888}.RelWithDebInfo|x64.ActiveCfg = RelWithDebInfo|x64
		{2775BA0A-E99D-4DCF-8620-9C17C2316888}.RelWithDebInfo|x64.Build.0 = RelWithDebInfo|x64
		{60284099-1F5E-43CE-B1D3-1F6BBB69CCA5}.Debug|x64.ActiveCfg = Debug|x64
		{60284099-1F5E-43CE-B1D3-1F6BBB69CCA5}.Release|x64.ActiveCfg = Release|x64
		{60284099-1F5E-43CE-B1D3-1F6BBB69CCA5}.MinSizeRel|x64.ActiveCfg = MinSizeRel|x64
		{60284099-1F5E-43CE-B1D3-1F6BBB69CCA5}.RelWithDebInfo|x64.ActiveCfg = RelWithDebInfo|x64
		{3BAAFBB5-E634-4999-865B-08361F75EC5D}.Debug|x64.ActiveCfg = Debug|x64
		{3BAAFBB5-E634-4999-865B-08361F75EC5D}.Debug|x64.Build.0 = Debug|x64
		{3BAAFBB5-E634-4999-865B-08361F75EC5D}.Release|x64.ActiveCfg = Release|x64
		{3BAAFBB5-E634-4999-865B-08361F75EC5D}.Release|x64.Build.0 = Release|x64
		{3BAAFBB5-E634-4999-865B-08361F75EC5D}.MinSizeRel|x64.ActiveCfg = MinSizeRel|x64
		{3BAAFBB5-E634-4999-865B-08361F75EC5D}.MinSizeRel|x64.Build.0 = MinSizeRel|x64
		{3BAAFBB5-E634-4999-865B-08361F75EC5D}.RelWithDebInfo|x64.ActiveCfg = RelWithDebInfo|x64
		{3BAAFBB5-E634-4999-865B-08361F75EC5D}.RelWithDebInfo|x64.Build.0 = RelWithDebInfo|x64
		{5B2D76A2-2F99-4D9F-BFC8-8A1DD0FD5199}.Debug|x64.ActiveCfg = Debug|x64
		{5B2D76A2-2F99-4D9F-BFC8-8A1DD0FD5199}.Debug|x64.Build.0 = Debug|x64
		{5B2D76A2-2F99-4D9F-BFC8-8A1DD0FD5199}.Release|x64.ActiveCfg = Release|x64
		{5B2D76A2-2F99-4D9F-BFC8-8A1DD0FD5199}.Release|x64.Build.0 = Release|x64
		{5B2D76A2-2F99-4D9F-BFC8-8A1DD0FD5199}.MinSizeRel|x64.ActiveCfg = MinSizeRel|x64
		{5B2D76A2-2F99-4D9F-BFC8-8A1DD0FD5199}.MinSizeRel|x64.Build.0 = MinSizeRel|x64
		{5B2D76A2-2F99-4D9F-BFC8-8A1DD0FD5199}.RelWithDebInfo|x64.ActiveCfg = RelWithDebInfo|x64
		{5B2D76A2-2F99-4D9F-BFC8-8A1DD0FD5199}.RelWithDebInfo|x64.Build.0 = RelWithDebInfo|x64
		{966ED4DB-6283-4ADE-BFD4-400196088BC4}.Debug|x64.ActiveCfg = Debug|x64
		{966ED4DB-6283-4ADE-BFD4-400196088BC4}.Debug|x64.Build.0 = Debug|x64
		{966ED4DB-6283-4ADE-BFD4-400196088BC4}.Release|x64.ActiveCfg = Release|x64
		{966ED4DB-6283-4ADE-BFD4-400196088BC4}.Release|x64.Build.0 = Release|x64
		{966ED4DB-6283-4ADE-BFD4-400196088BC4}.MinSizeRel|x64.ActiveCfg = MinSizeRel|x64
		{966ED4DB-6283-4ADE-BFD4-400196088BC4}.MinSizeRel|x64.Build.0 = MinSizeRel|x64
		{966ED4DB-6283-4ADE-BFD4-400196088BC4}.RelWithDebInfo|x64.ActiveCfg = RelWithDebInfo|x64
		{966ED4DB-6283-4ADE-BFD4-400196088BC4}.RelWithDebInfo|x64.Build.0 = RelWithDebInfo|x64
	EndGlobalSection
	GlobalSection(ExtensibilityGlobals) = postSolution
	EndGlobalSection
	GlobalSection(ExtensibilityAddIns) = postSolution
	EndGlobalSection
EndGlobal
