
Microsoft Visual Studio Solution File, Format Version 12.00
# Visual Studio 15
Project("{FAE04EC0-301F-11D3-BF4B-00C04F79EFBC}") = "unity5", "Unity.Analytics.DataPrivacy.csproj", "{ACDD2F29-AC5D-76DD-A58C-30AA4D1B465F}"
EndProject
Project("{FAE04EC0-301F-11D3-BF4B-00C04F79EFBC}") = "unity5", "Assembly-CSharp.csproj", "{C9C8936B-8B4D-D4C2-E7D3-42BE2463CE13}"
EndProject
Project("{FAE04EC0-301F-11D3-BF4B-00C04F79EFBC}") = "unity5", "Assembly-CSharp-firstpass.csproj", "{7C14F5DB-B04B-B8EC-364F-14F17512EDE5}"
EndProject
Project("{FAE04EC0-301F-11D3-BF4B-00C04F79EFBC}") = "unity5", "Unity.Analytics.DataPrivacy.Editor.csproj", "{6E6475FC-4A82-4E5E-B0B7-6453B8CBD91A}"
EndProject
Project("{FAE04EC0-301F-11D3-BF4B-00C04F79EFBC}") = "unity5", "Assembly-CSharp-Editor.csproj", "{9C9EFCBB-A753-ADFC-7E48-C7CC086DD0E5}"
EndProject
Global
	GlobalSection(SolutionConfigurationPlatforms) = preSolution
		Debug|Any CPU = Debug|Any CPU
		Release|Any CPU = Release|Any CPU
	EndGlobalSection
	GlobalSection(ProjectConfigurationPlatforms) = postSolution
		{ACDD2F29-AC5D-76DD-A58C-30AA4D1B465F}.Debug|Any CPU.ActiveCfg = Debug|Any CPU
		{ACDD2F29-AC5D-76DD-A58C-30AA4D1B465F}.Debug|Any CPU.Build.0 = Debug|Any CPU
		{ACDD2F29-AC5D-76DD-A58C-30AA4D1B465F}.Release|Any CPU.ActiveCfg = Release|Any CPU
		{ACDD2F29-AC5D-76DD-A58C-30AA4D1B465F}.Release|Any CPU.Build.0 = Release|Any CPU
		{C9C8936B-8B4D-D4C2-E7D3-42BE2463CE13}.Debug|Any CPU.ActiveCfg = Debug|Any CPU
		{C9C8936B-8B4D-D4C2-E7D3-42BE2463CE13}.Debug|Any CPU.Build.0 = Debug|Any CPU
		{C9C8936B-8B4D-D4C2-E7D3-42BE2463CE13}.Release|Any CPU.ActiveCfg = Release|Any CPU
		{C9C8936B-8B4D-D4C2-E7D3-42BE2463CE13}.Release|Any CPU.Build.0 = Release|Any CPU
		{7C14F5DB-B04B-B8EC-364F-14F17512EDE5}.Debug|Any CPU.ActiveCfg = Debug|Any CPU
		{7C14F5DB-B04B-B8EC-364F-14F17512EDE5}.Debug|Any CPU.Build.0 = Debug|Any CPU
		{7C14F5DB-B04B-B8EC-364F-14F17512EDE5}.Release|Any CPU.ActiveCfg = Release|Any CPU
		{7C14F5DB-B04B-B8EC-364F-14F17512EDE5}.Release|Any CPU.Build.0 = Release|Any CPU
		{6E6475FC-4A82-4E5E-B0B7-6453B8CBD91A}.Debug|Any CPU.ActiveCfg = Debug|Any CPU
		{6E6475FC-4A82-4E5E-B0B7-6453B8CBD91A}.Debug|Any CPU.Build.0 = Debug|Any CPU
		{6E6475FC-4A82-4E5E-B0B7-6453B8CBD91A}.Release|Any CPU.ActiveCfg = Release|Any CPU
		{6E6475FC-4A82-4E5E-B0B7-6453B8CBD91A}.Release|Any CPU.Build.0 = Release|Any CPU
		{9C9EFCBB-A753-ADFC-7E48-C7CC086DD0E5}.Debug|Any CPU.ActiveCfg = Debug|Any CPU
		{9C9EFCBB-A753-ADFC-7E48-C7CC086DD0E5}.Debug|Any CPU.Build.0 = Debug|Any CPU
		{9C9EFCBB-A753-ADFC-7E48-C7CC086DD0E5}.Release|Any CPU.ActiveCfg = Release|Any CPU
		{9C9EFCBB-A753-ADFC-7E48-C7CC086DD0E5}.Release|Any CPU.Build.0 = Release|Any CPU
	EndGlobalSection
	GlobalSection(SolutionProperties) = preSolution
		HideSolutionNode = FALSE
	EndGlobalSection
EndGlobal
