
Microsoft Visual Studio Solution File, Format Version 12.00
# Visual Studio Version 16
VisualStudioVersion = 16.0.30204.135
MinimumVisualStudioVersion = 10.0.40219.1
Project("{9A19103F-16F7-4668-BE54-9A1E7A4F7556}") = "Controller", "Controller\Controller.csproj", "{4B6DDC63-08B5-4743-B3CA-41C20C1741AB}"
EndProject
Project("{9A19103F-16F7-4668-BE54-9A1E7A4F7556}") = "SynthesisCore", "SynthesisCore\SynthesisCore.csproj", "{B4A3AF90-D904-454E-BAEE-6B3497A36402}"
EndProject
Global
	GlobalSection(SolutionConfigurationPlatforms) = preSolution
		Debug|Any CPU = Debug|Any CPU
		Release|Any CPU = Release|Any CPU
	EndGlobalSection
	GlobalSection(ProjectConfigurationPlatforms) = postSolution
		{4B6DDC63-08B5-4743-B3CA-41C20C1741AB}.Debug|Any CPU.ActiveCfg = Debug|Any CPU
		{4B6DDC63-08B5-4743-B3CA-41C20C1741AB}.Debug|Any CPU.Build.0 = Debug|Any CPU
		{4B6DDC63-08B5-4743-B3CA-41C20C1741AB}.Release|Any CPU.ActiveCfg = Release|Any CPU
		{4B6DDC63-08B5-4743-B3CA-41C20C1741AB}.Release|Any CPU.Build.0 = Release|Any CPU
		{B4A3AF90-D904-454E-BAEE-6B3497A36402}.Debug|Any CPU.ActiveCfg = Debug|Any CPU
		{B4A3AF90-D904-454E-BAEE-6B3497A36402}.Debug|Any CPU.Build.0 = Debug|Any CPU
		{B4A3AF90-D904-454E-BAEE-6B3497A36402}.Release|Any CPU.ActiveCfg = Release|Any CPU
		{B4A3AF90-D904-454E-BAEE-6B3497A36402}.Release|Any CPU.Build.0 = Release|Any CPU
	EndGlobalSection
	GlobalSection(SolutionProperties) = preSolution
		HideSolutionNode = FALSE
	EndGlobalSection
	GlobalSection(ExtensibilityGlobals) = postSolution
		SolutionGuid = {D8CAFD2B-2ED4-4254-87BB-FB7E58D920AD}
	EndGlobalSection
EndGlobal
