
Microsoft Visual Studio Solution File, Format Version 12.00
# Visual Studio Express 2012 for Windows Desktop
Project("{8BC9CEB8-8B4A-11D0-8D11-00A0C91BC942}") = "Aardvark-WPILib", "Aardvark-WPILib\Aardvark-WPILib.vcxproj", "{35D57FF3-6647-4B8C-AFB9-E680D60DE40E}"
EndProject
Project("{8BC9CEB8-8B4A-11D0-8D11-00A0C91BC942}") = "FakeFPGA", "FakeFPGA\FakeFPGA.vcxproj", "{64B9921C-8B16-48DA-AECB-EFBCB1252CA8}"
	ProjectSection(ProjectDependencies) = postProject
		{35D57FF3-6647-4B8C-AFB9-E680D60DE40E} = {35D57FF3-6647-4B8C-AFB9-E680D60DE40E}
	EndProjectSection
EndProject
Project("{8BC9CEB8-8B4A-11D0-8D11-00A0C91BC942}") = "SimpleTemplate", "SimpleTemplate\SimpleTemplate.vcxproj", "{777BF122-057B-4C8E-A629-D1FF46AB7B7E}"
	ProjectSection(ProjectDependencies) = postProject
		{64B9921C-8B16-48DA-AECB-EFBCB1252CA8} = {64B9921C-8B16-48DA-AECB-EFBCB1252CA8}
		{35D57FF3-6647-4B8C-AFB9-E680D60DE40E} = {35D57FF3-6647-4B8C-AFB9-E680D60DE40E}
	EndProjectSection
EndProject
Project("{8BC9CEB8-8B4A-11D0-8D11-00A0C91BC942}") = "SetupLoopback_Windows", "SetupLoopback_Windows\LoopbackParty.vcxproj", "{463AD728-DFAC-4C43-98CC-E9C872014A57}"
EndProject
Global
	GlobalSection(SolutionConfigurationPlatforms) = preSolution
		C++_Release|Win32 = C++_Release|Win32
		C++_Release|x64 = C++_Release|x64
		C++|Win32 = C++|Win32
		C++|x64 = C++|x64
		Java_Release|Win32 = Java_Release|Win32
		Java_Release|x64 = Java_Release|x64
		Java|Win32 = Java|Win32
		Java|x64 = Java|x64
	EndGlobalSection
	GlobalSection(ProjectConfigurationPlatforms) = postSolution
		{35D57FF3-6647-4B8C-AFB9-E680D60DE40E}.C++_Release|Win32.ActiveCfg = Release|Win32
		{35D57FF3-6647-4B8C-AFB9-E680D60DE40E}.C++_Release|Win32.Build.0 = Release|Win32
		{35D57FF3-6647-4B8C-AFB9-E680D60DE40E}.C++_Release|x64.ActiveCfg = Release|x64
		{35D57FF3-6647-4B8C-AFB9-E680D60DE40E}.C++_Release|x64.Build.0 = Release|x64
		{35D57FF3-6647-4B8C-AFB9-E680D60DE40E}.C++|Win32.ActiveCfg = Debug|Win32
		{35D57FF3-6647-4B8C-AFB9-E680D60DE40E}.C++|Win32.Build.0 = Debug|Win32
		{35D57FF3-6647-4B8C-AFB9-E680D60DE40E}.C++|x64.ActiveCfg = Debug|x64
		{35D57FF3-6647-4B8C-AFB9-E680D60DE40E}.C++|x64.Build.0 = Debug|x64
		{35D57FF3-6647-4B8C-AFB9-E680D60DE40E}.Java_Release|Win32.ActiveCfg = Release|Win32
		{35D57FF3-6647-4B8C-AFB9-E680D60DE40E}.Java_Release|Win32.Build.0 = Release|Win32
		{35D57FF3-6647-4B8C-AFB9-E680D60DE40E}.Java_Release|x64.ActiveCfg = Release|x64
		{35D57FF3-6647-4B8C-AFB9-E680D60DE40E}.Java_Release|x64.Build.0 = Release|x64
		{35D57FF3-6647-4B8C-AFB9-E680D60DE40E}.Java|Win32.ActiveCfg = Debug|Win32
		{35D57FF3-6647-4B8C-AFB9-E680D60DE40E}.Java|Win32.Build.0 = Debug|Win32
		{35D57FF3-6647-4B8C-AFB9-E680D60DE40E}.Java|x64.ActiveCfg = Debug|x64
		{35D57FF3-6647-4B8C-AFB9-E680D60DE40E}.Java|x64.Build.0 = Debug|x64
		{64B9921C-8B16-48DA-AECB-EFBCB1252CA8}.C++_Release|Win32.ActiveCfg = C++_Release|Win32
		{64B9921C-8B16-48DA-AECB-EFBCB1252CA8}.C++_Release|Win32.Build.0 = C++_Release|Win32
		{64B9921C-8B16-48DA-AECB-EFBCB1252CA8}.C++_Release|x64.ActiveCfg = C++_Release|x64
		{64B9921C-8B16-48DA-AECB-EFBCB1252CA8}.C++_Release|x64.Build.0 = C++_Release|x64
		{64B9921C-8B16-48DA-AECB-EFBCB1252CA8}.C++|Win32.ActiveCfg = C++|Win32
		{64B9921C-8B16-48DA-AECB-EFBCB1252CA8}.C++|Win32.Build.0 = C++|Win32
		{64B9921C-8B16-48DA-AECB-EFBCB1252CA8}.C++|x64.ActiveCfg = C++|x64
		{64B9921C-8B16-48DA-AECB-EFBCB1252CA8}.C++|x64.Build.0 = C++|x64
		{64B9921C-8B16-48DA-AECB-EFBCB1252CA8}.Java_Release|Win32.ActiveCfg = Java_Release|Win32
		{64B9921C-8B16-48DA-AECB-EFBCB1252CA8}.Java_Release|Win32.Build.0 = Java_Release|Win32
		{64B9921C-8B16-48DA-AECB-EFBCB1252CA8}.Java_Release|x64.ActiveCfg = Java_Release|x64
		{64B9921C-8B16-48DA-AECB-EFBCB1252CA8}.Java_Release|x64.Build.0 = Java_Release|x64
		{64B9921C-8B16-48DA-AECB-EFBCB1252CA8}.Java|Win32.ActiveCfg = Java|Win32
		{64B9921C-8B16-48DA-AECB-EFBCB1252CA8}.Java|Win32.Build.0 = Java|Win32
		{64B9921C-8B16-48DA-AECB-EFBCB1252CA8}.Java|x64.ActiveCfg = Java|x64
		{64B9921C-8B16-48DA-AECB-EFBCB1252CA8}.Java|x64.Build.0 = Java|x64
		{777BF122-057B-4C8E-A629-D1FF46AB7B7E}.C++_Release|Win32.ActiveCfg = Debug|Win32
		{777BF122-057B-4C8E-A629-D1FF46AB7B7E}.C++_Release|x64.ActiveCfg = Debug|x64
		{777BF122-057B-4C8E-A629-D1FF46AB7B7E}.C++|Win32.ActiveCfg = Debug|Win32
		{777BF122-057B-4C8E-A629-D1FF46AB7B7E}.C++|Win32.Build.0 = Debug|Win32
		{777BF122-057B-4C8E-A629-D1FF46AB7B7E}.C++|x64.ActiveCfg = Debug|x64
		{777BF122-057B-4C8E-A629-D1FF46AB7B7E}.C++|x64.Build.0 = Debug|x64
		{777BF122-057B-4C8E-A629-D1FF46AB7B7E}.Java_Release|Win32.ActiveCfg = Debug|Win32
		{777BF122-057B-4C8E-A629-D1FF46AB7B7E}.Java_Release|x64.ActiveCfg = Debug|x64
		{777BF122-057B-4C8E-A629-D1FF46AB7B7E}.Java|Win32.ActiveCfg = Debug|Win32
		{777BF122-057B-4C8E-A629-D1FF46AB7B7E}.Java|x64.ActiveCfg = Debug|x64
		{463AD728-DFAC-4C43-98CC-E9C872014A57}.C++_Release|Win32.ActiveCfg = Release|Win32
		{463AD728-DFAC-4C43-98CC-E9C872014A57}.C++_Release|Win32.Build.0 = Release|Win32
		{463AD728-DFAC-4C43-98CC-E9C872014A57}.C++_Release|x64.ActiveCfg = Release|x64
		{463AD728-DFAC-4C43-98CC-E9C872014A57}.C++_Release|x64.Build.0 = Release|x64
		{463AD728-DFAC-4C43-98CC-E9C872014A57}.C++|Win32.ActiveCfg = Debug|Win32
		{463AD728-DFAC-4C43-98CC-E9C872014A57}.C++|Win32.Build.0 = Debug|Win32
		{463AD728-DFAC-4C43-98CC-E9C872014A57}.C++|x64.ActiveCfg = Debug|x64
		{463AD728-DFAC-4C43-98CC-E9C872014A57}.C++|x64.Build.0 = Debug|x64
		{463AD728-DFAC-4C43-98CC-E9C872014A57}.Java_Release|Win32.ActiveCfg = Release|Win32
		{463AD728-DFAC-4C43-98CC-E9C872014A57}.Java_Release|Win32.Build.0 = Release|Win32
		{463AD728-DFAC-4C43-98CC-E9C872014A57}.Java_Release|x64.ActiveCfg = Release|x64
		{463AD728-DFAC-4C43-98CC-E9C872014A57}.Java_Release|x64.Build.0 = Release|x64
		{463AD728-DFAC-4C43-98CC-E9C872014A57}.Java|Win32.ActiveCfg = Debug|Win32
		{463AD728-DFAC-4C43-98CC-E9C872014A57}.Java|Win32.Build.0 = Debug|Win32
		{463AD728-DFAC-4C43-98CC-E9C872014A57}.Java|x64.ActiveCfg = Debug|x64
		{463AD728-DFAC-4C43-98CC-E9C872014A57}.Java|x64.Build.0 = Debug|x64
	EndGlobalSection
	GlobalSection(SolutionProperties) = preSolution
		HideSolutionNode = FALSE
	EndGlobalSection
EndGlobal
