
Microsoft Visual Studio Solution File, Format Version 12.00
# Visual Studio 2012
Project("{FAE04EC0-301F-11D3-BF4B-00C04F79EFBC}") = "Inventor_Exporter", "JointResolver-Rev2\Inventor_Exporter.csproj", "{352CDE72-AEE2-4085-ADC5-99A860EA0768}"
	ProjectSection(ProjectDependencies) = postProject
		{8EC08A21-9BD1-4871-93B3-645A91194424} = {8EC08A21-9BD1-4871-93B3-645A91194424}
		{A2C2D3BD-9D46-4CA3-8C03-20DAC08D38A8} = {A2C2D3BD-9D46-4CA3-8C03-20DAC08D38A8}
	EndProjectSection
EndProject
Project("{FAE04EC0-301F-11D3-BF4B-00C04F79EFBC}") = "SimulatorAPI", "SimulatorFileIO\SimulatorAPI.csproj", "{52DC911D-AD5D-4D01-9FC1-22AAADA97740}"
EndProject
Project("{8BC9CEB8-8B4A-11D0-8D11-00A0C91BC942}") = "ConvexHullImpl", "ConvexHull\ConvexHullImpl\ConvexHullImpl.vcxproj", "{D12D3CBB-FABA-4BF6-9208-5EBE6AA27C0A}"
EndProject
Project("{8BC9CEB8-8B4A-11D0-8D11-00A0C91BC942}") = "ConvexAPI", "ConvexHull\ConvexHullAPI\ConvexAPI.vcxproj", "{8EC08A21-9BD1-4871-93B3-645A91194424}"
EndProject
Project("{FAE04EC0-301F-11D3-BF4B-00C04F79EFBC}") = "SimulatorAPITests", "SimulatorAPITests\SimulatorAPITests.csproj", "{14830A8C-AC23-4EBD-9C4A-8D667ACC7B8D}"
EndProject
Project("{FAE04EC0-301F-11D3-BF4B-00C04F79EFBC}") = "EditorsLibrary", "EditorsLibrary\EditorsLibrary.csproj", "{87B8C386-74FF-4F9A-A3F6-20381599E464}"
EndProject
Project("{FAE04EC0-301F-11D3-BF4B-00C04F79EFBC}") = "BXD_Viewer", "OGL_Viewer\BXD_Viewer.csproj", "{9663C8E2-5FDC-4AE7-9D85-B85D69E7FE93}"
EndProject
Project("{FAE04EC0-301F-11D3-BF4B-00C04F79EFBC}") = "OGLViewer", "OGLViewer\OGLViewer.csproj", "{A2C2D3BD-9D46-4CA3-8C03-20DAC08D38A8}"
	ProjectSection(ProjectDependencies) = postProject
		{52DC911D-AD5D-4D01-9FC1-22AAADA97740} = {52DC911D-AD5D-4D01-9FC1-22AAADA97740}
	EndProjectSection
EndProject
Global
	GlobalSection(SolutionConfigurationPlatforms) = preSolution
		Debug|Any CPU = Debug|Any CPU
		Debug|Mixed Platforms = Debug|Mixed Platforms
		Debug|Win32 = Debug|Win32
		Release|Any CPU = Release|Any CPU
		Release|Mixed Platforms = Release|Mixed Platforms
		Release|Win32 = Release|Win32
	EndGlobalSection
	GlobalSection(ProjectConfigurationPlatforms) = postSolution
		{352CDE72-AEE2-4085-ADC5-99A860EA0768}.Debug|Any CPU.ActiveCfg = Debug|Any CPU
		{352CDE72-AEE2-4085-ADC5-99A860EA0768}.Debug|Any CPU.Build.0 = Debug|Any CPU
		{352CDE72-AEE2-4085-ADC5-99A860EA0768}.Debug|Mixed Platforms.ActiveCfg = Debug|Any CPU
		{352CDE72-AEE2-4085-ADC5-99A860EA0768}.Debug|Mixed Platforms.Build.0 = Debug|Any CPU
		{352CDE72-AEE2-4085-ADC5-99A860EA0768}.Debug|Win32.ActiveCfg = Debug|Any CPU
		{352CDE72-AEE2-4085-ADC5-99A860EA0768}.Release|Any CPU.ActiveCfg = Release|Any CPU
		{352CDE72-AEE2-4085-ADC5-99A860EA0768}.Release|Any CPU.Build.0 = Release|Any CPU
		{352CDE72-AEE2-4085-ADC5-99A860EA0768}.Release|Mixed Platforms.ActiveCfg = Release|Any CPU
		{352CDE72-AEE2-4085-ADC5-99A860EA0768}.Release|Mixed Platforms.Build.0 = Release|Any CPU
		{352CDE72-AEE2-4085-ADC5-99A860EA0768}.Release|Win32.ActiveCfg = Release|Any CPU
		{352CDE72-AEE2-4085-ADC5-99A860EA0768}.Release|Win32.Build.0 = Release|Any CPU
		{52DC911D-AD5D-4D01-9FC1-22AAADA97740}.Debug|Any CPU.ActiveCfg = Debug|Any CPU
		{52DC911D-AD5D-4D01-9FC1-22AAADA97740}.Debug|Any CPU.Build.0 = Debug|Any CPU
		{52DC911D-AD5D-4D01-9FC1-22AAADA97740}.Debug|Mixed Platforms.ActiveCfg = Debug|Any CPU
		{52DC911D-AD5D-4D01-9FC1-22AAADA97740}.Debug|Mixed Platforms.Build.0 = Debug|Any CPU
		{52DC911D-AD5D-4D01-9FC1-22AAADA97740}.Debug|Win32.ActiveCfg = Debug|Any CPU
		{52DC911D-AD5D-4D01-9FC1-22AAADA97740}.Release|Any CPU.ActiveCfg = Release|Any CPU
		{52DC911D-AD5D-4D01-9FC1-22AAADA97740}.Release|Any CPU.Build.0 = Release|Any CPU
		{52DC911D-AD5D-4D01-9FC1-22AAADA97740}.Release|Mixed Platforms.ActiveCfg = Release|Any CPU
		{52DC911D-AD5D-4D01-9FC1-22AAADA97740}.Release|Mixed Platforms.Build.0 = Release|Any CPU
		{52DC911D-AD5D-4D01-9FC1-22AAADA97740}.Release|Win32.ActiveCfg = Release|Any CPU
		{52DC911D-AD5D-4D01-9FC1-22AAADA97740}.Release|Win32.Build.0 = Release|Any CPU
		{D12D3CBB-FABA-4BF6-9208-5EBE6AA27C0A}.Debug|Any CPU.ActiveCfg = Debug|Win32
		{D12D3CBB-FABA-4BF6-9208-5EBE6AA27C0A}.Debug|Any CPU.Build.0 = Debug|Win32
		{D12D3CBB-FABA-4BF6-9208-5EBE6AA27C0A}.Debug|Mixed Platforms.ActiveCfg = Debug|Win32
		{D12D3CBB-FABA-4BF6-9208-5EBE6AA27C0A}.Debug|Mixed Platforms.Build.0 = Debug|Win32
		{D12D3CBB-FABA-4BF6-9208-5EBE6AA27C0A}.Debug|Win32.ActiveCfg = Debug|Win32
		{D12D3CBB-FABA-4BF6-9208-5EBE6AA27C0A}.Debug|Win32.Build.0 = Debug|Win32
		{D12D3CBB-FABA-4BF6-9208-5EBE6AA27C0A}.Release|Any CPU.ActiveCfg = Release|Win32
		{D12D3CBB-FABA-4BF6-9208-5EBE6AA27C0A}.Release|Any CPU.Build.0 = Release|Win32
		{D12D3CBB-FABA-4BF6-9208-5EBE6AA27C0A}.Release|Mixed Platforms.ActiveCfg = Release|Win32
		{D12D3CBB-FABA-4BF6-9208-5EBE6AA27C0A}.Release|Mixed Platforms.Build.0 = Release|Win32
		{D12D3CBB-FABA-4BF6-9208-5EBE6AA27C0A}.Release|Win32.ActiveCfg = Release|Win32
		{D12D3CBB-FABA-4BF6-9208-5EBE6AA27C0A}.Release|Win32.Build.0 = Release|Win32
		{8EC08A21-9BD1-4871-93B3-645A91194424}.Debug|Any CPU.ActiveCfg = Debug|Win32
		{8EC08A21-9BD1-4871-93B3-645A91194424}.Debug|Any CPU.Build.0 = Debug|Win32
		{8EC08A21-9BD1-4871-93B3-645A91194424}.Debug|Mixed Platforms.ActiveCfg = Debug|Win32
		{8EC08A21-9BD1-4871-93B3-645A91194424}.Debug|Mixed Platforms.Build.0 = Debug|Win32
		{8EC08A21-9BD1-4871-93B3-645A91194424}.Debug|Win32.ActiveCfg = Debug|Win32
		{8EC08A21-9BD1-4871-93B3-645A91194424}.Debug|Win32.Build.0 = Debug|Win32
		{8EC08A21-9BD1-4871-93B3-645A91194424}.Release|Any CPU.ActiveCfg = Release|Win32
		{8EC08A21-9BD1-4871-93B3-645A91194424}.Release|Any CPU.Build.0 = Release|Win32
		{8EC08A21-9BD1-4871-93B3-645A91194424}.Release|Mixed Platforms.ActiveCfg = Release|Win32
		{8EC08A21-9BD1-4871-93B3-645A91194424}.Release|Mixed Platforms.Build.0 = Release|Win32
		{8EC08A21-9BD1-4871-93B3-645A91194424}.Release|Win32.ActiveCfg = Release|Win32
		{8EC08A21-9BD1-4871-93B3-645A91194424}.Release|Win32.Build.0 = Release|Win32
		{14830A8C-AC23-4EBD-9C4A-8D667ACC7B8D}.Debug|Any CPU.ActiveCfg = Debug|Any CPU
		{14830A8C-AC23-4EBD-9C4A-8D667ACC7B8D}.Debug|Any CPU.Build.0 = Debug|Any CPU
		{14830A8C-AC23-4EBD-9C4A-8D667ACC7B8D}.Debug|Mixed Platforms.ActiveCfg = Debug|Any CPU
		{14830A8C-AC23-4EBD-9C4A-8D667ACC7B8D}.Debug|Mixed Platforms.Build.0 = Debug|Any CPU
		{14830A8C-AC23-4EBD-9C4A-8D667ACC7B8D}.Debug|Win32.ActiveCfg = Debug|Any CPU
		{14830A8C-AC23-4EBD-9C4A-8D667ACC7B8D}.Release|Any CPU.ActiveCfg = Release|Any CPU
		{14830A8C-AC23-4EBD-9C4A-8D667ACC7B8D}.Release|Any CPU.Build.0 = Release|Any CPU
		{14830A8C-AC23-4EBD-9C4A-8D667ACC7B8D}.Release|Mixed Platforms.ActiveCfg = Release|Any CPU
		{14830A8C-AC23-4EBD-9C4A-8D667ACC7B8D}.Release|Mixed Platforms.Build.0 = Release|Any CPU
		{14830A8C-AC23-4EBD-9C4A-8D667ACC7B8D}.Release|Win32.ActiveCfg = Release|Any CPU
		{14830A8C-AC23-4EBD-9C4A-8D667ACC7B8D}.Release|Win32.Build.0 = Release|Any CPU
		{87B8C386-74FF-4F9A-A3F6-20381599E464}.Debug|Any CPU.ActiveCfg = Debug|Any CPU
		{87B8C386-74FF-4F9A-A3F6-20381599E464}.Debug|Any CPU.Build.0 = Debug|Any CPU
		{87B8C386-74FF-4F9A-A3F6-20381599E464}.Debug|Mixed Platforms.ActiveCfg = Debug|Any CPU
		{87B8C386-74FF-4F9A-A3F6-20381599E464}.Debug|Mixed Platforms.Build.0 = Debug|Any CPU
		{87B8C386-74FF-4F9A-A3F6-20381599E464}.Debug|Win32.ActiveCfg = Debug|Any CPU
		{87B8C386-74FF-4F9A-A3F6-20381599E464}.Release|Any CPU.ActiveCfg = Release|Any CPU
		{87B8C386-74FF-4F9A-A3F6-20381599E464}.Release|Any CPU.Build.0 = Release|Any CPU
		{87B8C386-74FF-4F9A-A3F6-20381599E464}.Release|Mixed Platforms.ActiveCfg = Release|Any CPU
		{87B8C386-74FF-4F9A-A3F6-20381599E464}.Release|Mixed Platforms.Build.0 = Release|Any CPU
		{87B8C386-74FF-4F9A-A3F6-20381599E464}.Release|Win32.ActiveCfg = Release|Any CPU
		{87B8C386-74FF-4F9A-A3F6-20381599E464}.Release|Win32.Build.0 = Release|Any CPU
		{9663C8E2-5FDC-4AE7-9D85-B85D69E7FE93}.Debug|Any CPU.ActiveCfg = Debug|Any CPU
		{9663C8E2-5FDC-4AE7-9D85-B85D69E7FE93}.Debug|Any CPU.Build.0 = Debug|Any CPU
		{9663C8E2-5FDC-4AE7-9D85-B85D69E7FE93}.Debug|Mixed Platforms.ActiveCfg = Debug|Any CPU
		{9663C8E2-5FDC-4AE7-9D85-B85D69E7FE93}.Debug|Mixed Platforms.Build.0 = Debug|Any CPU
		{9663C8E2-5FDC-4AE7-9D85-B85D69E7FE93}.Debug|Win32.ActiveCfg = Debug|Any CPU
		{9663C8E2-5FDC-4AE7-9D85-B85D69E7FE93}.Release|Any CPU.ActiveCfg = Release|Any CPU
		{9663C8E2-5FDC-4AE7-9D85-B85D69E7FE93}.Release|Any CPU.Build.0 = Release|Any CPU
		{9663C8E2-5FDC-4AE7-9D85-B85D69E7FE93}.Release|Mixed Platforms.ActiveCfg = Release|Any CPU
		{9663C8E2-5FDC-4AE7-9D85-B85D69E7FE93}.Release|Mixed Platforms.Build.0 = Release|Any CPU
		{9663C8E2-5FDC-4AE7-9D85-B85D69E7FE93}.Release|Win32.ActiveCfg = Release|Any CPU
		{9663C8E2-5FDC-4AE7-9D85-B85D69E7FE93}.Release|Win32.Build.0 = Release|Any CPU
		{A2C2D3BD-9D46-4CA3-8C03-20DAC08D38A8}.Debug|Any CPU.ActiveCfg = Debug|Any CPU
		{A2C2D3BD-9D46-4CA3-8C03-20DAC08D38A8}.Debug|Any CPU.Build.0 = Debug|Any CPU
		{A2C2D3BD-9D46-4CA3-8C03-20DAC08D38A8}.Debug|Mixed Platforms.ActiveCfg = Debug|Any CPU
		{A2C2D3BD-9D46-4CA3-8C03-20DAC08D38A8}.Debug|Mixed Platforms.Build.0 = Debug|Any CPU
		{A2C2D3BD-9D46-4CA3-8C03-20DAC08D38A8}.Debug|Win32.ActiveCfg = Debug|Any CPU
		{A2C2D3BD-9D46-4CA3-8C03-20DAC08D38A8}.Release|Any CPU.ActiveCfg = Release|Any CPU
		{A2C2D3BD-9D46-4CA3-8C03-20DAC08D38A8}.Release|Any CPU.Build.0 = Release|Any CPU
		{A2C2D3BD-9D46-4CA3-8C03-20DAC08D38A8}.Release|Mixed Platforms.ActiveCfg = Release|Any CPU
		{A2C2D3BD-9D46-4CA3-8C03-20DAC08D38A8}.Release|Mixed Platforms.Build.0 = Release|Any CPU
		{A2C2D3BD-9D46-4CA3-8C03-20DAC08D38A8}.Release|Win32.ActiveCfg = Release|Any CPU
	EndGlobalSection
	GlobalSection(SolutionProperties) = preSolution
		HideSolutionNode = FALSE
	EndGlobalSection
EndGlobal
