
Microsoft Visual Studio Solution File, Format Version 12.00
# Visual Studio 15
VisualStudioVersion = 15.0.26430.15
MinimumVisualStudioVersion = 10.0.40219.1
Project("{FAE04EC0-301F-11D3-BF4B-00C04F79EFBC}") = "GopherAPI", "GopherAPI\GopherAPI.csproj", "{358F8069-6075-42D5-BE87-F5A4ADCC4E08}"
EndProject
Project("{FAE04EC0-301F-11D3-BF4B-00C04F79EFBC}") = "GopherTester", "GopherTester\GopherTester.csproj", "{A452825C-6713-4796-8BF4-91E8F534B58A}"
EndProject
Global
	GlobalSection(SolutionConfigurationPlatforms) = preSolution
		Debug|Any CPU = Debug|Any CPU
		Release|Any CPU = Release|Any CPU
	EndGlobalSection
	GlobalSection(ProjectConfigurationPlatforms) = postSolution
		{358F8069-6075-42D5-BE87-F5A4ADCC4E08}.Debug|Any CPU.ActiveCfg = Debug|Any CPU
		{358F8069-6075-42D5-BE87-F5A4ADCC4E08}.Debug|Any CPU.Build.0 = Debug|Any CPU
		{358F8069-6075-42D5-BE87-F5A4ADCC4E08}.Release|Any CPU.ActiveCfg = Release|Any CPU
		{358F8069-6075-42D5-BE87-F5A4ADCC4E08}.Release|Any CPU.Build.0 = Release|Any CPU
		{A452825C-6713-4796-8BF4-91E8F534B58A}.Debug|Any CPU.ActiveCfg = Debug|Any CPU
		{A452825C-6713-4796-8BF4-91E8F534B58A}.Debug|Any CPU.Build.0 = Debug|Any CPU
		{A452825C-6713-4796-8BF4-91E8F534B58A}.Release|Any CPU.ActiveCfg = Release|Any CPU
		{A452825C-6713-4796-8BF4-91E8F534B58A}.Release|Any CPU.Build.0 = Release|Any CPU
	EndGlobalSection
	GlobalSection(SolutionProperties) = preSolution
		HideSolutionNode = FALSE
	EndGlobalSection
EndGlobal
