
Microsoft Visual Studio Solution File, Format Version 11.00
# Visual Studio 2010
Project("{FAE04EC0-301F-11D3-BF4B-00C04F79EFBC}") = "BrowserSample", "BrowserSample\BrowserSample.csproj", "{86F08618-9713-4958-818F-54F94CBE57D8}"
EndProject
Global
	GlobalSection(SolutionConfigurationPlatforms) = preSolution
		Debug|Any CPU = Debug|Any CPU
		Release|Any CPU = Release|Any CPU
	EndGlobalSection
	GlobalSection(ProjectConfigurationPlatforms) = postSolution
		{86F08618-9713-4958-818F-54F94CBE57D8}.Debug|Any CPU.ActiveCfg = Debug|Any CPU
		{86F08618-9713-4958-818F-54F94CBE57D8}.Debug|Any CPU.Build.0 = Debug|Any CPU
		{86F08618-9713-4958-818F-54F94CBE57D8}.Release|Any CPU.ActiveCfg = Release|Any CPU
		{86F08618-9713-4958-818F-54F94CBE57D8}.Release|Any CPU.Build.0 = Release|Any CPU
	EndGlobalSection
	GlobalSection(SolutionProperties) = preSolution
		HideSolutionNode = FALSE
	EndGlobalSection
EndGlobal
