
Microsoft Visual Studio Solution File, Format Version 12.00
# Visual Studio 15
Project("{FAE04EC0-301F-11D3-BF4B-00C04F79EFBC}") = "Assembly-CSharp", "Assembly-CSharp.csproj", "{9E75A8B5-6403-5633-928D-1A35A0A8A237}"
EndProject
Project("{FAE04EC0-301F-11D3-BF4B-00C04F79EFBC}") = "CoreEngine", "CoreEngine.csproj", "{660E7428-284B-EED1-7FFD-CA276D12197B}"
EndProject
Project("{FAE04EC0-301F-11D3-BF4B-00C04F79EFBC}") = "PlayModeTests", "PlayModeTests.csproj", "{7a96e841-d41a-b76d-ba5e-7e9f67b26716}"
EndProject
Project("{FAE04EC0-301F-11D3-BF4B-00C04F79EFBC}") = "EditModeTests", "EditModeTests.csproj", "{03aa75bb-fbc0-7460-e634-7afe38ec939b}"
EndProject
Global
	GlobalSection(SolutionConfigurationPlatforms) = preSolution
		Debug|Any CPU = Debug|Any CPU
		Release|Any CPU = Release|Any CPU
	EndGlobalSection
	GlobalSection(ProjectConfigurationPlatforms) = postSolution
		{b5a8759e-0364-3356-928d-1a35a0a8a237}.Debug|Any CPU.ActiveCfg = Debug|Any CPU
		{b5a8759e-0364-3356-928d-1a35a0a8a237}.Debug|Any CPU.Build.0 = Debug|Any CPU
		{28740e66-4b28-d1ee-7ffd-ca276d12197b}.Debug|Any CPU.ActiveCfg = Debug|Any CPU
		{28740e66-4b28-d1ee-7ffd-ca276d12197b}.Debug|Any CPU.Build.0 = Debug|Any CPU
		{7a96e841-d41a-b76d-ba5e-7e9f67b26716}.Debug|Any CPU.ActiveCfg = Debug|Any CPU
		{7a96e841-d41a-b76d-ba5e-7e9f67b26716}.Debug|Any CPU.Build.0 = Debug|Any CPU
		{03aa75bb-fbc0-7460-e634-7afe38ec939b}.Debug|Any CPU.ActiveCfg = Debug|Any CPU
		{03aa75bb-fbc0-7460-e634-7afe38ec939b}.Debug|Any CPU.Build.0 = Debug|Any CPU
	EndGlobalSection
	GlobalSection(SolutionProperties) = preSolution
		HideSolutionNode = FALSE
	EndGlobalSection
EndGlobal
