
Microsoft Visual Studio Solution File, Format Version 11.00
# Visual Studio 2010
Project("{FAE04EC0-301F-11D3-BF4B-00C04F79EFBC}") = "CoreEngine", "CoreEngine.csproj", "{28740e66-4b28-d1ee-7ffd-ca276d12197b}"
EndProject
Project("{FAE04EC0-301F-11D3-BF4B-00C04F79EFBC}") = "PlayModeTests", "PlayModeTests.csproj", "{7a96e841-d41a-b76d-ba5e-7e9f67b26716}"
EndProject
Project("{FAE04EC0-301F-11D3-BF4B-00C04F79EFBC}") = "EditModeTests", "EditModeTests.csproj", "{03aa75bb-fbc0-7460-e634-7afe38ec939b}"
EndProject
Global
	GlobalSection(SolutionConfigurationPlatforms) = preSolution
		Debug|Any CPU = Debug|Any CPU
	EndGlobalSection
	GlobalSection(ProjectConfigurationPlatforms) = postSolution
		{28740e66-4b28-d1ee-7ffd-ca276d12197b}.Debug|Any CPU.ActiveCfg = Debug|Any CPU
		{28740e66-4b28-d1ee-7ffd-ca276d12197b}.Debug|Any CPU.Build.0 = Debug|Any CPU
		{7a96e841-d41a-b76d-ba5e-7e9f67b26716}.Debug|Any CPU.ActiveCfg = Debug|Any CPU
		{7a96e841-d41a-b76d-ba5e-7e9f67b26716}.Debug|Any CPU.Build.0 = Debug|Any CPU
		{03aa75bb-fbc0-7460-e634-7afe38ec939b}.Debug|Any CPU.ActiveCfg = Debug|Any CPU
		{03aa75bb-fbc0-7460-e634-7afe38ec939b}.Debug|Any CPU.Build.0 = Debug|Any CPU
	EndGlobalSection
	GlobalSection(SolutionProperties) = preSolution
		HideSolutionNode = FALSE
	EndGlobalSection
EndGlobal
