
Microsoft Visual Studio Solution File, Format Version 11.00
# Visual Studio 2010
Project("{F184B08F-C81C-45F6-A57F-5ABD9991F28F}") = "AsmDocEssentials", "AsmDocEssentials\AsmDocEssentials.vbproj", "{89DFCC64-0068-4DE0-9122-96DC14062D01}"
EndProject
Global
	GlobalSection(SolutionConfigurationPlatforms) = preSolution
		Debug|Any CPU = Debug|Any CPU
		Release|Any CPU = Release|Any CPU
	EndGlobalSection
	GlobalSection(ProjectConfigurationPlatforms) = postSolution
		{89DFCC64-0068-4DE0-9122-96DC14062D01}.Debug|Any CPU.ActiveCfg = Debug|Any CPU
		{89DFCC64-0068-4DE0-9122-96DC14062D01}.Debug|Any CPU.Build.0 = Debug|Any CPU
		{89DFCC64-0068-4DE0-9122-96DC14062D01}.Release|Any CPU.ActiveCfg = Release|Any CPU
		{89DFCC64-0068-4DE0-9122-96DC14062D01}.Release|Any CPU.Build.0 = Release|Any CPU
	EndGlobalSection
	GlobalSection(SolutionProperties) = preSolution
		HideSolutionNode = FALSE
	EndGlobalSection
EndGlobal
