<?xml version="1.0" encoding="utf-8"?>
<Project ToolsVersion="4.0" xmlns="http://schemas.microsoft.com/developer/msbuild/2003">
  <ItemGroup>
    <ClCompile Include="src\ChipObject\NiFpga.cpp" />
    <ClCompile Include="src\ChipObject\NiFpgaState.cpp" />
    <ClCompile Include="src\ChipObject\niLoadOut.cpp" />
    <ClCompile Include="src\ChipObject\NiRio.cpp" />
    <ClCompile Include="src\ChipObject\nUsageReporting.cpp" />
    <ClCompile Include="src\ChipObject\PWMDecoder.cpp" />
    <ClCompile Include="src\ChipObject\tAccumulatorImpl.cpp" />
    <ClCompile Include="src\ChipObject\tAIImpl.cpp" />
    <ClCompile Include="src\ChipObject\tAlarmImpl.cpp" />
    <ClCompile Include="src\ChipObject\tAnalogTriggerImpl.cpp" />
    <ClCompile Include="src\ChipObject\tCounterImpl.cpp" />
    <ClCompile Include="src\ChipObject\tDIOImpl.cpp" />
    <ClCompile Include="src\ChipObject\tEncoderImpl.cpp" />
    <ClCompile Include="src\ChipObject\tGlobalImpl.cpp" />
    <ClCompile Include="src\ChipObject\tInterruptImpl.cpp" />
    <ClCompile Include="src\ChipObject\tInterruptManager.cpp" />
    <ClCompile Include="src\ChipObject\tSolenoidImpl.cpp" />
    <ClCompile Include="src\ChipObject\tSystem.cpp" />
    <ClCompile Include="src\ChipObject\tWatchcatImpl.cpp" />
    <ClCompile Include="src\FRCNetComm\FRCNetComm.cpp" />
    <ClCompile Include="src\FRCNetComm\FRCNetImpl.cpp" />
    <ClCompile Include="src\StateNetwork\StateNetworkServer.cpp" />
    <ClCompile Include="src\Emulator.cpp" />
    <ClCompile Include="src\FRCNetComm\crc32.cpp" />
    <ClCompile Include="src\ChipObject\NiIRQImpl.cpp" />
    <ClCompile Include="src\FRCNetComm\FRCCAN.cpp" />
  </ItemGroup>
  <ItemGroup>
    <ClInclude Include="include\emulator.h" />
    <ClInclude Include="include\StateNetwork\StateNetworkServer.h" />
    <ClInclude Include="include\StateNetwork\StatePacket.h" />
    <ClInclude Include="include\FRCNetComm\FRCFakeNetComm.h" />
    <ClInclude Include="include\FRCNetComm\FRCNetImpl.h" />
    <ClInclude Include="include\FRCNetComm\FRCNetStructures.h" />
    <ClInclude Include="include\FRCNetComm\crc32.h" />
    <ClInclude Include="include\ChipObject\NiFakeFpga.h" />
    <ClInclude Include="include\ChipObject\NiFpgaState.h" />
    <ClInclude Include="include\ChipObject\NiIRQImpl.h" />
    <ClInclude Include="include\ChipObject\PWMDecoder.h" />
    <ClInclude Include="include\ChipObject\tAccumulatorImpl.h" />
    <ClInclude Include="include\ChipObject\tAIImpl.h" />
    <ClInclude Include="include\ChipObject\tAlarmImpl.h" />
    <ClInclude Include="include\ChipObject\tAnalogTriggerImpl.h" />
    <ClInclude Include="include\ChipObject\tCounterImpl.h" />
    <ClInclude Include="include\ChipObject\tDIOImpl.h" />
    <ClInclude Include="include\ChipObject\tEncoderImpl.h" />
    <ClInclude Include="include\ChipObject\tGlobalImpl.h" />
    <ClInclude Include="include\ChipObject\tInterruptImpl.h" />
    <ClInclude Include="include\ChipObject\tSolenoidImpl.h" />
    <ClInclude Include="include\ChipObject\tWatchcatImpl.h" />
  </ItemGroup>
</Project>