
Microsoft Visual Studio Solution File, Format Version 12.00
# Visual Studio 15
VisualStudioVersion = 15.0.26430.14
MinimumVisualStudioVersion = 10.0.40219.1
Project("{FAE04EC0-301F-11D3-BF4B-00C04F79EFBC}") = "HELBuildTool", "HELBuildTool\HELBuildTool.csproj", "{4F83F3B1-7F0B-4C16-862E-0CCA7D8D3749}"
EndProject
Global
	GlobalSection(SolutionConfigurationPlatforms) = preSolution
		Debug|Any CPU = Debug|Any CPU
		Debug|x64 = Debug|x64
		Release|Any CPU = Release|Any CPU
		Release|x64 = Release|x64
	EndGlobalSection
	GlobalSection(ProjectConfigurationPlatforms) = postSolution
		{4F83F3B1-7F0B-4C16-862E-0CCA7D8D3749}.Debug|Any CPU.ActiveCfg = Debug|Any CPU
		{4F83F3B1-7F0B-4C16-862E-0CCA7D8D3749}.Debug|Any CPU.Build.0 = Debug|Any CPU
		{4F83F3B1-7F0B-4C16-862E-0CCA7D8D3749}.Debug|x64.ActiveCfg = Debug|x64
		{4F83F3B1-7F0B-4C16-862E-0CCA7D8D3749}.Debug|x64.Build.0 = Debug|x64
		{4F83F3B1-7F0B-4C16-862E-0CCA7D8D3749}.Release|Any CPU.ActiveCfg = Release|Any CPU
		{4F83F3B1-7F0B-4C16-862E-0CCA7D8D3749}.Release|Any CPU.Build.0 = Release|Any CPU
		{4F83F3B1-7F0B-4C16-862E-0CCA7D8D3749}.Release|x64.ActiveCfg = Release|x64
		{4F83F3B1-7F0B-4C16-862E-0CCA7D8D3749}.Release|x64.Build.0 = Release|x64
	EndGlobalSection
	GlobalSection(SolutionProperties) = preSolution
		HideSolutionNode = FALSE
	EndGlobalSection
EndGlobal
