
Microsoft Visual Studio Solution File, Format Version 11.00
# Visual Studio 2010
Project("{FAE04EC0-301F-11D3-BF4B-00C04F79EFBC}") = "Registry_Free_AddIn_Demo", "Registry_Free_AddIn_Demo\Registry_Free_AddIn_Demo.csproj", "{81649187-EC84-48DE-BDE4-C3E77906DE10}"
EndProject
Project("{54435603-DBB4-11D2-8724-00A0C9A8B90C}") = "Setup1", "Setup1\Setup1.vdproj", "{2EAFFC1E-70B0-4EAD-B20A-BFCEBEC38EA2}"
EndProject
Global
	GlobalSection(SolutionConfigurationPlatforms) = preSolution
		Debug|Any CPU = Debug|Any CPU
		Release|Any CPU = Release|Any CPU
	EndGlobalSection
	GlobalSection(ProjectConfigurationPlatforms) = postSolution
		{81649187-EC84-48DE-BDE4-C3E77906DE10}.Debug|Any CPU.ActiveCfg = Debug|Any CPU
		{81649187-EC84-48DE-BDE4-C3E77906DE10}.Debug|Any CPU.Build.0 = Debug|Any CPU
		{81649187-EC84-48DE-BDE4-C3E77906DE10}.Release|Any CPU.ActiveCfg = Release|Any CPU
		{81649187-EC84-48DE-BDE4-C3E77906DE10}.Release|Any CPU.Build.0 = Release|Any CPU
		{2EAFFC1E-70B0-4EAD-B20A-BFCEBEC38EA2}.Debug|Any CPU.ActiveCfg = Debug
		{2EAFFC1E-70B0-4EAD-B20A-BFCEBEC38EA2}.Release|Any CPU.ActiveCfg = Release
	EndGlobalSection
	GlobalSection(SolutionProperties) = preSolution
		HideSolutionNode = FALSE
	EndGlobalSection
EndGlobal
