
Microsoft Visual Studio Solution File, Format Version 11.00
# Visual Studio 2010
Project("{FAE04EC0-301F-11D3-BF4B-00C04F79EFBC}") = "InvEXE", "InvEXE\InvEXE.csproj", "{071DE0F7-0D58-4633-9E17-55CB5289EC35}"
EndProject
Global
	GlobalSection(SolutionConfigurationPlatforms) = preSolution
		Debug|x86 = Debug|x86
		Release|x86 = Release|x86
	EndGlobalSection
	GlobalSection(ProjectConfigurationPlatforms) = postSolution
		{071DE0F7-0D58-4633-9E17-55CB5289EC35}.Debug|x86.ActiveCfg = Debug|x86
		{071DE0F7-0D58-4633-9E17-55CB5289EC35}.Debug|x86.Build.0 = Debug|x86
		{071DE0F7-0D58-4633-9E17-55CB5289EC35}.Release|x86.ActiveCfg = Release|x86
		{071DE0F7-0D58-4633-9E17-55CB5289EC35}.Release|x86.Build.0 = Release|x86
	EndGlobalSection
	GlobalSection(SolutionProperties) = preSolution
		HideSolutionNode = FALSE
	EndGlobalSection
EndGlobal
