<?xml version="1.0" encoding="utf-8"?>
<Project ToolsVersion="4.0" xmlns="http://schemas.microsoft.com/developer/msbuild/2003">
  <ItemGroup>
    <Filter Include="Source Files">
      <UniqueIdentifier>{4FC737F1-C7A5-4376-A066-2A32D752A2FF}</UniqueIdentifier>
      <Extensions>cpp;c;cc;cxx;def;odl;idl;hpj;bat;asm;asmx</Extensions>
    </Filter>
    <Filter Include="Header Files">
      <UniqueIdentifier>{93995380-89BD-4b04-88EB-625FBE52EBFB}</UniqueIdentifier>
      <Extensions>h;hpp;hxx;hm;inl;inc;xsd</Extensions>
    </Filter>
    <Filter Include="Resource Files">
      <UniqueIdentifier>{67DA6AB6-F800-4c08-8B7A-83BB121AAD01}</UniqueIdentifier>
      <Extensions>rc;ico;cur;bmp;dlg;rc2;rct;bin;rgs;gif;jpg;jpeg;jpe;resx;tiff;tif;png;wav;mfcribbon-ms</Extensions>
    </Filter>
    <Filter Include="Header Files\CAN">
      <UniqueIdentifier>{6e604da7-291b-4e25-b4d1-7d5e532c3491}</UniqueIdentifier>
    </Filter>
    <Filter Include="Header Files\ctre">
      <UniqueIdentifier>{0b7b1a2a-2d78-4181-8b98-37660ef41b00}</UniqueIdentifier>
    </Filter>
    <Filter Include="Header Files\Internal">
      <UniqueIdentifier>{f15b6e8e-cf7d-4f92-b0e7-26a3983bdd4d}</UniqueIdentifier>
    </Filter>
    <Filter Include="Header Files\NetworkCommunication">
      <UniqueIdentifier>{7c893de9-44ef-410a-959f-f4b30910a58b}</UniqueIdentifier>
    </Filter>
    <Filter Include="Header Files\Vision">
      <UniqueIdentifier>{09f62524-8358-447a-9fe3-57c3a8ae9c0e}</UniqueIdentifier>
    </Filter>
    <Filter Include="Source Files\Internal">
      <UniqueIdentifier>{c46fd1cf-ff05-4a25-b702-7a8077321223}</UniqueIdentifier>
    </Filter>
    <Filter Include="Source Files\Vision">
      <UniqueIdentifier>{71863ba9-8750-485c-bc8f-fe19de145e8f}</UniqueIdentifier>
    </Filter>
  </ItemGroup>
  <ItemGroup>
    <ClInclude Include="..\..\gazeboCode\allwpilib\wpilibc\wpilibC++Devices\include\ADXL345_I2C.h">
      <Filter>Header Files</Filter>
    </ClInclude>
    <ClInclude Include="..\..\gazeboCode\allwpilib\wpilibc\wpilibC++Devices\include\ADXL345_SPI.h">
      <Filter>Header Files</Filter>
    </ClInclude>
    <ClInclude Include="..\..\gazeboCode\allwpilib\wpilibc\wpilibC++Devices\include\AnalogAccelerometer.h">
      <Filter>Header Files</Filter>
    </ClInclude>
    <ClInclude Include="..\..\gazeboCode\allwpilib\wpilibc\wpilibC++Devices\include\AnalogInput.h">
      <Filter>Header Files</Filter>
    </ClInclude>
    <ClInclude Include="..\..\gazeboCode\allwpilib\wpilibc\wpilibC++Devices\include\AnalogOutput.h">
      <Filter>Header Files</Filter>
    </ClInclude>
    <ClInclude Include="..\..\gazeboCode\allwpilib\wpilibc\wpilibC++Devices\include\AnalogPotentiometer.h">
      <Filter>Header Files</Filter>
    </ClInclude>
    <ClInclude Include="..\..\gazeboCode\allwpilib\wpilibc\wpilibC++Devices\include\AnalogTrigger.h">
      <Filter>Header Files</Filter>
    </ClInclude>
    <ClInclude Include="..\..\gazeboCode\allwpilib\wpilibc\wpilibC++Devices\include\AnalogTriggerOutput.h">
      <Filter>Header Files</Filter>
    </ClInclude>
    <ClInclude Include="..\..\gazeboCode\allwpilib\wpilibc\wpilibC++Devices\include\BuiltInAccelerometer.h">
      <Filter>Header Files</Filter>
    </ClInclude>
    <ClInclude Include="..\..\gazeboCode\allwpilib\wpilibc\wpilibC++Devices\include\CameraServer.h">
      <Filter>Header Files</Filter>
    </ClInclude>
    <ClInclude Include="..\..\gazeboCode\allwpilib\wpilibc\wpilibC++Devices\include\CANJaguar.h">
      <Filter>Header Files</Filter>
    </ClInclude>
    <ClInclude Include="..\..\gazeboCode\allwpilib\wpilibc\wpilibC++Devices\include\CANSpeedController.h">
      <Filter>Header Files</Filter>
    </ClInclude>
    <ClInclude Include="..\..\gazeboCode\allwpilib\wpilibc\wpilibC++Devices\include\CANTalon.h">
      <Filter>Header Files</Filter>
    </ClInclude>
    <ClInclude Include="..\..\gazeboCode\allwpilib\wpilibc\wpilibC++Devices\include\Compressor.h">
      <Filter>Header Files</Filter>
    </ClInclude>
    <ClInclude Include="..\..\gazeboCode\allwpilib\wpilibc\wpilibC++Devices\include\ControllerPower.h">
      <Filter>Header Files</Filter>
    </ClInclude>
    <ClInclude Include="..\..\gazeboCode\allwpilib\wpilibc\wpilibC++Devices\include\Counter.h">
      <Filter>Header Files</Filter>
    </ClInclude>
    <ClInclude Include="..\..\gazeboCode\allwpilib\wpilibc\wpilibC++Devices\include\CounterBase.h">
      <Filter>Header Files</Filter>
    </ClInclude>
    <ClInclude Include="..\..\gazeboCode\allwpilib\wpilibc\wpilibC++Devices\include\DigitalInput.h">
      <Filter>Header Files</Filter>
    </ClInclude>
    <ClInclude Include="..\..\gazeboCode\allwpilib\wpilibc\wpilibC++Devices\include\DigitalOutput.h">
      <Filter>Header Files</Filter>
    </ClInclude>
    <ClInclude Include="..\..\gazeboCode\allwpilib\wpilibc\wpilibC++Devices\include\DigitalSource.h">
      <Filter>Header Files</Filter>
    </ClInclude>
    <ClInclude Include="..\..\gazeboCode\allwpilib\wpilibc\wpilibC++Devices\include\DoubleSolenoid.h">
      <Filter>Header Files</Filter>
    </ClInclude>
    <ClInclude Include="..\..\gazeboCode\allwpilib\wpilibc\wpilibC++Devices\include\DriverStation.h">
      <Filter>Header Files</Filter>
    </ClInclude>
    <ClInclude Include="..\..\gazeboCode\allwpilib\wpilibc\wpilibC++Devices\include\Encoder.h">
      <Filter>Header Files</Filter>
    </ClInclude>
    <ClInclude Include="..\..\gazeboCode\allwpilib\wpilibc\wpilibC++Devices\include\GearTooth.h">
      <Filter>Header Files</Filter>
    </ClInclude>
    <ClInclude Include="..\..\gazeboCode\allwpilib\wpilibc\wpilibC++Devices\include\Gyro.h">
      <Filter>Header Files</Filter>
    </ClInclude>
    <ClInclude Include="..\..\gazeboCode\allwpilib\wpilibc\wpilibC++Devices\include\I2C.h">
      <Filter>Header Files</Filter>
    </ClInclude>
    <ClInclude Include="..\..\gazeboCode\allwpilib\wpilibc\wpilibC++Devices\include\InterruptableSensorBase.h">
      <Filter>Header Files</Filter>
    </ClInclude>
    <ClInclude Include="..\..\gazeboCode\allwpilib\wpilibc\wpilibC++Devices\include\IterativeRobot.h">
      <Filter>Header Files</Filter>
    </ClInclude>
    <ClInclude Include="..\..\gazeboCode\allwpilib\wpilibc\wpilibC++Devices\include\Jaguar.h">
      <Filter>Header Files</Filter>
    </ClInclude>
    <ClInclude Include="..\..\gazeboCode\allwpilib\wpilibc\wpilibC++Devices\include\Joystick.h">
      <Filter>Header Files</Filter>
    </ClInclude>
    <ClInclude Include="..\..\gazeboCode\allwpilib\wpilibc\wpilibC++Devices\include\MotorSafety.h">
      <Filter>Header Files</Filter>
    </ClInclude>
    <ClInclude Include="..\..\gazeboCode\allwpilib\wpilibc\wpilibC++Devices\include\MotorSafetyHelper.h">
      <Filter>Header Files</Filter>
    </ClInclude>
    <ClInclude Include="..\..\gazeboCode\allwpilib\wpilibc\wpilibC++Devices\include\NIIMAQdx.h">
      <Filter>Header Files</Filter>
    </ClInclude>
    <ClInclude Include="..\..\gazeboCode\allwpilib\wpilibc\wpilibC++Devices\include\nivision.h">
      <Filter>Header Files</Filter>
    </ClInclude>
    <ClInclude Include="..\..\gazeboCode\allwpilib\wpilibc\wpilibC++Devices\include\pcre.h">
      <Filter>Header Files</Filter>
    </ClInclude>
    <ClInclude Include="..\..\gazeboCode\allwpilib\wpilibc\wpilibC++Devices\include\PowerDistributionPanel.h">
      <Filter>Header Files</Filter>
    </ClInclude>
    <ClInclude Include="..\..\gazeboCode\allwpilib\wpilibc\wpilibC++Devices\include\Preferences.h">
      <Filter>Header Files</Filter>
    </ClInclude>
    <ClInclude Include="..\..\gazeboCode\allwpilib\wpilibc\wpilibC++Devices\include\PWM.h">
      <Filter>Header Files</Filter>
    </ClInclude>
    <ClInclude Include="..\..\gazeboCode\allwpilib\wpilibc\wpilibC++Devices\include\Relay.h">
      <Filter>Header Files</Filter>
    </ClInclude>
    <ClInclude Include="..\..\gazeboCode\allwpilib\wpilibc\wpilibC++Devices\include\RobotBase.h">
      <Filter>Header Files</Filter>
    </ClInclude>
    <ClInclude Include="..\..\gazeboCode\allwpilib\wpilibc\wpilibC++Devices\include\RobotDrive.h">
      <Filter>Header Files</Filter>
    </ClInclude>
    <ClInclude Include="..\..\gazeboCode\allwpilib\wpilibc\wpilibC++Devices\include\SafePWM.h">
      <Filter>Header Files</Filter>
    </ClInclude>
    <ClInclude Include="..\..\gazeboCode\allwpilib\wpilibc\wpilibC++Devices\include\SampleRobot.h">
      <Filter>Header Files</Filter>
    </ClInclude>
    <ClInclude Include="..\..\gazeboCode\allwpilib\wpilibc\wpilibC++Devices\include\SerialPort.h">
      <Filter>Header Files</Filter>
    </ClInclude>
    <ClInclude Include="..\..\gazeboCode\allwpilib\wpilibc\wpilibC++Devices\include\Servo.h">
      <Filter>Header Files</Filter>
    </ClInclude>
    <ClInclude Include="..\..\gazeboCode\allwpilib\wpilibc\wpilibC++Devices\include\Solenoid.h">
      <Filter>Header Files</Filter>
    </ClInclude>
    <ClInclude Include="..\..\gazeboCode\allwpilib\wpilibc\wpilibC++Devices\include\SolenoidBase.h">
      <Filter>Header Files</Filter>
    </ClInclude>
    <ClInclude Include="..\..\gazeboCode\allwpilib\wpilibc\wpilibC++Devices\include\SpeedController.h">
      <Filter>Header Files</Filter>
    </ClInclude>
    <ClInclude Include="..\..\gazeboCode\allwpilib\wpilibc\wpilibC++Devices\include\SPI.h">
      <Filter>Header Files</Filter>
    </ClInclude>
    <ClInclude Include="..\..\gazeboCode\allwpilib\wpilibc\wpilibC++Devices\include\Talon.h">
      <Filter>Header Files</Filter>
    </ClInclude>
    <ClInclude Include="..\..\gazeboCode\allwpilib\wpilibc\wpilibC++Devices\include\TalonSRX.h">
      <Filter>Header Files</Filter>
    </ClInclude>
    <ClInclude Include="..\..\gazeboCode\allwpilib\wpilibc\wpilibC++Devices\include\Ultrasonic.h">
      <Filter>Header Files</Filter>
    </ClInclude>
    <ClInclude Include="..\..\gazeboCode\allwpilib\wpilibc\wpilibC++Devices\include\USBCamera.h">
      <Filter>Header Files</Filter>
    </ClInclude>
    <ClInclude Include="..\..\gazeboCode\allwpilib\wpilibc\wpilibC++Devices\include\Victor.h">
      <Filter>Header Files</Filter>
    </ClInclude>
    <ClInclude Include="..\..\gazeboCode\allwpilib\wpilibc\wpilibC++Devices\include\VictorSP.h">
      <Filter>Header Files</Filter>
    </ClInclude>
    <ClInclude Include="..\..\gazeboCode\allwpilib\wpilibc\wpilibC++Devices\include\WPILib.h">
      <Filter>Header Files</Filter>
    </ClInclude>
    <ClInclude Include="..\..\gazeboCode\allwpilib\wpilibc\wpilibC++Devices\include\CAN\can_proto.h">
      <Filter>Header Files\CAN</Filter>
    </ClInclude>
    <ClInclude Include="..\..\gazeboCode\allwpilib\wpilibc\wpilibC++Devices\include\ctre\CanTalonSRX.h">
      <Filter>Header Files\ctre</Filter>
    </ClInclude>
    <ClInclude Include="..\..\gazeboCode\allwpilib\wpilibc\wpilibC++Devices\include\ctre\ctre.h">
      <Filter>Header Files\ctre</Filter>
    </ClInclude>
    <ClInclude Include="..\..\gazeboCode\allwpilib\wpilibc\wpilibC++Devices\include\ctre\CtreCanNode.h">
      <Filter>Header Files\ctre</Filter>
    </ClInclude>
    <ClInclude Include="..\..\gazeboCode\allwpilib\wpilibc\wpilibC++Devices\include\Internal\HardwareHLReporting.h">
      <Filter>Header Files\Internal</Filter>
    </ClInclude>
    <ClInclude Include="..\..\gazeboCode\allwpilib\wpilibc\wpilibC++Devices\include\NetworkCommunication\AICalibration.h">
      <Filter>Header Files\NetworkCommunication</Filter>
    </ClInclude>
    <ClInclude Include="..\..\gazeboCode\allwpilib\wpilibc\wpilibC++Devices\include\NetworkCommunication\CANInterfacePlugin.h">
      <Filter>Header Files\NetworkCommunication</Filter>
    </ClInclude>
    <ClInclude Include="..\..\gazeboCode\allwpilib\wpilibc\wpilibC++Devices\include\NetworkCommunication\CANSessionMux.h">
      <Filter>Header Files\NetworkCommunication</Filter>
    </ClInclude>
    <ClInclude Include="..\..\gazeboCode\allwpilib\wpilibc\wpilibC++Devices\include\NetworkCommunication\FRCComm.h">
      <Filter>Header Files\NetworkCommunication</Filter>
    </ClInclude>
    <ClInclude Include="..\..\gazeboCode\allwpilib\wpilibc\wpilibC++Devices\include\NetworkCommunication\LoadOut.h">
      <Filter>Header Files\NetworkCommunication</Filter>
    </ClInclude>
    <ClInclude Include="..\..\gazeboCode\allwpilib\wpilibc\wpilibC++Devices\include\NetworkCommunication\symModuleLink.h">
      <Filter>Header Files\NetworkCommunication</Filter>
    </ClInclude>
    <ClInclude Include="..\..\gazeboCode\allwpilib\wpilibc\wpilibC++Devices\include\NetworkCommunication\UsageReporting.h">
      <Filter>Header Files\NetworkCommunication</Filter>
    </ClInclude>
    <ClInclude Include="..\..\gazeboCode\allwpilib\wpilibc\wpilibC++Devices\include\Vision\AxisCamera.h">
      <Filter>Header Files\Vision</Filter>
    </ClInclude>
    <ClInclude Include="..\..\gazeboCode\allwpilib\wpilibc\wpilibC++Devices\include\Vision\BaeUtilities.h">
      <Filter>Header Files\Vision</Filter>
    </ClInclude>
    <ClInclude Include="..\..\gazeboCode\allwpilib\wpilibc\wpilibC++Devices\include\Vision\BinaryImage.h">
      <Filter>Header Files\Vision</Filter>
    </ClInclude>
    <ClInclude Include="..\..\gazeboCode\allwpilib\wpilibc\wpilibC++Devices\include\Vision\ColorImage.h">
      <Filter>Header Files\Vision</Filter>
    </ClInclude>
    <ClInclude Include="..\..\gazeboCode\allwpilib\wpilibc\wpilibC++Devices\include\Vision\FrcError.h">
      <Filter>Header Files\Vision</Filter>
    </ClInclude>
    <ClInclude Include="..\..\gazeboCode\allwpilib\wpilibc\wpilibC++Devices\include\Vision\HSLImage.h">
      <Filter>Header Files\Vision</Filter>
    </ClInclude>
    <ClInclude Include="..\..\gazeboCode\allwpilib\wpilibc\wpilibC++Devices\include\Vision\ImageBase.h">
      <Filter>Header Files\Vision</Filter>
    </ClInclude>
    <ClInclude Include="..\..\gazeboCode\allwpilib\wpilibc\wpilibC++Devices\include\Vision\MonoImage.h">
      <Filter>Header Files\Vision</Filter>
    </ClInclude>
    <ClInclude Include="..\..\gazeboCode\allwpilib\wpilibc\wpilibC++Devices\include\Vision\RGBImage.h">
      <Filter>Header Files\Vision</Filter>
    </ClInclude>
    <ClInclude Include="..\..\gazeboCode\allwpilib\wpilibc\wpilibC++Devices\include\Vision\Threshold.h">
      <Filter>Header Files\Vision</Filter>
    </ClInclude>
    <ClInclude Include="..\..\gazeboCode\allwpilib\wpilibc\wpilibC++Devices\include\Vision\VisionAPI.h">
      <Filter>Header Files\Vision</Filter>
    </ClInclude>
  </ItemGroup>
  <ItemGroup>
    <ClCompile Include="..\..\gazeboCode\allwpilib\wpilibc\wpilibC++Devices\src\ADXL345_I2C.cpp">
      <Filter>Source Files</Filter>
    </ClCompile>
    <ClCompile Include="..\..\gazeboCode\allwpilib\wpilibc\wpilibC++Devices\src\ADXL345_SPI.cpp">
      <Filter>Source Files</Filter>
    </ClCompile>
    <ClCompile Include="..\..\gazeboCode\allwpilib\wpilibc\wpilibC++Devices\src\AnalogAccelerometer.cpp">
      <Filter>Source Files</Filter>
    </ClCompile>
    <ClCompile Include="..\..\gazeboCode\allwpilib\wpilibc\wpilibC++Devices\src\AnalogInput.cpp">
      <Filter>Source Files</Filter>
    </ClCompile>
    <ClCompile Include="..\..\gazeboCode\allwpilib\wpilibc\wpilibC++Devices\src\AnalogOutput.cpp">
      <Filter>Source Files</Filter>
    </ClCompile>
    <ClCompile Include="..\..\gazeboCode\allwpilib\wpilibc\wpilibC++Devices\src\AnalogPotentiometer.cpp">
      <Filter>Source Files</Filter>
    </ClCompile>
    <ClCompile Include="..\..\gazeboCode\allwpilib\wpilibc\wpilibC++Devices\src\AnalogTrigger.cpp">
      <Filter>Source Files</Filter>
    </ClCompile>
    <ClCompile Include="..\..\gazeboCode\allwpilib\wpilibc\wpilibC++Devices\src\AnalogTriggerOutput.cpp">
      <Filter>Source Files</Filter>
    </ClCompile>
    <ClCompile Include="..\..\gazeboCode\allwpilib\wpilibc\wpilibC++Devices\src\BuiltInAccelerometer.cpp">
      <Filter>Source Files</Filter>
    </ClCompile>
    <ClCompile Include="..\..\gazeboCode\allwpilib\wpilibc\wpilibC++Devices\src\CameraServer.cpp">
      <Filter>Source Files</Filter>
    </ClCompile>
    <ClCompile Include="..\..\gazeboCode\allwpilib\wpilibc\wpilibC++Devices\src\CANJaguar.cpp">
      <Filter>Source Files</Filter>
    </ClCompile>
    <ClCompile Include="..\..\gazeboCode\allwpilib\wpilibc\wpilibC++Devices\src\CANTalon.cpp">
      <Filter>Source Files</Filter>
    </ClCompile>
    <ClCompile Include="..\..\gazeboCode\allwpilib\wpilibc\wpilibC++Devices\src\Compressor.cpp">
      <Filter>Source Files</Filter>
    </ClCompile>
    <ClCompile Include="..\..\gazeboCode\allwpilib\wpilibc\wpilibC++Devices\src\ControllerPower.cpp">
      <Filter>Source Files</Filter>
    </ClCompile>
    <ClCompile Include="..\..\gazeboCode\allwpilib\wpilibc\wpilibC++Devices\src\Counter.cpp">
      <Filter>Source Files</Filter>
    </ClCompile>
    <ClCompile Include="..\..\gazeboCode\allwpilib\wpilibc\wpilibC++Devices\src\DigitalInput.cpp">
      <Filter>Source Files</Filter>
    </ClCompile>
    <ClCompile Include="..\..\gazeboCode\allwpilib\wpilibc\wpilibC++Devices\src\DigitalOutput.cpp">
      <Filter>Source Files</Filter>
    </ClCompile>
    <ClCompile Include="..\..\gazeboCode\allwpilib\wpilibc\wpilibC++Devices\src\DigitalSource.cpp">
      <Filter>Source Files</Filter>
    </ClCompile>
    <ClCompile Include="..\..\gazeboCode\allwpilib\wpilibc\wpilibC++Devices\src\DoubleSolenoid.cpp">
      <Filter>Source Files</Filter>
    </ClCompile>
    <ClCompile Include="..\..\gazeboCode\allwpilib\wpilibc\wpilibC++Devices\src\DriverStation.cpp">
      <Filter>Source Files</Filter>
    </ClCompile>
    <ClCompile Include="..\..\gazeboCode\allwpilib\wpilibc\wpilibC++Devices\src\Encoder.cpp">
      <Filter>Source Files</Filter>
    </ClCompile>
    <ClCompile Include="..\..\gazeboCode\allwpilib\wpilibc\wpilibC++Devices\src\GearTooth.cpp">
      <Filter>Source Files</Filter>
    </ClCompile>
    <ClCompile Include="..\..\gazeboCode\allwpilib\wpilibc\wpilibC++Devices\src\Gyro.cpp">
      <Filter>Source Files</Filter>
    </ClCompile>
    <ClCompile Include="..\..\gazeboCode\allwpilib\wpilibc\wpilibC++Devices\src\I2C.cpp">
      <Filter>Source Files</Filter>
    </ClCompile>
    <ClCompile Include="..\..\gazeboCode\allwpilib\wpilibc\wpilibC++Devices\src\InterruptableSensorBase.cpp">
      <Filter>Source Files</Filter>
    </ClCompile>
    <ClCompile Include="..\..\gazeboCode\allwpilib\wpilibc\wpilibC++Devices\src\IterativeRobot.cpp">
      <Filter>Source Files</Filter>
    </ClCompile>
    <ClCompile Include="..\..\gazeboCode\allwpilib\wpilibc\wpilibC++Devices\src\Jaguar.cpp">
      <Filter>Source Files</Filter>
    </ClCompile>
    <ClCompile Include="..\..\gazeboCode\allwpilib\wpilibc\wpilibC++Devices\src\Joystick.cpp">
      <Filter>Source Files</Filter>
    </ClCompile>
    <ClCompile Include="..\..\gazeboCode\allwpilib\wpilibc\wpilibC++Devices\src\MotorSafetyHelper.cpp">
      <Filter>Source Files</Filter>
    </ClCompile>
    <ClCompile Include="..\..\gazeboCode\allwpilib\wpilibc\wpilibC++Devices\src\Notifier.cpp">
      <Filter>Source Files</Filter>
    </ClCompile>
    <ClCompile Include="..\..\gazeboCode\allwpilib\wpilibc\wpilibC++Devices\src\PIDController.cpp">
      <Filter>Source Files</Filter>
    </ClCompile>
    <ClCompile Include="..\..\gazeboCode\allwpilib\wpilibc\wpilibC++Devices\src\PowerDistributionPanel.cpp">
      <Filter>Source Files</Filter>
    </ClCompile>
    <ClCompile Include="..\..\gazeboCode\allwpilib\wpilibc\wpilibC++Devices\src\Preferences.cpp">
      <Filter>Source Files</Filter>
    </ClCompile>
    <ClCompile Include="..\..\gazeboCode\allwpilib\wpilibc\wpilibC++Devices\src\PWM.cpp">
      <Filter>Source Files</Filter>
    </ClCompile>
    <ClCompile Include="..\..\gazeboCode\allwpilib\wpilibc\wpilibC++Devices\src\Relay.cpp">
      <Filter>Source Files</Filter>
    </ClCompile>
    <ClCompile Include="..\..\gazeboCode\allwpilib\wpilibc\wpilibC++Devices\src\RobotBase.cpp">
      <Filter>Source Files</Filter>
    </ClCompile>
    <ClCompile Include="..\..\gazeboCode\allwpilib\wpilibc\wpilibC++Devices\src\RobotDrive.cpp">
      <Filter>Source Files</Filter>
    </ClCompile>
    <ClCompile Include="..\..\gazeboCode\allwpilib\wpilibc\wpilibC++Devices\src\SafePWM.cpp">
      <Filter>Source Files</Filter>
    </ClCompile>
    <ClCompile Include="..\..\gazeboCode\allwpilib\wpilibc\wpilibC++Devices\src\SampleRobot.cpp">
      <Filter>Source Files</Filter>
    </ClCompile>
    <ClCompile Include="..\..\gazeboCode\allwpilib\wpilibc\wpilibC++Devices\src\SensorBase.cpp">
      <Filter>Source Files</Filter>
    </ClCompile>
    <ClCompile Include="..\..\gazeboCode\allwpilib\wpilibc\wpilibC++Devices\src\SerialPort.cpp">
      <Filter>Source Files</Filter>
    </ClCompile>
    <ClCompile Include="..\..\gazeboCode\allwpilib\wpilibc\wpilibC++Devices\src\Servo.cpp">
      <Filter>Source Files</Filter>
    </ClCompile>
    <ClCompile Include="..\..\gazeboCode\allwpilib\wpilibc\wpilibC++Devices\src\Solenoid.cpp">
      <Filter>Source Files</Filter>
    </ClCompile>
    <ClCompile Include="..\..\gazeboCode\allwpilib\wpilibc\wpilibC++Devices\src\SolenoidBase.cpp">
      <Filter>Source Files</Filter>
    </ClCompile>
    <ClCompile Include="..\..\gazeboCode\allwpilib\wpilibc\wpilibC++Devices\src\SPI.cpp">
      <Filter>Source Files</Filter>
    </ClCompile>
    <ClCompile Include="..\..\gazeboCode\allwpilib\wpilibc\wpilibC++Devices\src\Talon.cpp">
      <Filter>Source Files</Filter>
    </ClCompile>
    <ClCompile Include="..\..\gazeboCode\allwpilib\wpilibc\wpilibC++Devices\src\TalonSRX.cpp">
      <Filter>Source Files</Filter>
    </ClCompile>
    <ClCompile Include="..\..\gazeboCode\allwpilib\wpilibc\wpilibC++Devices\src\Task.cpp">
      <Filter>Source Files</Filter>
    </ClCompile>
    <ClCompile Include="..\..\gazeboCode\allwpilib\wpilibc\wpilibC++Devices\src\Timer.cpp">
      <Filter>Source Files</Filter>
    </ClCompile>
    <ClCompile Include="..\..\gazeboCode\allwpilib\wpilibc\wpilibC++Devices\src\Ultrasonic.cpp">
      <Filter>Source Files</Filter>
    </ClCompile>
    <ClCompile Include="..\..\gazeboCode\allwpilib\wpilibc\wpilibC++Devices\src\USBCamera.cpp">
      <Filter>Source Files</Filter>
    </ClCompile>
    <ClCompile Include="..\..\gazeboCode\allwpilib\wpilibc\wpilibC++Devices\src\Utility.cpp">
      <Filter>Source Files</Filter>
    </ClCompile>
    <ClCompile Include="..\..\gazeboCode\allwpilib\wpilibc\wpilibC++Devices\src\Victor.cpp">
      <Filter>Source Files</Filter>
    </ClCompile>
    <ClCompile Include="..\..\gazeboCode\allwpilib\wpilibc\wpilibC++Devices\src\VictorSP.cpp">
      <Filter>Source Files</Filter>
    </ClCompile>
    <ClCompile Include="..\..\gazeboCode\allwpilib\wpilibc\wpilibC++Devices\src\Internal\HardwareHLReporting.cpp">
      <Filter>Source Files\Internal</Filter>
    </ClCompile>
    <ClCompile Include="..\..\gazeboCode\allwpilib\wpilibc\wpilibC++Devices\src\Vision\AxisCamera.cpp">
      <Filter>Source Files\Vision</Filter>
    </ClCompile>
    <ClCompile Include="..\..\gazeboCode\allwpilib\wpilibc\wpilibC++Devices\src\Vision\BaeUtilities.cpp">
      <Filter>Source Files\Vision</Filter>
    </ClCompile>
    <ClCompile Include="..\..\gazeboCode\allwpilib\wpilibc\wpilibC++Devices\src\Vision\BinaryImage.cpp">
      <Filter>Source Files\Vision</Filter>
    </ClCompile>
    <ClCompile Include="..\..\gazeboCode\allwpilib\wpilibc\wpilibC++Devices\src\Vision\ColorImage.cpp">
      <Filter>Source Files\Vision</Filter>
    </ClCompile>
    <ClCompile Include="..\..\gazeboCode\allwpilib\wpilibc\wpilibC++Devices\src\Vision\FrcError.cpp">
      <Filter>Source Files\Vision</Filter>
    </ClCompile>
    <ClCompile Include="..\..\gazeboCode\allwpilib\wpilibc\wpilibC++Devices\src\Vision\HSLImage.cpp">
      <Filter>Source Files\Vision</Filter>
    </ClCompile>
    <ClCompile Include="..\..\gazeboCode\allwpilib\wpilibc\wpilibC++Devices\src\Vision\ImageBase.cpp">
      <Filter>Source Files\Vision</Filter>
    </ClCompile>
    <ClCompile Include="..\..\gazeboCode\allwpilib\wpilibc\wpilibC++Devices\src\Vision\MonoImage.cpp">
      <Filter>Source Files\Vision</Filter>
    </ClCompile>
    <ClCompile Include="..\..\gazeboCode\allwpilib\wpilibc\wpilibC++Devices\src\Vision\RGBImage.cpp">
      <Filter>Source Files\Vision</Filter>
    </ClCompile>
    <ClCompile Include="..\..\gazeboCode\allwpilib\wpilibc\wpilibC++Devices\src\Vision\Threshold.cpp">
      <Filter>Source Files\Vision</Filter>
    </ClCompile>
    <ClCompile Include="..\..\gazeboCode\allwpilib\wpilibc\wpilibC++Devices\src\Vision\VisionAPI.cpp">
      <Filter>Source Files\Vision</Filter>
    </ClCompile>
  </ItemGroup>
</Project>