<?xml version="1.0" encoding="utf-8"?>
<Project ToolsVersion="4.0" xmlns="http://schemas.microsoft.com/developer/msbuild/2003">
  <ItemGroup>
    <Filter Include="Source Files">
      <UniqueIdentifier>{4FC737F1-C7A5-4376-A066-2A32D752A2FF}</UniqueIdentifier>
      <Extensions>cpp;c;cc;cxx;def;odl;idl;hpj;bat;asm;asmx</Extensions>
    </Filter>
    <Filter Include="Header Files">
      <UniqueIdentifier>{93995380-89BD-4b04-88EB-625FBE52EBFB}</UniqueIdentifier>
      <Extensions>h;hpp;hxx;hm;inl;inc;xsd</Extensions>
    </Filter>
    <Filter Include="Resource Files">
      <UniqueIdentifier>{67DA6AB6-F800-4c08-8B7A-83BB121AAD01}</UniqueIdentifier>
      <Extensions>rc;ico;cur;bmp;dlg;rc2;rct;bin;rgs;gif;jpg;jpeg;jpe;resx;tiff;tif;png;wav;mfcribbon-ms</Extensions>
    </Filter>
    <Filter Include="Header Files\Buttons">
      <UniqueIdentifier>{94c25018-2288-43c9-8e49-65b625211ebe}</UniqueIdentifier>
    </Filter>
    <Filter Include="Header Files\Commands">
      <UniqueIdentifier>{54201a81-9f85-4e56-b0ad-b80514548d5f}</UniqueIdentifier>
    </Filter>
    <Filter Include="Header Files\interfaces">
      <UniqueIdentifier>{0c848e7b-1735-458d-b66a-9198ddf6eb5d}</UniqueIdentifier>
    </Filter>
    <Filter Include="Header Files\LiveWindow">
      <UniqueIdentifier>{8add7a84-138b-4be9-99be-29c453c510d8}</UniqueIdentifier>
    </Filter>
    <Filter Include="Header Files\SmartDashboard">
      <UniqueIdentifier>{dad88cae-0c7e-486a-aa38-b3d9ee2e80b4}</UniqueIdentifier>
    </Filter>
    <Filter Include="Source Files\Buttons">
      <UniqueIdentifier>{9923917a-12c2-4344-8bde-b9c3dab1d683}</UniqueIdentifier>
    </Filter>
    <Filter Include="Source Files\Commands">
      <UniqueIdentifier>{d725b575-62b0-414f-8593-7483c9849e0b}</UniqueIdentifier>
    </Filter>
    <Filter Include="Source Files\LiveWindow">
      <UniqueIdentifier>{87772e8e-2fae-4a49-8839-88e45c36f774}</UniqueIdentifier>
    </Filter>
    <Filter Include="Source Files\SmartDashboard">
      <UniqueIdentifier>{8bdfd1fd-62c8-4369-89cd-ca5e3c76c45a}</UniqueIdentifier>
    </Filter>
  </ItemGroup>
  <ItemGroup>
    <ClInclude Include="..\..\gazeboCode\allwpilib\wpilibc\wpilibC++\include\ErrorBase.h">
      <Filter>Header Files</Filter>
    </ClInclude>
    <ClInclude Include="..\..\gazeboCode\allwpilib\wpilibc\wpilibC++\include\GenericHID.h">
      <Filter>Header Files</Filter>
    </ClInclude>
    <ClInclude Include="..\..\gazeboCode\allwpilib\wpilibc\wpilibC++\include\HLUsageReporting.h">
      <Filter>Header Files</Filter>
    </ClInclude>
    <ClInclude Include="..\..\gazeboCode\allwpilib\wpilibc\wpilibC++\include\Notifier.h">
      <Filter>Header Files</Filter>
    </ClInclude>
    <ClInclude Include="..\..\gazeboCode\allwpilib\wpilibc\wpilibC++\include\PIDController.h">
      <Filter>Header Files</Filter>
    </ClInclude>
    <ClInclude Include="..\..\gazeboCode\allwpilib\wpilibc\wpilibC++\include\PIDOutput.h">
      <Filter>Header Files</Filter>
    </ClInclude>
    <ClInclude Include="..\..\gazeboCode\allwpilib\wpilibc\wpilibC++\include\PIDSource.h">
      <Filter>Header Files</Filter>
    </ClInclude>
    <ClInclude Include="..\..\gazeboCode\allwpilib\wpilibc\wpilibC++\include\Resource.h">
      <Filter>Header Files</Filter>
    </ClInclude>
    <ClInclude Include="..\..\gazeboCode\allwpilib\wpilibc\wpilibC++\include\RobotState.h">
      <Filter>Header Files</Filter>
    </ClInclude>
    <ClInclude Include="..\..\gazeboCode\allwpilib\wpilibc\wpilibC++\include\SensorBase.h">
      <Filter>Header Files</Filter>
    </ClInclude>
    <ClInclude Include="..\..\gazeboCode\allwpilib\wpilibc\wpilibC++\include\Task.h">
      <Filter>Header Files</Filter>
    </ClInclude>
    <ClInclude Include="..\..\gazeboCode\allwpilib\wpilibc\wpilibC++\include\Timer.h">
      <Filter>Header Files</Filter>
    </ClInclude>
    <ClInclude Include="..\..\gazeboCode\allwpilib\wpilibc\wpilibC++\include\Utility.h">
      <Filter>Header Files</Filter>
    </ClInclude>
    <ClInclude Include="..\..\gazeboCode\allwpilib\wpilibc\wpilibC++\include\WPIErrors.h">
      <Filter>Header Files</Filter>
    </ClInclude>
    <ClInclude Include="..\..\gazeboCode\allwpilib\wpilibc\wpilibC++\include\Base.h">
      <Filter>Header Files</Filter>
    </ClInclude>
    <ClInclude Include="..\..\gazeboCode\allwpilib\wpilibc\wpilibC++\include\Controller.h">
      <Filter>Header Files</Filter>
    </ClInclude>
    <ClInclude Include="..\..\gazeboCode\allwpilib\wpilibc\wpilibC++\include\Error.h">
      <Filter>Header Files</Filter>
    </ClInclude>
    <ClInclude Include="..\..\gazeboCode\allwpilib\wpilibc\wpilibC++\include\Buttons\Button.h">
      <Filter>Header Files\Buttons</Filter>
    </ClInclude>
    <ClInclude Include="..\..\gazeboCode\allwpilib\wpilibc\wpilibC++\include\Buttons\ButtonScheduler.h">
      <Filter>Header Files\Buttons</Filter>
    </ClInclude>
    <ClInclude Include="..\..\gazeboCode\allwpilib\wpilibc\wpilibC++\include\Buttons\CancelButtonScheduler.h">
      <Filter>Header Files\Buttons</Filter>
    </ClInclude>
    <ClInclude Include="..\..\gazeboCode\allwpilib\wpilibc\wpilibC++\include\Buttons\HeldButtonScheduler.h">
      <Filter>Header Files\Buttons</Filter>
    </ClInclude>
    <ClInclude Include="..\..\gazeboCode\allwpilib\wpilibc\wpilibC++\include\Buttons\InternalButton.h">
      <Filter>Header Files\Buttons</Filter>
    </ClInclude>
    <ClInclude Include="..\..\gazeboCode\allwpilib\wpilibc\wpilibC++\include\Buttons\JoystickButton.h">
      <Filter>Header Files\Buttons</Filter>
    </ClInclude>
    <ClInclude Include="..\..\gazeboCode\allwpilib\wpilibc\wpilibC++\include\Buttons\NetworkButton.h">
      <Filter>Header Files\Buttons</Filter>
    </ClInclude>
    <ClInclude Include="..\..\gazeboCode\allwpilib\wpilibc\wpilibC++\include\Buttons\PressedButtonScheduler.h">
      <Filter>Header Files\Buttons</Filter>
    </ClInclude>
    <ClInclude Include="..\..\gazeboCode\allwpilib\wpilibc\wpilibC++\include\Buttons\ReleasedButtonScheduler.h">
      <Filter>Header Files\Buttons</Filter>
    </ClInclude>
    <ClInclude Include="..\..\gazeboCode\allwpilib\wpilibc\wpilibC++\include\Buttons\ToggleButtonScheduler.h">
      <Filter>Header Files\Buttons</Filter>
    </ClInclude>
    <ClInclude Include="..\..\gazeboCode\allwpilib\wpilibc\wpilibC++\include\Buttons\Trigger.h">
      <Filter>Header Files\Buttons</Filter>
    </ClInclude>
    <ClInclude Include="..\..\gazeboCode\allwpilib\wpilibc\wpilibC++\include\Commands\Command.h">
      <Filter>Header Files\Commands</Filter>
    </ClInclude>
    <ClInclude Include="..\..\gazeboCode\allwpilib\wpilibc\wpilibC++\include\Commands\CommandGroup.h">
      <Filter>Header Files\Commands</Filter>
    </ClInclude>
    <ClInclude Include="..\..\gazeboCode\allwpilib\wpilibc\wpilibC++\include\Commands\CommandGroupEntry.h">
      <Filter>Header Files\Commands</Filter>
    </ClInclude>
    <ClInclude Include="..\..\gazeboCode\allwpilib\wpilibc\wpilibC++\include\Commands\PIDCommand.h">
      <Filter>Header Files\Commands</Filter>
    </ClInclude>
    <ClInclude Include="..\..\gazeboCode\allwpilib\wpilibc\wpilibC++\include\Commands\PIDSubsystem.h">
      <Filter>Header Files\Commands</Filter>
    </ClInclude>
    <ClInclude Include="..\..\gazeboCode\allwpilib\wpilibc\wpilibC++\include\Commands\PrintCommand.h">
      <Filter>Header Files\Commands</Filter>
    </ClInclude>
    <ClInclude Include="..\..\gazeboCode\allwpilib\wpilibc\wpilibC++\include\Commands\Scheduler.h">
      <Filter>Header Files\Commands</Filter>
    </ClInclude>
    <ClInclude Include="..\..\gazeboCode\allwpilib\wpilibc\wpilibC++\include\Commands\StartCommand.h">
      <Filter>Header Files\Commands</Filter>
    </ClInclude>
    <ClInclude Include="..\..\gazeboCode\allwpilib\wpilibc\wpilibC++\include\Commands\Subsystem.h">
      <Filter>Header Files\Commands</Filter>
    </ClInclude>
    <ClInclude Include="..\..\gazeboCode\allwpilib\wpilibc\wpilibC++\include\Commands\WaitCommand.h">
      <Filter>Header Files\Commands</Filter>
    </ClInclude>
    <ClInclude Include="..\..\gazeboCode\allwpilib\wpilibc\wpilibC++\include\Commands\WaitForChildren.h">
      <Filter>Header Files\Commands</Filter>
    </ClInclude>
    <ClInclude Include="..\..\gazeboCode\allwpilib\wpilibc\wpilibC++\include\Commands\WaitUntilCommand.h">
      <Filter>Header Files\Commands</Filter>
    </ClInclude>
    <ClInclude Include="..\..\gazeboCode\allwpilib\wpilibc\wpilibC++\include\interfaces\Accelerometer.h">
      <Filter>Header Files\interfaces</Filter>
    </ClInclude>
    <ClInclude Include="..\..\gazeboCode\allwpilib\wpilibc\wpilibC++\include\interfaces\Potentiometer.h">
      <Filter>Header Files\interfaces</Filter>
    </ClInclude>
    <ClInclude Include="..\..\gazeboCode\allwpilib\wpilibc\wpilibC++\include\LiveWindow\LiveWindow.h">
      <Filter>Header Files\LiveWindow</Filter>
    </ClInclude>
    <ClInclude Include="..\..\gazeboCode\allwpilib\wpilibc\wpilibC++\include\LiveWindow\LiveWindowSendable.h">
      <Filter>Header Files\LiveWindow</Filter>
    </ClInclude>
    <ClInclude Include="..\..\gazeboCode\allwpilib\wpilibc\wpilibC++\include\LiveWindow\LiveWindowStatusListener.h">
      <Filter>Header Files\LiveWindow</Filter>
    </ClInclude>
    <ClInclude Include="..\..\gazeboCode\allwpilib\wpilibc\wpilibC++\include\SmartDashboard\NamedSendable.h">
      <Filter>Header Files\SmartDashboard</Filter>
    </ClInclude>
    <ClInclude Include="..\..\gazeboCode\allwpilib\wpilibc\wpilibC++\include\SmartDashboard\Sendable.h">
      <Filter>Header Files\SmartDashboard</Filter>
    </ClInclude>
    <ClInclude Include="..\..\gazeboCode\allwpilib\wpilibc\wpilibC++\include\SmartDashboard\SendableChooser.h">
      <Filter>Header Files\SmartDashboard</Filter>
    </ClInclude>
    <ClInclude Include="..\..\gazeboCode\allwpilib\wpilibc\wpilibC++\include\SmartDashboard\SmartDashboard.h">
      <Filter>Header Files\SmartDashboard</Filter>
    </ClInclude>
  </ItemGroup>
  <ItemGroup>
    <ClCompile Include="..\..\gazeboCode\allwpilib\wpilibc\wpilibC++\src\ErrorBase.cpp">
      <Filter>Source Files</Filter>
    </ClCompile>
    <ClCompile Include="..\..\gazeboCode\allwpilib\wpilibc\wpilibC++\src\HLUsageReporting.cpp">
      <Filter>Source Files</Filter>
    </ClCompile>
    <ClCompile Include="..\..\gazeboCode\allwpilib\wpilibc\wpilibC++\src\Resource.cpp">
      <Filter>Source Files</Filter>
    </ClCompile>
    <ClCompile Include="..\..\gazeboCode\allwpilib\wpilibc\wpilibC++\src\RobotState.cpp">
      <Filter>Source Files</Filter>
    </ClCompile>
    <ClCompile Include="..\..\gazeboCode\allwpilib\wpilibc\wpilibC++\src\Error.cpp">
      <Filter>Source Files</Filter>
    </ClCompile>
    <ClCompile Include="..\..\gazeboCode\allwpilib\wpilibc\wpilibC++\src\Buttons\CancelButtonScheduler.cpp">
      <Filter>Source Files\Buttons</Filter>
    </ClCompile>
    <ClCompile Include="..\..\gazeboCode\allwpilib\wpilibc\wpilibC++\src\Buttons\HeldButtonScheduler.cpp">
      <Filter>Source Files\Buttons</Filter>
    </ClCompile>
    <ClCompile Include="..\..\gazeboCode\allwpilib\wpilibc\wpilibC++\src\Buttons\InternalButton.cpp">
      <Filter>Source Files\Buttons</Filter>
    </ClCompile>
    <ClCompile Include="..\..\gazeboCode\allwpilib\wpilibc\wpilibC++\src\Buttons\JoystickButton.cpp">
      <Filter>Source Files\Buttons</Filter>
    </ClCompile>
    <ClCompile Include="..\..\gazeboCode\allwpilib\wpilibc\wpilibC++\src\Buttons\NetworkButton.cpp">
      <Filter>Source Files\Buttons</Filter>
    </ClCompile>
    <ClCompile Include="..\..\gazeboCode\allwpilib\wpilibc\wpilibC++\src\Buttons\PressedButtonScheduler.cpp">
      <Filter>Source Files\Buttons</Filter>
    </ClCompile>
    <ClCompile Include="..\..\gazeboCode\allwpilib\wpilibc\wpilibC++\src\Buttons\ReleasedButtonScheduler.cpp">
      <Filter>Source Files\Buttons</Filter>
    </ClCompile>
    <ClCompile Include="..\..\gazeboCode\allwpilib\wpilibc\wpilibC++\src\Buttons\ToggleButtonScheduler.cpp">
      <Filter>Source Files\Buttons</Filter>
    </ClCompile>
    <ClCompile Include="..\..\gazeboCode\allwpilib\wpilibc\wpilibC++\src\Buttons\Trigger.cpp">
      <Filter>Source Files\Buttons</Filter>
    </ClCompile>
    <ClCompile Include="..\..\gazeboCode\allwpilib\wpilibc\wpilibC++\src\Buttons\Button.cpp">
      <Filter>Source Files\Buttons</Filter>
    </ClCompile>
    <ClCompile Include="..\..\gazeboCode\allwpilib\wpilibc\wpilibC++\src\Buttons\ButtonScheduler.cpp">
      <Filter>Source Files\Buttons</Filter>
    </ClCompile>
    <ClCompile Include="..\..\gazeboCode\allwpilib\wpilibc\wpilibC++\src\Commands\Command.cpp">
      <Filter>Source Files\Commands</Filter>
    </ClCompile>
    <ClCompile Include="..\..\gazeboCode\allwpilib\wpilibc\wpilibC++\src\Commands\CommandGroup.cpp">
      <Filter>Source Files\Commands</Filter>
    </ClCompile>
    <ClCompile Include="..\..\gazeboCode\allwpilib\wpilibc\wpilibC++\src\Commands\CommandGroupEntry.cpp">
      <Filter>Source Files\Commands</Filter>
    </ClCompile>
    <ClCompile Include="..\..\gazeboCode\allwpilib\wpilibc\wpilibC++\src\Commands\PIDCommand.cpp">
      <Filter>Source Files\Commands</Filter>
    </ClCompile>
    <ClCompile Include="..\..\gazeboCode\allwpilib\wpilibc\wpilibC++\src\Commands\PIDSubsystem.cpp">
      <Filter>Source Files\Commands</Filter>
    </ClCompile>
    <ClCompile Include="..\..\gazeboCode\allwpilib\wpilibc\wpilibC++\src\Commands\PrintCommand.cpp">
      <Filter>Source Files\Commands</Filter>
    </ClCompile>
    <ClCompile Include="..\..\gazeboCode\allwpilib\wpilibc\wpilibC++\src\Commands\Scheduler.cpp">
      <Filter>Source Files\Commands</Filter>
    </ClCompile>
    <ClCompile Include="..\..\gazeboCode\allwpilib\wpilibc\wpilibC++\src\Commands\StartCommand.cpp">
      <Filter>Source Files\Commands</Filter>
    </ClCompile>
    <ClCompile Include="..\..\gazeboCode\allwpilib\wpilibc\wpilibC++\src\Commands\Subsystem.cpp">
      <Filter>Source Files\Commands</Filter>
    </ClCompile>
    <ClCompile Include="..\..\gazeboCode\allwpilib\wpilibc\wpilibC++\src\Commands\WaitCommand.cpp">
      <Filter>Source Files\Commands</Filter>
    </ClCompile>
    <ClCompile Include="..\..\gazeboCode\allwpilib\wpilibc\wpilibC++\src\Commands\WaitForChildren.cpp">
      <Filter>Source Files\Commands</Filter>
    </ClCompile>
    <ClCompile Include="..\..\gazeboCode\allwpilib\wpilibc\wpilibC++\src\Commands\WaitUntilCommand.cpp">
      <Filter>Source Files\Commands</Filter>
    </ClCompile>
    <ClCompile Include="..\..\gazeboCode\allwpilib\wpilibc\wpilibC++\src\LiveWindow\LiveWindow.cpp">
      <Filter>Source Files\LiveWindow</Filter>
    </ClCompile>
    <ClCompile Include="..\..\gazeboCode\allwpilib\wpilibc\wpilibC++\src\LiveWindow\LiveWindowStatusListener.cpp">
      <Filter>Source Files\LiveWindow</Filter>
    </ClCompile>
    <ClCompile Include="..\..\gazeboCode\allwpilib\wpilibc\wpilibC++\src\SmartDashboard\SendableChooser.cpp">
      <Filter>Source Files\SmartDashboard</Filter>
    </ClCompile>
    <ClCompile Include="..\..\gazeboCode\allwpilib\wpilibc\wpilibC++\src\SmartDashboard\SmartDashboard.cpp">
      <Filter>Source Files\SmartDashboard</Filter>
    </ClCompile>
  </ItemGroup>
</Project>