<?xml version="1.0" encoding="utf-8"?>
<Project ToolsVersion="16.0" xmlns="http://schemas.microsoft.com/developer/msbuild/2003">
  <ItemGroup>
    <ClCompile Include="C:\Users\Victo\Documents\Sythesis\synthesis\exporters\Aardvark-Libraries\v-hacd-master\src\VHACD_Lib\src\FloatMath.cpp">
      <Filter>Src</Filter>
    </ClCompile>
    <ClCompile Include="C:\Users\Victo\Documents\Sythesis\synthesis\exporters\Aardvark-Libraries\v-hacd-master\src\VHACD_Lib\src\VHACD-ASYNC.cpp">
      <Filter>Src</Filter>
    </ClCompile>
    <ClCompile Include="C:\Users\Victo\Documents\Sythesis\synthesis\exporters\Aardvark-Libraries\v-hacd-master\src\VHACD_Lib\src\VHACD.cpp">
      <Filter>Src</Filter>
    </ClCompile>
    <ClCompile Include="C:\Users\Victo\Documents\Sythesis\synthesis\exporters\Aardvark-Libraries\v-hacd-master\src\VHACD_Lib\src\btAlignedAllocator.cpp">
      <Filter>Src</Filter>
    </ClCompile>
    <ClCompile Include="C:\Users\Victo\Documents\Sythesis\synthesis\exporters\Aardvark-Libraries\v-hacd-master\src\VHACD_Lib\src\btConvexHullComputer.cpp">
      <Filter>Src</Filter>
    </ClCompile>
    <ClCompile Include="C:\Users\Victo\Documents\Sythesis\synthesis\exporters\Aardvark-Libraries\v-hacd-master\src\VHACD_Lib\src\vhacdICHull.cpp">
      <Filter>Src</Filter>
    </ClCompile>
    <ClCompile Include="C:\Users\Victo\Documents\Sythesis\synthesis\exporters\Aardvark-Libraries\v-hacd-master\src\VHACD_Lib\src\vhacdManifoldMesh.cpp">
      <Filter>Src</Filter>
    </ClCompile>
    <ClCompile Include="C:\Users\Victo\Documents\Sythesis\synthesis\exporters\Aardvark-Libraries\v-hacd-master\src\VHACD_Lib\src\vhacdMesh.cpp">
      <Filter>Src</Filter>
    </ClCompile>
    <ClCompile Include="C:\Users\Victo\Documents\Sythesis\synthesis\exporters\Aardvark-Libraries\v-hacd-master\src\VHACD_Lib\src\vhacdRaycastMesh.cpp">
      <Filter>Src</Filter>
    </ClCompile>
    <ClCompile Include="C:\Users\Victo\Documents\Sythesis\synthesis\exporters\Aardvark-Libraries\v-hacd-master\src\VHACD_Lib\src\vhacdVolume.cpp">
      <Filter>Src</Filter>
    </ClCompile>
  </ItemGroup>
  <ItemGroup>
    <ClInclude Include="C:\Users\Victo\Documents\Sythesis\synthesis\exporters\Aardvark-Libraries\v-hacd-master\src\VHACD_Lib\inc\FloatMath.h">
      <Filter>Inc</Filter>
    </ClInclude>
    <ClInclude Include="C:\Users\Victo\Documents\Sythesis\synthesis\exporters\Aardvark-Libraries\v-hacd-master\src\VHACD_Lib\inc\btAlignedAllocator.h">
      <Filter>Inc</Filter>
    </ClInclude>
    <ClInclude Include="C:\Users\Victo\Documents\Sythesis\synthesis\exporters\Aardvark-Libraries\v-hacd-master\src\VHACD_Lib\inc\btAlignedObjectArray.h">
      <Filter>Inc</Filter>
    </ClInclude>
    <ClInclude Include="C:\Users\Victo\Documents\Sythesis\synthesis\exporters\Aardvark-Libraries\v-hacd-master\src\VHACD_Lib\inc\btConvexHullComputer.h">
      <Filter>Inc</Filter>
    </ClInclude>
    <ClInclude Include="C:\Users\Victo\Documents\Sythesis\synthesis\exporters\Aardvark-Libraries\v-hacd-master\src\VHACD_Lib\inc\btMinMax.h">
      <Filter>Inc</Filter>
    </ClInclude>
    <ClInclude Include="C:\Users\Victo\Documents\Sythesis\synthesis\exporters\Aardvark-Libraries\v-hacd-master\src\VHACD_Lib\inc\btScalar.h">
      <Filter>Inc</Filter>
    </ClInclude>
    <ClInclude Include="C:\Users\Victo\Documents\Sythesis\synthesis\exporters\Aardvark-Libraries\v-hacd-master\src\VHACD_Lib\inc\btVector3.h">
      <Filter>Inc</Filter>
    </ClInclude>
    <ClInclude Include="C:\Users\Victo\Documents\Sythesis\synthesis\exporters\Aardvark-Libraries\v-hacd-master\src\VHACD_Lib\inc\vhacdCircularList.h">
      <Filter>Inc</Filter>
    </ClInclude>
    <ClInclude Include="C:\Users\Victo\Documents\Sythesis\synthesis\exporters\Aardvark-Libraries\v-hacd-master\src\VHACD_Lib\inc\vhacdICHull.h">
      <Filter>Inc</Filter>
    </ClInclude>
    <ClInclude Include="C:\Users\Victo\Documents\Sythesis\synthesis\exporters\Aardvark-Libraries\v-hacd-master\src\VHACD_Lib\inc\vhacdManifoldMesh.h">
      <Filter>Inc</Filter>
    </ClInclude>
    <ClInclude Include="C:\Users\Victo\Documents\Sythesis\synthesis\exporters\Aardvark-Libraries\v-hacd-master\src\VHACD_Lib\inc\vhacdMesh.h">
      <Filter>Inc</Filter>
    </ClInclude>
    <ClInclude Include="C:\Users\Victo\Documents\Sythesis\synthesis\exporters\Aardvark-Libraries\v-hacd-master\src\VHACD_Lib\inc\vhacdMutex.h">
      <Filter>Inc</Filter>
    </ClInclude>
    <ClInclude Include="C:\Users\Victo\Documents\Sythesis\synthesis\exporters\Aardvark-Libraries\v-hacd-master\src\VHACD_Lib\inc\vhacdRaycastMesh.h">
      <Filter>Inc</Filter>
    </ClInclude>
    <ClInclude Include="C:\Users\Victo\Documents\Sythesis\synthesis\exporters\Aardvark-Libraries\v-hacd-master\src\VHACD_Lib\inc\vhacdSArray.h">
      <Filter>Inc</Filter>
    </ClInclude>
    <ClInclude Include="C:\Users\Victo\Documents\Sythesis\synthesis\exporters\Aardvark-Libraries\v-hacd-master\src\VHACD_Lib\inc\vhacdTimer.h">
      <Filter>Inc</Filter>
    </ClInclude>
    <ClInclude Include="C:\Users\Victo\Documents\Sythesis\synthesis\exporters\Aardvark-Libraries\v-hacd-master\src\VHACD_Lib\inc\vhacdVHACD.h">
      <Filter>Inc</Filter>
    </ClInclude>
    <ClInclude Include="C:\Users\Victo\Documents\Sythesis\synthesis\exporters\Aardvark-Libraries\v-hacd-master\src\VHACD_Lib\inc\vhacdVector.h">
      <Filter>Inc</Filter>
    </ClInclude>
    <ClInclude Include="C:\Users\Victo\Documents\Sythesis\synthesis\exporters\Aardvark-Libraries\v-hacd-master\src\VHACD_Lib\inc\vhacdVolume.h">
      <Filter>Inc</Filter>
    </ClInclude>
    <ClInclude Include="C:\Users\Victo\Documents\Sythesis\synthesis\exporters\Aardvark-Libraries\v-hacd-master\src\VHACD_Lib\public\VHACD.h">
      <Filter>Inc</Filter>
    </ClInclude>
    <ClInclude Include="C:\Users\Victo\Documents\Sythesis\synthesis\exporters\Aardvark-Libraries\v-hacd-master\src\VHACD_Lib\inc\vhacdCircularList.inl">
      <Filter>Inl</Filter>
    </ClInclude>
    <ClInclude Include="C:\Users\Victo\Documents\Sythesis\synthesis\exporters\Aardvark-Libraries\v-hacd-master\src\VHACD_Lib\inc\vhacdVector.inl">
      <Filter>Inl</Filter>
    </ClInclude>
  </ItemGroup>
  <ItemGroup>
    <CustomBuild Include="C:\Users\Victo\Documents\Sythesis\synthesis\exporters\Aardvark-Libraries\v-hacd-master\src\VHACD_Lib\CMakeLists.txt" />
  </ItemGroup>
  <ItemGroup>
    <None Include="C:\Users\Victo\Documents\Sythesis\synthesis\exporters\Aardvark-Libraries\v-hacd-master\src\VHACD_Lib\cl\vhacdKernels.cl">
      <Filter>CL</Filter>
    </None>
  </ItemGroup>
  <ItemGroup>
    <Filter Include="CL">
      <UniqueIdentifier>{6EF68CFF-09B5-39E2-B17C-43378D30528B}</UniqueIdentifier>
    </Filter>
    <Filter Include="Inc">
      <UniqueIdentifier>{734808E9-7312-357D-AD89-1C14E5A05210}</UniqueIdentifier>
    </Filter>
    <Filter Include="Inl">
      <UniqueIdentifier>{D0F8CF1F-4385-33BA-AFC6-0C494D83B2C2}</UniqueIdentifier>
    </Filter>
    <Filter Include="Src">
      <UniqueIdentifier>{7118115A-38B2-336E-A3F6-02D6EED68053}</UniqueIdentifier>
    </Filter>
  </ItemGroup>
</Project>
