
Microsoft Visual Studio Solution File, Format Version 12.00
Project("{FAE04EC0-301F-11D3-BF4B-00C04F79EFBC}") = "Api", "Api.csproj", "{842F03CF-245B-4F18-B6C4-4895D62BFE5A}"
EndProject
Global
	GlobalSection(SolutionConfigurationPlatforms) = preSolution
		Debug|Any CPU = Debug|Any CPU
		Release|Any CPU = Release|Any CPU
	EndGlobalSection
	GlobalSection(ProjectConfigurationPlatforms) = postSolution
		{842F03CF-245B-4F18-B6C4-4895D62BFE5A}.Debug|Any CPU.ActiveCfg = Debug|Any CPU
		{842F03CF-245B-4F18-B6C4-4895D62BFE5A}.Debug|Any CPU.Build.0 = Debug|Any CPU
		{842F03CF-245B-4F18-B6C4-4895D62BFE5A}.Release|Any CPU.ActiveCfg = Release|Any CPU
		{842F03CF-245B-4F18-B6C4-4895D62BFE5A}.Release|Any CPU.Build.0 = Release|Any CPU
	EndGlobalSection
EndGlobal
