
Microsoft Visual Studio Solution File, Format Version 12.00
# Visual Studio Version 16
VisualStudioVersion = 16.0.30204.135
MinimumVisualStudioVersion = 10.0.40219.1
Project("{FAE04EC0-301F-11D3-BF4B-00C04F79EFBC}") = "Api", "Api.csproj", "{842F03CF-245B-4F18-B6C4-4895D62BFE5A}"
EndProject
Project("{FAE04EC0-301F-11D3-BF4B-00C04F79EFBC}") = "TestApi", "..\TestApi\TestApi.csproj", "{528D8D72-7D36-440E-82B7-ECF941310776}"
EndProject
Project("{FAE04EC0-301F-11D3-BF4B-00C04F79EFBC}") = "MockApi", "..\MockApi\MockApi.csproj", "{6533CA2E-B8FF-4013-9748-2F1FD84DFCB5}"
EndProject
Project("{FAE04EC0-301F-11D3-BF4B-00C04F79EFBC}") = "BenchmarkApi", "..\BenchmarkApi\BenchmarkApi.csproj", "{7DCB8E5B-BF7D-47B4-A486-C0A93B059BEF}"
EndProject
Global
	GlobalSection(SolutionConfigurationPlatforms) = preSolution
		Debug|Any CPU = Debug|Any CPU
		Release|Any CPU = Release|Any CPU
	EndGlobalSection
	GlobalSection(ProjectConfigurationPlatforms) = postSolution
		{842F03CF-245B-4F18-B6C4-4895D62BFE5A}.Debug|Any CPU.ActiveCfg = Debug|Any CPU
		{842F03CF-245B-4F18-B6C4-4895D62BFE5A}.Debug|Any CPU.Build.0 = Debug|Any CPU
		{842F03CF-245B-4F18-B6C4-4895D62BFE5A}.Release|Any CPU.ActiveCfg = Release|Any CPU
		{842F03CF-245B-4F18-B6C4-4895D62BFE5A}.Release|Any CPU.Build.0 = Release|Any CPU
		{528D8D72-7D36-440E-82B7-ECF941310776}.Debug|Any CPU.ActiveCfg = Debug|Any CPU
		{528D8D72-7D36-440E-82B7-ECF941310776}.Debug|Any CPU.Build.0 = Debug|Any CPU
		{528D8D72-7D36-440E-82B7-ECF941310776}.Release|Any CPU.ActiveCfg = Release|Any CPU
		{528D8D72-7D36-440E-82B7-ECF941310776}.Release|Any CPU.Build.0 = Release|Any CPU
		{6533CA2E-B8FF-4013-9748-2F1FD84DFCB5}.Debug|Any CPU.ActiveCfg = Debug|Any CPU
		{6533CA2E-B8FF-4013-9748-2F1FD84DFCB5}.Debug|Any CPU.Build.0 = Debug|Any CPU
		{6533CA2E-B8FF-4013-9748-2F1FD84DFCB5}.Release|Any CPU.ActiveCfg = Release|Any CPU
		{6533CA2E-B8FF-4013-9748-2F1FD84DFCB5}.Release|Any CPU.Build.0 = Release|Any CPU
		{7DCB8E5B-BF7D-47B4-A486-C0A93B059BEF}.Debug|Any CPU.ActiveCfg = Debug|Any CPU
		{7DCB8E5B-BF7D-47B4-A486-C0A93B059BEF}.Debug|Any CPU.Build.0 = Debug|Any CPU
		{7DCB8E5B-BF7D-47B4-A486-C0A93B059BEF}.Release|Any CPU.ActiveCfg = Release|Any CPU
		{7DCB8E5B-BF7D-47B4-A486-C0A93B059BEF}.Release|Any CPU.Build.0 = Release|Any CPU
	EndGlobalSection
	GlobalSection(SolutionProperties) = preSolution
		HideSolutionNode = FALSE
	EndGlobalSection
	GlobalSection(ExtensibilityGlobals) = postSolution
		SolutionGuid = {0D7C014B-4324-465B-9C6B-10449154324E}
	EndGlobalSection
EndGlobal
