
Microsoft Visual Studio Solution File, Format Version 12.00
# Visual Studio 15
VisualStudioVersion = 15.0.27703.2042
MinimumVisualStudioVersion = 10.0.40219.1
Project("{FAE04EC0-301F-11D3-BF4B-00C04F79EFBC}") = "CER_Utility", "CER_Utility.csproj", "{C67C198F-DFA3-4ACB-BE00-96648030349A}"
EndProject
Global
	GlobalSection(SolutionConfigurationPlatforms) = preSolution
		Debug|Any CPU = Debug|Any CPU
		Release|Any CPU = Release|Any CPU
	EndGlobalSection
	GlobalSection(ProjectConfigurationPlatforms) = postSolution
		{C67C198F-DFA3-4ACB-BE00-96648030349A}.Debug|Any CPU.ActiveCfg = Debug|Any CPU
		{C67C198F-DFA3-4ACB-BE00-96648030349A}.Debug|Any CPU.Build.0 = Debug|Any CPU
		{C67C198F-DFA3-4ACB-BE00-96648030349A}.Release|Any CPU.ActiveCfg = Release|Any CPU
		{C67C198F-DFA3-4ACB-BE00-96648030349A}.Release|Any CPU.Build.0 = Release|Any CPU
	EndGlobalSection
	GlobalSection(SolutionProperties) = preSolution
		HideSolutionNode = FALSE
	EndGlobalSection
	GlobalSection(ExtensibilityGlobals) = postSolution
		SolutionGuid = {CB9107F9-B259-499D-B192-903FFA8E597C}
	EndGlobalSection
EndGlobal
