<?xml version="1.0" encoding="utf-8"?>
<Project ToolsVersion="4.0" xmlns="http://schemas.microsoft.com/developer/msbuild/2003">
  <ItemGroup>
    <Filter Include="Source Files">
      <UniqueIdentifier>{4FC737F1-C7A5-4376-A066-2A32D752A2FF}</UniqueIdentifier>
      <Extensions>cpp;c;cc;cxx;def;odl;idl;hpj;bat;asm;asmx</Extensions>
    </Filter>
    <Filter Include="Header Files">
      <UniqueIdentifier>{93995380-89BD-4b04-88EB-625FBE52EBFB}</UniqueIdentifier>
      <Extensions>h;hh;hpp;hxx;hm;inl;inc;xsd</Extensions>
    </Filter>
    <Filter Include="Resource Files">
      <UniqueIdentifier>{67DA6AB6-F800-4c08-8B7A-83BB121AAD01}</UniqueIdentifier>
      <Extensions>rc;ico;cur;bmp;dlg;rc2;rct;bin;rgs;gif;jpg;jpeg;jpe;resx;tiff;tif;png;wav</Extensions>
    </Filter>
  </ItemGroup>
  <ItemGroup>
    <ClCompile Include="lib\athena\Accelerometer.cpp">
      <Filter>Source Files</Filter>
    </ClCompile>
    <ClCompile Include="lib\athena\AnalogAccumulator.cpp">
      <Filter>Source Files</Filter>
    </ClCompile>
    <ClCompile Include="lib\athena\AnalogGyro.cpp">
      <Filter>Source Files</Filter>
    </ClCompile>
    <ClCompile Include="lib\athena\AnalogInput.cpp">
      <Filter>Source Files</Filter>
    </ClCompile>
    <ClCompile Include="lib\athena\AnalogInternal.cpp">
      <Filter>Source Files</Filter>
    </ClCompile>
    <ClCompile Include="lib\athena\AnalogOutput.cpp">
      <Filter>Source Files</Filter>
    </ClCompile>
    <ClCompile Include="lib\athena\AnalogTrigger.cpp">
      <Filter>Source Files</Filter>
    </ClCompile>
    <ClCompile Include="lib\athena\Compressor.cpp">
      <Filter>Source Files</Filter>
    </ClCompile>
    <ClCompile Include="lib\athena\Constants.cpp">
      <Filter>Source Files</Filter>
    </ClCompile>
    <ClCompile Include="lib\athena\Counter.cpp">
      <Filter>Source Files</Filter>
    </ClCompile>
    <ClCompile Include="lib\athena\DigitalInternal.cpp">
      <Filter>Source Files</Filter>
    </ClCompile>
    <ClCompile Include="lib\athena\DIO.cpp">
      <Filter>Source Files</Filter>
    </ClCompile>
    <ClCompile Include="lib\athena\Encoder.cpp">
      <Filter>Source Files</Filter>
    </ClCompile>
    <ClCompile Include="lib\athena\FPGAEncoder.cpp">
      <Filter>Source Files</Filter>
    </ClCompile>
    <ClCompile Include="lib\athena\FRCDriverStation.cpp">
      <Filter>Source Files</Filter>
    </ClCompile>
    <ClCompile Include="lib\athena\HAL.cpp">
      <Filter>Source Files</Filter>
    </ClCompile>
    <ClCompile Include="lib\athena\I2C.cpp">
      <Filter>Source Files</Filter>
    </ClCompile>
    <ClCompile Include="lib\athena\Interrupts.cpp">
      <Filter>Source Files</Filter>
    </ClCompile>
    <ClCompile Include="lib\athena\Notifier.cpp">
      <Filter>Source Files</Filter>
    </ClCompile>
    <ClCompile Include="lib\athena\OSSerialPort.cpp">
      <Filter>Source Files</Filter>
    </ClCompile>
    <ClCompile Include="lib\athena\PCMInternal.cpp">
      <Filter>Source Files</Filter>
    </ClCompile>
    <ClCompile Include="lib\athena\PDP.cpp">
      <Filter>Source Files</Filter>
    </ClCompile>
    <ClCompile Include="lib\athena\Ports.cpp">
      <Filter>Source Files</Filter>
    </ClCompile>
    <ClCompile Include="lib\athena\Power.cpp">
      <Filter>Source Files</Filter>
    </ClCompile>
    <ClCompile Include="lib\athena\PWM.cpp">
      <Filter>Source Files</Filter>
    </ClCompile>
    <ClCompile Include="lib\athena\Relay.cpp">
      <Filter>Source Files</Filter>
    </ClCompile>
    <ClCompile Include="lib\athena\SerialPort.cpp">
      <Filter>Source Files</Filter>
    </ClCompile>
    <ClCompile Include="lib\athena\Solenoid.cpp">
      <Filter>Source Files</Filter>
    </ClCompile>
    <ClCompile Include="lib\athena\SPI.cpp">
      <Filter>Source Files</Filter>
    </ClCompile>
    <ClCompile Include="lib\athena\Threads.cpp">
      <Filter>Source Files</Filter>
    </ClCompile>
    <ClCompile Include="lib\athena\cpp\SerialHelper.cpp">
      <Filter>Source Files</Filter>
    </ClCompile>
    <ClCompile Include="lib\shared\cpp\fpga_clock.cpp">
      <Filter>Source Files</Filter>
    </ClCompile>
    <ClCompile Include="lib\shared\handles\HandlesInternal.cpp">
      <Filter>Source Files</Filter>
    </ClCompile>
    <ClCompile Include="lib\sim\HALDesktop.cpp">
      <Filter>Source Files</Filter>
    </ClCompile>
    <ClCompile Include="wpiutil\src\llvm\ConvertUTF.cpp">
      <Filter>Source Files</Filter>
    </ClCompile>
    <ClCompile Include="wpiutil\src\llvm\ConvertUTFWrapper.cpp">
      <Filter>Source Files</Filter>
    </ClCompile>
    <ClCompile Include="wpiutil\src\llvm\ErrorHandling.cpp">
      <Filter>Source Files</Filter>
    </ClCompile>
    <ClCompile Include="wpiutil\src\llvm\Hashing.cpp">
      <Filter>Source Files</Filter>
    </ClCompile>
    <ClCompile Include="wpiutil\src\llvm\raw_ostream.cpp">
      <Filter>Source Files</Filter>
    </ClCompile>
    <ClCompile Include="wpiutil\src\llvm\raw_os_ostream.cpp">
      <Filter>Source Files</Filter>
    </ClCompile>
    <ClCompile Include="wpiutil\src\llvm\SmallPtrSet.cpp">
      <Filter>Source Files</Filter>
    </ClCompile>
    <ClCompile Include="wpiutil\src\llvm\SmallVector.cpp">
      <Filter>Source Files</Filter>
    </ClCompile>
    <ClCompile Include="wpiutil\src\llvm\StringExtras.cpp">
      <Filter>Source Files</Filter>
    </ClCompile>
    <ClCompile Include="wpiutil\src\llvm\StringMap.cpp">
      <Filter>Source Files</Filter>
    </ClCompile>
    <ClCompile Include="wpiutil\src\llvm\StringRef.cpp">
      <Filter>Source Files</Filter>
    </ClCompile>
    <ClCompile Include="wpiutil\src\support\Base64.cpp">
      <Filter>Source Files</Filter>
    </ClCompile>
    <ClCompile Include="wpiutil\src\support\leb128.cpp">
      <Filter>Source Files</Filter>
    </ClCompile>
    <ClCompile Include="wpiutil\src\support\raw_istream.cpp">
      <Filter>Source Files</Filter>
    </ClCompile>
    <ClCompile Include="wpiutil\src\support\raw_socket_istream.cpp">
      <Filter>Source Files</Filter>
    </ClCompile>
    <ClCompile Include="wpiutil\src\support\raw_socket_ostream.cpp">
      <Filter>Source Files</Filter>
    </ClCompile>
    <ClCompile Include="wpiutil\src\support\timestamp.cpp">
      <Filter>Source Files</Filter>
    </ClCompile>
    <ClCompile Include="wpiutil\src\tcpsockets\SocketError.cpp">
      <Filter>Source Files</Filter>
    </ClCompile>
    <ClCompile Include="wpiutil\src\tcpsockets\TCPAcceptor.cpp">
      <Filter>Source Files</Filter>
    </ClCompile>
    <ClCompile Include="wpiutil\src\tcpsockets\TCPConnector.cpp">
      <Filter>Source Files</Filter>
    </ClCompile>
    <ClCompile Include="wpiutil\src\tcpsockets\TCPStream.cpp">
      <Filter>Source Files</Filter>
    </ClCompile>
    <ClCompile Include="lib\StateNetwork\StateNetworkServer.cpp">
      <Filter>Source Files</Filter>
    </ClCompile>
    <ClCompile Include="lib\crc32.cpp">
      <Filter>Source Files</Filter>
    </ClCompile>
    <ClCompile Include="wpilibc\shared\src\Error.cpp">
      <Filter>Source Files</Filter>
    </ClCompile>
    <ClCompile Include="wpilibc\shared\src\ErrorBase.cpp">
      <Filter>Source Files</Filter>
    </ClCompile>
    <ClCompile Include="wpilibc\shared\src\GamepadBase.cpp">
      <Filter>Source Files</Filter>
    </ClCompile>
    <ClCompile Include="wpilibc\shared\src\GyroBase.cpp">
      <Filter>Source Files</Filter>
    </ClCompile>
    <ClCompile Include="wpilibc\shared\src\HLUsageReporting.cpp">
      <Filter>Source Files</Filter>
    </ClCompile>
    <ClCompile Include="wpilibc\shared\src\JoystickBase.cpp">
      <Filter>Source Files</Filter>
    </ClCompile>
    <ClCompile Include="wpilibc\shared\src\PIDSource.cpp">
      <Filter>Source Files</Filter>
    </ClCompile>
    <ClCompile Include="wpilibc\shared\src\Resource.cpp">
      <Filter>Source Files</Filter>
    </ClCompile>
    <ClCompile Include="wpilibc\shared\src\RobotState.cpp">
      <Filter>Source Files</Filter>
    </ClCompile>
    <ClCompile Include="wpilibc\shared\src\Buttons\Button.cpp">
      <Filter>Source Files</Filter>
    </ClCompile>
    <ClCompile Include="wpilibc\shared\src\Buttons\ButtonScheduler.cpp">
      <Filter>Source Files</Filter>
    </ClCompile>
    <ClCompile Include="wpilibc\shared\src\Buttons\CancelButtonScheduler.cpp">
      <Filter>Source Files</Filter>
    </ClCompile>
    <ClCompile Include="wpilibc\shared\src\Buttons\HeldButtonScheduler.cpp">
      <Filter>Source Files</Filter>
    </ClCompile>
    <ClCompile Include="wpilibc\shared\src\Buttons\InternalButton.cpp">
      <Filter>Source Files</Filter>
    </ClCompile>
    <ClCompile Include="wpilibc\shared\src\Buttons\JoystickButton.cpp">
      <Filter>Source Files</Filter>
    </ClCompile>
    <ClCompile Include="wpilibc\shared\src\Buttons\NetworkButton.cpp">
      <Filter>Source Files</Filter>
    </ClCompile>
    <ClCompile Include="wpilibc\shared\src\Buttons\PressedButtonScheduler.cpp">
      <Filter>Source Files</Filter>
    </ClCompile>
    <ClCompile Include="wpilibc\shared\src\Buttons\ReleasedButtonScheduler.cpp">
      <Filter>Source Files</Filter>
    </ClCompile>
    <ClCompile Include="wpilibc\shared\src\Buttons\ToggleButtonScheduler.cpp">
      <Filter>Source Files</Filter>
    </ClCompile>
    <ClCompile Include="wpilibc\shared\src\Buttons\Trigger.cpp">
      <Filter>Source Files</Filter>
    </ClCompile>
    <ClCompile Include="wpilibc\shared\src\Commands\Command.cpp">
      <Filter>Source Files</Filter>
    </ClCompile>
    <ClCompile Include="wpilibc\shared\src\Commands\CommandGroup.cpp">
      <Filter>Source Files</Filter>
    </ClCompile>
    <ClCompile Include="wpilibc\shared\src\Commands\CommandGroupEntry.cpp">
      <Filter>Source Files</Filter>
    </ClCompile>
    <ClCompile Include="wpilibc\shared\src\Commands\ConditionalCommand.cpp">
      <Filter>Source Files</Filter>
    </ClCompile>
    <ClCompile Include="wpilibc\shared\src\Commands\InstantCommand.cpp">
      <Filter>Source Files</Filter>
    </ClCompile>
    <ClCompile Include="wpilibc\shared\src\Commands\PIDCommand.cpp">
      <Filter>Source Files</Filter>
    </ClCompile>
    <ClCompile Include="wpilibc\shared\src\Commands\PIDSubsystem.cpp">
      <Filter>Source Files</Filter>
    </ClCompile>
    <ClCompile Include="wpilibc\shared\src\Commands\PrintCommand.cpp">
      <Filter>Source Files</Filter>
    </ClCompile>
    <ClCompile Include="wpilibc\shared\src\Commands\Scheduler.cpp">
      <Filter>Source Files</Filter>
    </ClCompile>
    <ClCompile Include="wpilibc\shared\src\Commands\StartCommand.cpp">
      <Filter>Source Files</Filter>
    </ClCompile>
    <ClCompile Include="wpilibc\shared\src\Commands\Subsystem.cpp">
      <Filter>Source Files</Filter>
    </ClCompile>
    <ClCompile Include="wpilibc\shared\src\Commands\TimedCommand.cpp">
      <Filter>Source Files</Filter>
    </ClCompile>
    <ClCompile Include="wpilibc\shared\src\Commands\WaitCommand.cpp">
      <Filter>Source Files</Filter>
    </ClCompile>
    <ClCompile Include="wpilibc\shared\src\Commands\WaitForChildren.cpp">
      <Filter>Source Files</Filter>
    </ClCompile>
    <ClCompile Include="wpilibc\shared\src\Commands\WaitUntilCommand.cpp">
      <Filter>Source Files</Filter>
    </ClCompile>
    <ClCompile Include="wpilibc\shared\src\Filters\Filter.cpp">
      <Filter>Source Files</Filter>
    </ClCompile>
    <ClCompile Include="wpilibc\shared\src\Filters\LinearDigitalFilter.cpp">
      <Filter>Source Files</Filter>
    </ClCompile>
    <ClCompile Include="wpilibc\shared\src\interfaces\Potentiometer.cpp">
      <Filter>Source Files</Filter>
    </ClCompile>
    <ClCompile Include="wpilibc\shared\src\LiveWindow\LiveWindow.cpp">
      <Filter>Source Files</Filter>
    </ClCompile>
    <ClCompile Include="wpilibc\shared\src\LiveWindow\LiveWindowStatusListener.cpp">
      <Filter>Source Files</Filter>
    </ClCompile>
    <ClCompile Include="wpilibc\shared\src\SmartDashboard\SendableChooserBase.cpp">
      <Filter>Source Files</Filter>
    </ClCompile>
    <ClCompile Include="wpilibc\shared\src\SmartDashboard\SmartDashboard.cpp">
      <Filter>Source Files</Filter>
    </ClCompile>
    <ClCompile Include="wpilibc\athena\src\ADXL345_I2C.cpp">
      <Filter>Source Files</Filter>
    </ClCompile>
    <ClCompile Include="wpilibc\athena\src\ADXL345_SPI.cpp">
      <Filter>Source Files</Filter>
    </ClCompile>
    <ClCompile Include="wpilibc\athena\src\ADXL362.cpp">
      <Filter>Source Files</Filter>
    </ClCompile>
    <ClCompile Include="wpilibc\athena\src\ADXRS450_Gyro.cpp">
      <Filter>Source Files</Filter>
    </ClCompile>
    <ClCompile Include="wpilibc\athena\src\AnalogAccelerometer.cpp">
      <Filter>Source Files</Filter>
    </ClCompile>
    <ClCompile Include="wpilibc\athena\src\AnalogGyro.cpp">
      <Filter>Source Files</Filter>
    </ClCompile>
    <ClCompile Include="wpilibc\athena\src\AnalogInput.cpp">
      <Filter>Source Files</Filter>
    </ClCompile>
    <ClCompile Include="wpilibc\athena\src\AnalogOutput.cpp">
      <Filter>Source Files</Filter>
    </ClCompile>
    <ClCompile Include="wpilibc\athena\src\AnalogPotentiometer.cpp">
      <Filter>Source Files</Filter>
    </ClCompile>
    <ClCompile Include="wpilibc\athena\src\AnalogTrigger.cpp">
      <Filter>Source Files</Filter>
    </ClCompile>
    <ClCompile Include="wpilibc\athena\src\AnalogTriggerOutput.cpp">
      <Filter>Source Files</Filter>
    </ClCompile>
    <ClCompile Include="wpilibc\athena\src\BuiltInAccelerometer.cpp">
      <Filter>Source Files</Filter>
    </ClCompile>
    <ClCompile Include="wpilibc\athena\src\Compressor.cpp">
      <Filter>Source Files</Filter>
    </ClCompile>
    <ClCompile Include="wpilibc\athena\src\ControllerPower.cpp">
      <Filter>Source Files</Filter>
    </ClCompile>
    <ClCompile Include="wpilibc\athena\src\Counter.cpp">
      <Filter>Source Files</Filter>
    </ClCompile>
    <ClCompile Include="wpilibc\athena\src\DigitalGlitchFilter.cpp">
      <Filter>Source Files</Filter>
    </ClCompile>
    <ClCompile Include="wpilibc\athena\src\DigitalInput.cpp">
      <Filter>Source Files</Filter>
    </ClCompile>
    <ClCompile Include="wpilibc\athena\src\DigitalOutput.cpp">
      <Filter>Source Files</Filter>
    </ClCompile>
    <ClCompile Include="wpilibc\athena\src\DoubleSolenoid.cpp">
      <Filter>Source Files</Filter>
    </ClCompile>
    <ClCompile Include="wpilibc\athena\src\DriverStation.cpp">
      <Filter>Source Files</Filter>
    </ClCompile>
    <ClCompile Include="wpilibc\athena\src\Encoder.cpp">
      <Filter>Source Files</Filter>
    </ClCompile>
    <ClCompile Include="wpilibc\athena\src\GearTooth.cpp">
      <Filter>Source Files</Filter>
    </ClCompile>
    <ClCompile Include="wpilibc\athena\src\GenericHID.cpp">
      <Filter>Source Files</Filter>
    </ClCompile>
    <ClCompile Include="wpilibc\athena\src\I2C.cpp">
      <Filter>Source Files</Filter>
    </ClCompile>
    <ClCompile Include="wpilibc\athena\src\InterruptableSensorBase.cpp">
      <Filter>Source Files</Filter>
    </ClCompile>
    <ClCompile Include="wpilibc\athena\src\IterativeRobot.cpp">
      <Filter>Source Files</Filter>
    </ClCompile>
    <ClCompile Include="wpilibc\athena\src\Jaguar.cpp">
      <Filter>Source Files</Filter>
    </ClCompile>
    <ClCompile Include="wpilibc\athena\src\Joystick.cpp">
      <Filter>Source Files</Filter>
    </ClCompile>
    <ClCompile Include="wpilibc\athena\src\MotorSafetyHelper.cpp">
      <Filter>Source Files</Filter>
    </ClCompile>
    <ClCompile Include="wpilibc\athena\src\Notifier.cpp">
      <Filter>Source Files</Filter>
    </ClCompile>
    <ClCompile Include="wpilibc\athena\src\PIDController.cpp">
      <Filter>Source Files</Filter>
    </ClCompile>
    <ClCompile Include="wpilibc\athena\src\PowerDistributionPanel.cpp">
      <Filter>Source Files</Filter>
    </ClCompile>
    <ClCompile Include="wpilibc\athena\src\Preferences.cpp">
      <Filter>Source Files</Filter>
    </ClCompile>
    <ClCompile Include="wpilibc\athena\src\PWM.cpp">
      <Filter>Source Files</Filter>
    </ClCompile>
    <ClCompile Include="wpilibc\athena\src\PWMSpeedController.cpp">
      <Filter>Source Files</Filter>
    </ClCompile>
    <ClCompile Include="wpilibc\athena\src\Relay.cpp">
      <Filter>Source Files</Filter>
    </ClCompile>
    <ClCompile Include="wpilibc\athena\src\RobotBase.cpp">
      <Filter>Source Files</Filter>
    </ClCompile>
    <ClCompile Include="wpilibc\athena\src\RobotDrive.cpp">
      <Filter>Source Files</Filter>
    </ClCompile>
    <ClCompile Include="wpilibc\athena\src\SafePWM.cpp">
      <Filter>Source Files</Filter>
    </ClCompile>
    <ClCompile Include="wpilibc\athena\src\SampleRobot.cpp">
      <Filter>Source Files</Filter>
    </ClCompile>
    <ClCompile Include="wpilibc\athena\src\SD540.cpp">
      <Filter>Source Files</Filter>
    </ClCompile>
    <ClCompile Include="wpilibc\athena\src\SensorBase.cpp">
      <Filter>Source Files</Filter>
    </ClCompile>
    <ClCompile Include="wpilibc\athena\src\SerialPort.cpp">
      <Filter>Source Files</Filter>
    </ClCompile>
    <ClCompile Include="wpilibc\athena\src\Servo.cpp">
      <Filter>Source Files</Filter>
    </ClCompile>
    <ClCompile Include="wpilibc\athena\src\Solenoid.cpp">
      <Filter>Source Files</Filter>
    </ClCompile>
    <ClCompile Include="wpilibc\athena\src\SolenoidBase.cpp">
      <Filter>Source Files</Filter>
    </ClCompile>
    <ClCompile Include="wpilibc\athena\src\Spark.cpp">
      <Filter>Source Files</Filter>
    </ClCompile>
    <ClCompile Include="wpilibc\athena\src\SPI.cpp">
      <Filter>Source Files</Filter>
    </ClCompile>
    <ClCompile Include="wpilibc\athena\src\Talon.cpp">
      <Filter>Source Files</Filter>
    </ClCompile>
    <ClCompile Include="wpilibc\athena\src\TalonSRX.cpp">
      <Filter>Source Files</Filter>
    </ClCompile>
    <ClCompile Include="wpilibc\athena\src\Task.cpp">
      <Filter>Source Files</Filter>
    </ClCompile>
    <ClCompile Include="wpilibc\athena\src\Threads.cpp">
      <Filter>Source Files</Filter>
    </ClCompile>
    <ClCompile Include="wpilibc\athena\src\Timer.cpp">
      <Filter>Source Files</Filter>
    </ClCompile>
    <ClCompile Include="wpilibc\athena\src\Ultrasonic.cpp">
      <Filter>Source Files</Filter>
    </ClCompile>
    <ClCompile Include="wpilibc\athena\src\Utility.cpp">
      <Filter>Source Files</Filter>
    </ClCompile>
    <ClCompile Include="wpilibc\athena\src\Victor.cpp">
      <Filter>Source Files</Filter>
    </ClCompile>
    <ClCompile Include="wpilibc\athena\src\VictorSP.cpp">
      <Filter>Source Files</Filter>
    </ClCompile>
    <ClCompile Include="wpilibc\athena\src\XboxController.cpp">
      <Filter>Source Files</Filter>
    </ClCompile>
    <ClCompile Include="wpilibc\athena\src\Internal\HardwareHLReporting.cpp">
      <Filter>Source Files</Filter>
    </ClCompile>
    <ClCompile Include="ntcore\src\Dispatcher.cpp">
      <Filter>Source Files</Filter>
    </ClCompile>
    <ClCompile Include="ntcore\src\DsClient.cpp">
      <Filter>Source Files</Filter>
    </ClCompile>
    <ClCompile Include="ntcore\src\Log.cpp">
      <Filter>Source Files</Filter>
    </ClCompile>
    <ClCompile Include="ntcore\src\Message.cpp">
      <Filter>Source Files</Filter>
    </ClCompile>
    <ClCompile Include="ntcore\src\NetworkConnection.cpp">
      <Filter>Source Files</Filter>
    </ClCompile>
    <ClCompile Include="ntcore\src\Notifier.cpp">
      <Filter>Source Files</Filter>
    </ClCompile>
    <ClCompile Include="ntcore\src\ntcore_c.cpp">
      <Filter>Source Files</Filter>
    </ClCompile>
    <ClCompile Include="ntcore\src\ntcore_cpp.cpp">
      <Filter>Source Files</Filter>
    </ClCompile>
    <ClCompile Include="ntcore\src\ntcore_test.cpp">
      <Filter>Source Files</Filter>
    </ClCompile>
    <ClCompile Include="ntcore\src\RpcServer.cpp">
      <Filter>Source Files</Filter>
    </ClCompile>
    <ClCompile Include="ntcore\src\SequenceNumber.cpp">
      <Filter>Source Files</Filter>
    </ClCompile>
    <ClCompile Include="ntcore\src\Storage.cpp">
      <Filter>Source Files</Filter>
    </ClCompile>
    <ClCompile Include="ntcore\src\Value.cpp">
      <Filter>Source Files</Filter>
    </ClCompile>
    <ClCompile Include="ntcore\src\WireDecoder.cpp">
      <Filter>Source Files</Filter>
    </ClCompile>
    <ClCompile Include="ntcore\src\WireEncoder.cpp">
      <Filter>Source Files</Filter>
    </ClCompile>
    <ClCompile Include="ntcore\src\networktables\NetworkTable.cpp">
      <Filter>Source Files</Filter>
    </ClCompile>
    <ClCompile Include="ntcore\src\tables\ITableListener.cpp">
      <Filter>Source Files</Filter>
    </ClCompile>
    <ClCompile Include="ntcore\src\tables\TableKeyNotDefinedException.cpp">
      <Filter>Source Files</Filter>
    </ClCompile>
    <ClCompile Include="wpilibc\athena\src\Version.cpp">
      <Filter>Source Files</Filter>
    </ClCompile>
  </ItemGroup>
  <ItemGroup>
    <ClInclude Include="include\ctre\ctre.h">
      <Filter>Header Files</Filter>
    </ClInclude>
    <ClInclude Include="include\ctre\CtreCanNode.h">
      <Filter>Header Files</Filter>
    </ClInclude>
    <ClInclude Include="include\ctre\ctre_frames.h">
      <Filter>Header Files</Filter>
    </ClInclude>
    <ClInclude Include="include\ctre\PCM.h">
      <Filter>Header Files</Filter>
    </ClInclude>
    <ClInclude Include="include\ctre\PDP.h">
      <Filter>Header Files</Filter>
    </ClInclude>
    <ClInclude Include="include\hal\Accelerometer.h">
      <Filter>Header Files</Filter>
    </ClInclude>
    <ClInclude Include="include\hal\AnalogAccumulator.h">
      <Filter>Header Files</Filter>
    </ClInclude>
    <ClInclude Include="include\hal\AnalogGyro.h">
      <Filter>Header Files</Filter>
    </ClInclude>
    <ClInclude Include="include\hal\AnalogInput.h">
      <Filter>Header Files</Filter>
    </ClInclude>
    <ClInclude Include="include\hal\AnalogOutput.h">
      <Filter>Header Files</Filter>
    </ClInclude>
    <ClInclude Include="include\hal\AnalogTrigger.h">
      <Filter>Header Files</Filter>
    </ClInclude>
    <ClInclude Include="include\hal\CAN.h">
      <Filter>Header Files</Filter>
    </ClInclude>
    <ClInclude Include="include\hal\ChipObject.h">
      <Filter>Header Files</Filter>
    </ClInclude>
    <ClInclude Include="include\hal\Compressor.h">
      <Filter>Header Files</Filter>
    </ClInclude>
    <ClInclude Include="include\hal\Constants.h">
      <Filter>Header Files</Filter>
    </ClInclude>
    <ClInclude Include="include\hal\Counter.h">
      <Filter>Header Files</Filter>
    </ClInclude>
    <ClInclude Include="include\hal\DIO.h">
      <Filter>Header Files</Filter>
    </ClInclude>
    <ClInclude Include="include\hal\DriverStation.h">
      <Filter>Header Files</Filter>
    </ClInclude>
    <ClInclude Include="include\hal\Encoder.h">
      <Filter>Header Files</Filter>
    </ClInclude>
    <ClInclude Include="include\hal\Errors.h">
      <Filter>Header Files</Filter>
    </ClInclude>
    <ClInclude Include="include\hal\HAL.h">
      <Filter>Header Files</Filter>
    </ClInclude>
    <ClInclude Include="include\hal\I2C.h">
      <Filter>Header Files</Filter>
    </ClInclude>
    <ClInclude Include="include\hal\Interrupts.h">
      <Filter>Header Files</Filter>
    </ClInclude>
    <ClInclude Include="include\hal\Notifier.h">
      <Filter>Header Files</Filter>
    </ClInclude>
    <ClInclude Include="include\hal\OSSerialPort.h">
      <Filter>Header Files</Filter>
    </ClInclude>
    <ClInclude Include="include\hal\PDP.h">
      <Filter>Header Files</Filter>
    </ClInclude>
    <ClInclude Include="include\hal\Ports.h">
      <Filter>Header Files</Filter>
    </ClInclude>
    <ClInclude Include="include\hal\Power.h">
      <Filter>Header Files</Filter>
    </ClInclude>
    <ClInclude Include="include\hal\PWM.h">
      <Filter>Header Files</Filter>
    </ClInclude>
    <ClInclude Include="include\hal\Relay.h">
      <Filter>Header Files</Filter>
    </ClInclude>
    <ClInclude Include="include\hal\SerialPort.h">
      <Filter>Header Files</Filter>
    </ClInclude>
    <ClInclude Include="include\hal\Solenoid.h">
      <Filter>Header Files</Filter>
    </ClInclude>
    <ClInclude Include="include\hal\SPI.h">
      <Filter>Header Files</Filter>
    </ClInclude>
    <ClInclude Include="include\hal\Threads.h">
      <Filter>Header Files</Filter>
    </ClInclude>
    <ClInclude Include="include\hal\Types.h">
      <Filter>Header Files</Filter>
    </ClInclude>
    <ClInclude Include="include\hal\cpp\fpga_clock.h">
      <Filter>Header Files</Filter>
    </ClInclude>
    <ClInclude Include="include\hal\cpp\Log.h">
      <Filter>Header Files</Filter>
    </ClInclude>
    <ClInclude Include="include\hal\cpp\make_unique.h">
      <Filter>Header Files</Filter>
    </ClInclude>
    <ClInclude Include="include\hal\cpp\priority_condition_variable.h">
      <Filter>Header Files</Filter>
    </ClInclude>
    <ClInclude Include="include\hal\cpp\priority_mutex.h">
      <Filter>Header Files</Filter>
    </ClInclude>
    <ClInclude Include="include\hal\cpp\SerialHelper.h">
      <Filter>Header Files</Filter>
    </ClInclude>
    <ClInclude Include="include\hal\handles\DigitalHandleResource.h">
      <Filter>Header Files</Filter>
    </ClInclude>
    <ClInclude Include="include\hal\handles\HandlesInternal.h">
      <Filter>Header Files</Filter>
    </ClInclude>
    <ClInclude Include="include\hal\handles\IndexedClassedHandleResource.h">
      <Filter>Header Files</Filter>
    </ClInclude>
    <ClInclude Include="include\hal\handles\IndexedHandleResource.h">
      <Filter>Header Files</Filter>
    </ClInclude>
    <ClInclude Include="include\hal\handles\LimitedClassedHandleResource.h">
      <Filter>Header Files</Filter>
    </ClInclude>
    <ClInclude Include="include\hal\handles\LimitedHandleResource.h">
      <Filter>Header Files</Filter>
    </ClInclude>
    <ClInclude Include="include\hal\handles\UnlimitedHandleResource.h">
      <Filter>Header Files</Filter>
    </ClInclude>
    <ClInclude Include="include\hal\labview\HAL.h">
      <Filter>Header Files</Filter>
    </ClInclude>
    <ClInclude Include="lib\athena\AnalogInternal.h">
      <Filter>Header Files</Filter>
    </ClInclude>
    <ClInclude Include="lib\athena\ConstantsInternal.h">
      <Filter>Header Files</Filter>
    </ClInclude>
    <ClInclude Include="lib\athena\DigitalInternal.h">
      <Filter>Header Files</Filter>
    </ClInclude>
    <ClInclude Include="lib\athena\EncoderInternal.h">
      <Filter>Header Files</Filter>
    </ClInclude>
    <ClInclude Include="lib\athena\FPGAEncoder.h">
      <Filter>Header Files</Filter>
    </ClInclude>
    <ClInclude Include="lib\athena\PCMInternal.h">
      <Filter>Header Files</Filter>
    </ClInclude>
    <ClInclude Include="lib\athena\PortsInternal.h">
      <Filter>Header Files</Filter>
    </ClInclude>
    <ClInclude Include="lib\athena\frccansae\CANDeviceInterface.h">
      <Filter>Header Files</Filter>
    </ClInclude>
    <ClInclude Include="lib\athena\visa\visa.h">
      <Filter>Header Files</Filter>
    </ClInclude>
    <ClInclude Include="lib\athena\visa\visatype.h">
      <Filter>Header Files</Filter>
    </ClInclude>
    <ClInclude Include="ni-libraries\include\frc_fpga_chipobject\printFpgaVersion.h">
      <Filter>Header Files</Filter>
    </ClInclude>
    <ClInclude Include="ni-libraries\include\frc_fpga_chipobject\RoboRIO_FRC_ChipObject_Aliases.h">
      <Filter>Header Files</Filter>
    </ClInclude>
    <ClInclude Include="ni-libraries\include\frc_fpga_chipobject\tDMAChannelDescriptor.h">
      <Filter>Header Files</Filter>
    </ClInclude>
    <ClInclude Include="ni-libraries\include\frc_fpga_chipobject\tDMAManager.h">
      <Filter>Header Files</Filter>
    </ClInclude>
    <ClInclude Include="ni-libraries\include\frc_fpga_chipobject\tInterruptManager.h">
      <Filter>Header Files</Filter>
    </ClInclude>
    <ClInclude Include="ni-libraries\include\frc_fpga_chipobject\tSystem.h">
      <Filter>Header Files</Filter>
    </ClInclude>
    <ClInclude Include="ni-libraries\include\frc_fpga_chipobject\tSystemInterface.h">
      <Filter>Header Files</Filter>
    </ClInclude>
    <ClInclude Include="ni-libraries\include\frc_fpga_chipobject\fpgainterfacecapi\NiFpga.h">
      <Filter>Header Files</Filter>
    </ClInclude>
    <ClInclude Include="ni-libraries\include\frc_fpga_chipobject\nroborio_fpganamespace\nInterfaceGlobals.h">
      <Filter>Header Files</Filter>
    </ClInclude>
    <ClInclude Include="ni-libraries\include\frc_fpga_chipobject\nroborio_fpganamespace\tAccel.h">
      <Filter>Header Files</Filter>
    </ClInclude>
    <ClInclude Include="ni-libraries\include\frc_fpga_chipobject\nroborio_fpganamespace\tAccumulator.h">
      <Filter>Header Files</Filter>
    </ClInclude>
    <ClInclude Include="ni-libraries\include\frc_fpga_chipobject\nroborio_fpganamespace\tAI.h">
      <Filter>Header Files</Filter>
    </ClInclude>
    <ClInclude Include="ni-libraries\include\frc_fpga_chipobject\nroborio_fpganamespace\tAlarm.h">
      <Filter>Header Files</Filter>
    </ClInclude>
    <ClInclude Include="ni-libraries\include\frc_fpga_chipobject\nroborio_fpganamespace\tAnalogTrigger.h">
      <Filter>Header Files</Filter>
    </ClInclude>
    <ClInclude Include="ni-libraries\include\frc_fpga_chipobject\nroborio_fpganamespace\tAO.h">
      <Filter>Header Files</Filter>
    </ClInclude>
    <ClInclude Include="ni-libraries\include\frc_fpga_chipobject\nroborio_fpganamespace\tBIST.h">
      <Filter>Header Files</Filter>
    </ClInclude>
    <ClInclude Include="ni-libraries\include\frc_fpga_chipobject\nroborio_fpganamespace\tCounter.h">
      <Filter>Header Files</Filter>
    </ClInclude>
    <ClInclude Include="ni-libraries\include\frc_fpga_chipobject\nroborio_fpganamespace\tDIO.h">
      <Filter>Header Files</Filter>
    </ClInclude>
    <ClInclude Include="ni-libraries\include\frc_fpga_chipobject\nroborio_fpganamespace\tDMA.h">
      <Filter>Header Files</Filter>
    </ClInclude>
    <ClInclude Include="ni-libraries\include\frc_fpga_chipobject\nroborio_fpganamespace\tEncoder.h">
      <Filter>Header Files</Filter>
    </ClInclude>
    <ClInclude Include="ni-libraries\include\frc_fpga_chipobject\nroborio_fpganamespace\tGlobal.h">
      <Filter>Header Files</Filter>
    </ClInclude>
    <ClInclude Include="ni-libraries\include\frc_fpga_chipobject\nroborio_fpganamespace\tInterrupt.h">
      <Filter>Header Files</Filter>
    </ClInclude>
    <ClInclude Include="ni-libraries\include\frc_fpga_chipobject\nroborio_fpganamespace\tPower.h">
      <Filter>Header Files</Filter>
    </ClInclude>
    <ClInclude Include="ni-libraries\include\frc_fpga_chipobject\nroborio_fpganamespace\tPWM.h">
      <Filter>Header Files</Filter>
    </ClInclude>
    <ClInclude Include="ni-libraries\include\frc_fpga_chipobject\nroborio_fpganamespace\tRelay.h">
      <Filter>Header Files</Filter>
    </ClInclude>
    <ClInclude Include="ni-libraries\include\frc_fpga_chipobject\nroborio_fpganamespace\tSPI.h">
      <Filter>Header Files</Filter>
    </ClInclude>
    <ClInclude Include="ni-libraries\include\frc_fpga_chipobject\nroborio_fpganamespace\tSysWatchdog.h">
      <Filter>Header Files</Filter>
    </ClInclude>
    <ClInclude Include="ni-libraries\include\frc_networkcommunication\AICalibration.h">
      <Filter>Header Files</Filter>
    </ClInclude>
    <ClInclude Include="ni-libraries\include\frc_networkcommunication\CANInterfacePlugin.h">
      <Filter>Header Files</Filter>
    </ClInclude>
    <ClInclude Include="ni-libraries\include\frc_networkcommunication\CANSessionMux.h">
      <Filter>Header Files</Filter>
    </ClInclude>
    <ClInclude Include="ni-libraries\include\frc_networkcommunication\FRCComm.h">
      <Filter>Header Files</Filter>
    </ClInclude>
    <ClInclude Include="ni-libraries\include\frc_networkcommunication\LoadOut.h">
      <Filter>Header Files</Filter>
    </ClInclude>
    <ClInclude Include="ni-libraries\include\frc_networkcommunication\UsageReporting.h">
      <Filter>Header Files</Filter>
    </ClInclude>
    <ClInclude Include="ni-libraries\include\i2clib\i2c-lib.h">
      <Filter>Header Files</Filter>
    </ClInclude>
    <ClInclude Include="ni-libraries\include\spilib\spi-lib.h">
      <Filter>Header Files</Filter>
    </ClInclude>
    <ClInclude Include="wpiutil\include\llvm\AlignOf.h">
      <Filter>Header Files</Filter>
    </ClInclude>
    <ClInclude Include="wpiutil\include\llvm\ArrayRef.h">
      <Filter>Header Files</Filter>
    </ClInclude>
    <ClInclude Include="wpiutil\include\llvm\Compiler.h">
      <Filter>Header Files</Filter>
    </ClInclude>
    <ClInclude Include="wpiutil\include\llvm\ConvertUTF.h">
      <Filter>Header Files</Filter>
    </ClInclude>
    <ClInclude Include="wpiutil\include\llvm\DenseMap.h">
      <Filter>Header Files</Filter>
    </ClInclude>
    <ClInclude Include="wpiutil\include\llvm\DenseMapInfo.h">
      <Filter>Header Files</Filter>
    </ClInclude>
    <ClInclude Include="wpiutil\include\llvm\EpochTracker.h">
      <Filter>Header Files</Filter>
    </ClInclude>
    <ClInclude Include="wpiutil\include\llvm\Format.h">
      <Filter>Header Files</Filter>
    </ClInclude>
    <ClInclude Include="wpiutil\include\llvm\Hashing.h">
      <Filter>Header Files</Filter>
    </ClInclude>
    <ClInclude Include="wpiutil\include\llvm\iterator_range.h">
      <Filter>Header Files</Filter>
    </ClInclude>
    <ClInclude Include="wpiutil\include\llvm\MathExtras.h">
      <Filter>Header Files</Filter>
    </ClInclude>
    <ClInclude Include="wpiutil\include\llvm\None.h">
      <Filter>Header Files</Filter>
    </ClInclude>
    <ClInclude Include="wpiutil\include\llvm\Optional.h">
      <Filter>Header Files</Filter>
    </ClInclude>
    <ClInclude Include="wpiutil\include\llvm\PointerLikeTypeTraits.h">
      <Filter>Header Files</Filter>
    </ClInclude>
    <ClInclude Include="wpiutil\include\llvm\raw_ostream.h">
      <Filter>Header Files</Filter>
    </ClInclude>
    <ClInclude Include="wpiutil\include\llvm\raw_os_ostream.h">
      <Filter>Header Files</Filter>
    </ClInclude>
    <ClInclude Include="wpiutil\include\llvm\SmallPtrSet.h">
      <Filter>Header Files</Filter>
    </ClInclude>
    <ClInclude Include="wpiutil\include\llvm\SmallSet.h">
      <Filter>Header Files</Filter>
    </ClInclude>
    <ClInclude Include="wpiutil\include\llvm\SmallString.h">
      <Filter>Header Files</Filter>
    </ClInclude>
    <ClInclude Include="wpiutil\include\llvm\SmallVector.h">
      <Filter>Header Files</Filter>
    </ClInclude>
    <ClInclude Include="wpiutil\include\llvm\STLExtras.h">
      <Filter>Header Files</Filter>
    </ClInclude>
    <ClInclude Include="wpiutil\include\llvm\StringExtras.h">
      <Filter>Header Files</Filter>
    </ClInclude>
    <ClInclude Include="wpiutil\include\llvm\StringMap.h">
      <Filter>Header Files</Filter>
    </ClInclude>
    <ClInclude Include="wpiutil\include\llvm\StringRef.h">
      <Filter>Header Files</Filter>
    </ClInclude>
    <ClInclude Include="wpiutil\include\llvm\type_traits.h">
      <Filter>Header Files</Filter>
    </ClInclude>
    <ClInclude Include="wpiutil\include\llvm\WindowsError.h">
      <Filter>Header Files</Filter>
    </ClInclude>
    <ClInclude Include="wpiutil\include\support\atomic_static.h">
      <Filter>Header Files</Filter>
    </ClInclude>
    <ClInclude Include="wpiutil\include\support\Base64.h">
      <Filter>Header Files</Filter>
    </ClInclude>
    <ClInclude Include="wpiutil\include\support\ConcurrentQueue.h">
      <Filter>Header Files</Filter>
    </ClInclude>
    <ClInclude Include="wpiutil\include\support\deprecated.h">
      <Filter>Header Files</Filter>
    </ClInclude>
    <ClInclude Include="wpiutil\include\support\jni_util.h">
      <Filter>Header Files</Filter>
    </ClInclude>
    <ClInclude Include="wpiutil\include\support\leb128.h">
      <Filter>Header Files</Filter>
    </ClInclude>
    <ClInclude Include="wpiutil\include\support\Logger.h">
      <Filter>Header Files</Filter>
    </ClInclude>
    <ClInclude Include="wpiutil\include\support\raw_istream.h">
      <Filter>Header Files</Filter>
    </ClInclude>
    <ClInclude Include="wpiutil\include\support\raw_socket_istream.h">
      <Filter>Header Files</Filter>
    </ClInclude>
    <ClInclude Include="wpiutil\include\support\raw_socket_ostream.h">
      <Filter>Header Files</Filter>
    </ClInclude>
    <ClInclude Include="wpiutil\include\support\SafeThread.h">
      <Filter>Header Files</Filter>
    </ClInclude>
    <ClInclude Include="wpiutil\include\support\timestamp.h">
      <Filter>Header Files</Filter>
    </ClInclude>
    <ClInclude Include="wpiutil\include\tcpsockets\NetworkAcceptor.h">
      <Filter>Header Files</Filter>
    </ClInclude>
    <ClInclude Include="wpiutil\include\tcpsockets\NetworkStream.h">
      <Filter>Header Files</Filter>
    </ClInclude>
    <ClInclude Include="wpiutil\include\tcpsockets\SocketError.h">
      <Filter>Header Files</Filter>
    </ClInclude>
    <ClInclude Include="wpiutil\include\tcpsockets\TCPAcceptor.h">
      <Filter>Header Files</Filter>
    </ClInclude>
    <ClInclude Include="wpiutil\include\tcpsockets\TCPConnector.h">
      <Filter>Header Files</Filter>
    </ClInclude>
    <ClInclude Include="wpiutil\include\tcpsockets\TCPStream.h">
      <Filter>Header Files</Filter>
    </ClInclude>
  </ItemGroup>
</Project>