<?xml version="1.0" encoding="utf-8"?>
<Project ToolsVersion="4.0" xmlns="http://schemas.microsoft.com/developer/msbuild/2003">
  <ItemGroup>
    <Text Include="FusionSynthV2.manifest" />
  </ItemGroup>
  <ItemGroup>
    <Filter Include="Headers">
      <UniqueIdentifier>{58596907-4b28-4772-a8b2-bd9bfffea86d}</UniqueIdentifier>
    </Filter>
    <Filter Include="Headers\Data">
      <UniqueIdentifier>{a4512d90-3aaa-4ae3-8e19-88bceca3869d}</UniqueIdentifier>
    </Filter>
    <Filter Include="Source">
      <UniqueIdentifier>{715450b5-2981-4d34-abc4-17fc45ac25db}</UniqueIdentifier>
    </Filter>
    <Filter Include="Source\Data">
      <UniqueIdentifier>{bdc7c325-cdbf-496d-bbec-8b90c3b770f7}</UniqueIdentifier>
    </Filter>
    <Filter Include="Source\Data\BXDA">
      <UniqueIdentifier>{f8743e7b-6ae6-4c78-80ef-94104e89c96d}</UniqueIdentifier>
    </Filter>
    <Filter Include="Source\Data\BXDJ">
      <UniqueIdentifier>{becddd2e-cc85-4cf1-b8f0-e60af207b052}</UniqueIdentifier>
    </Filter>
    <Filter Include="Headers\Data\BXDA">
      <UniqueIdentifier>{769fda05-f316-415f-b69d-8793c2dab1ad}</UniqueIdentifier>
    </Filter>
    <Filter Include="Headers\Data\BXDJ">
      <UniqueIdentifier>{058ca14c-ef4b-4379-87a0-ead026718026}</UniqueIdentifier>
    </Filter>
    <Filter Include="Source\AddIn">
      <UniqueIdentifier>{1920f254-42e0-4b3a-83c3-13bde0bbe57a}</UniqueIdentifier>
    </Filter>
    <Filter Include="Headers\AddIn">
      <UniqueIdentifier>{246bb7c0-e2a8-427f-85d0-0ba3867a5b82}</UniqueIdentifier>
    </Filter>
    <Filter Include="Source\Data\BXDJ\Joints">
      <UniqueIdentifier>{50e1655b-afa2-4d85-8bb8-9f53954bcbc2}</UniqueIdentifier>
    </Filter>
    <Filter Include="Headers\Data\BXDJ\Joints">
      <UniqueIdentifier>{7bc50eaa-92be-424f-9ba2-e9924f09ae2f}</UniqueIdentifier>
    </Filter>
    <Filter Include="Headers\Data\BXDJ\Components">
      <UniqueIdentifier>{5e56d0c6-3746-413c-b838-c00ba620cd30}</UniqueIdentifier>
    </Filter>
    <Filter Include="Source\Data\BXDJ\Components">
      <UniqueIdentifier>{49a37e76-2887-44d3-bcbc-e39d1da352c9}</UniqueIdentifier>
    </Filter>
    <Filter Include="Source\AddIn\Palette">
      <UniqueIdentifier>{054fec25-2e01-4568-80d5-c9e0c19d0f2f}</UniqueIdentifier>
    </Filter>
  </ItemGroup>
  <ItemGroup>
    <ClInclude Include="Source\Data\BXDA\Mesh.h">
      <Filter>Headers\Data\BXDA</Filter>
    </ClInclude>
    <ClInclude Include="Source\Data\BXDA\Physics.h">
      <Filter>Headers\Data\BXDA</Filter>
    </ClInclude>
    <ClInclude Include="Source\Data\BXDA\Surface.h">
      <Filter>Headers\Data\BXDA</Filter>
    </ClInclude>
    <ClInclude Include="Source\AddIn\CustomHandlers.h">
      <Filter>Headers\AddIn</Filter>
    </ClInclude>
    <ClInclude Include="Source\AddIn\EUI.h">
      <Filter>Headers\AddIn</Filter>
    </ClInclude>
    <ClInclude Include="Source\Data\BXDA\Vertex.h">
      <Filter>Headers\Data\BXDA</Filter>
    </ClInclude>
    <ClInclude Include="Source\Data\BXDA\Triangle.h">
      <Filter>Headers\Data\BXDA</Filter>
    </ClInclude>
    <ClInclude Include="Source\Exporter.h">
      <Filter>Headers</Filter>
    </ClInclude>
    <ClInclude Include="Source\Data\BXDA\SubMesh.h">
      <Filter>Headers\Data\BXDA</Filter>
    </ClInclude>
    <ClInclude Include="Source\Data\BXDA\BinaryWriter.h">
      <Filter>Headers\Data\BXDA</Filter>
    </ClInclude>
    <ClInclude Include="Source\Data\BXDJ\Joints\RotationalJoint.h">
      <Filter>Headers\Data\BXDJ\Joints</Filter>
    </ClInclude>
    <ClInclude Include="Source\Data\Vector3.h">
      <Filter>Headers\Data</Filter>
    </ClInclude>
    <ClInclude Include="Source\Data\BXDJ\Joint.h">
      <Filter>Headers\Data\BXDJ</Filter>
    </ClInclude>
    <ClInclude Include="Source\Data\BXDJ\RigidNode.h">
      <Filter>Headers\Data\BXDJ</Filter>
    </ClInclude>
    <ClInclude Include="Source\Data\BXDJ\XmlWriter.h">
      <Filter>Headers\Data\BXDJ</Filter>
    </ClInclude>
    <ClInclude Include="Source\Data\Guid.h">
      <Filter>Headers\Data</Filter>
    </ClInclude>
    <ClInclude Include="Source\Data\Filesystem.h">
      <Filter>Headers\Data</Filter>
    </ClInclude>
    <ClInclude Include="Source\Data\BXDJ\Driver.h">
      <Filter>Headers\Data\BXDJ</Filter>
    </ClInclude>
    <ClInclude Include="Source\Data\BXDJ\Components\Wheel.h">
      <Filter>Headers\Data\BXDJ\Components</Filter>
    </ClInclude>
    <ClInclude Include="Source\Data\BXDJ\ConfigData.h">
      <Filter>Headers\Data\BXDJ</Filter>
    </ClInclude>
    <ClInclude Include="Source\AddIn\Identifiers.h">
      <Filter>Headers\AddIn</Filter>
    </ClInclude>
    <ClInclude Include="Source\Data\BXDJ\Joints\SliderJoint.h">
      <Filter>Headers\Data\BXDJ\Joints</Filter>
    </ClInclude>
    <ClInclude Include="Source\Data\BXDJ\Components\Pneumatic.h">
      <Filter>Headers\Data\BXDJ\Components</Filter>
    </ClInclude>
    <ClInclude Include="Source\Data\BXDJ\Joints\CylindricalJoint.h">
      <Filter>Headers\Data\BXDJ\Joints</Filter>
    </ClInclude>
    <ClInclude Include="Source\Data\BXDJ\Joints\BallJoint.h">
      <Filter>Headers\Data\BXDJ\Joints</Filter>
    </ClInclude>
    <ClInclude Include="Source\Data\BXDJ\Utility.h">
      <Filter>Headers\Data\BXDJ</Filter>
    </ClInclude>
    <ClInclude Include="Source\Data\BXDJ\Components.h">
      <Filter>Headers\Data\BXDJ</Filter>
    </ClInclude>
    <ClInclude Include="Source\Data\BXDJ\JointSensor.h">
      <Filter>Headers\Data\BXDJ</Filter>
    </ClInclude>
    <ClInclude Include="Source\Data\BXDJ\CustomJSONObject.h">
      <Filter>Headers\Data\BXDJ</Filter>
    </ClInclude>
    <ClInclude Include="Source\Data\BXDJ\Components\Elevator.h">
      <Filter>Headers\Data\BXDJ\Components</Filter>
    </ClInclude>
  </ItemGroup>
  <ItemGroup>
    <ClCompile Include="Source\Data\BXDA\Mesh.cpp">
      <Filter>Source\Data\BXDA</Filter>
    </ClCompile>
    <ClCompile Include="Source\Data\BXDA\Physics.cpp">
      <Filter>Source\Data\BXDA</Filter>
    </ClCompile>
    <ClCompile Include="Source\Data\BXDA\Surface.cpp">
      <Filter>Source\Data\BXDA</Filter>
    </ClCompile>
    <ClCompile Include="Source\Data\BXDJ\RigidNode.cpp">
      <Filter>Source\Data\BXDJ</Filter>
    </ClCompile>
    <ClCompile Include="Source\AddIn\CustomHandlers.cpp">
      <Filter>Source\AddIn</Filter>
    </ClCompile>
    <ClCompile Include="Source\AddIn\EUI.cpp">
      <Filter>Source\AddIn</Filter>
    </ClCompile>
    <ClCompile Include="Source\AddIn\FusionSynthV2.cpp">
      <Filter>Source\AddIn</Filter>
    </ClCompile>
    <ClCompile Include="Source\Data\BXDA\Vertex.cpp">
      <Filter>Source\Data\BXDA</Filter>
    </ClCompile>
    <ClCompile Include="Source\Data\BXDA\Triangle.cpp">
      <Filter>Source\Data\BXDA</Filter>
    </ClCompile>
    <ClCompile Include="Source\Exporter.cpp">
      <Filter>Source</Filter>
    </ClCompile>
    <ClCompile Include="Source\Data\BXDA\SubMesh.cpp">
      <Filter>Source\Data\BXDA</Filter>
    </ClCompile>
    <ClCompile Include="Source\Data\BXDA\BinaryWriter.cpp">
      <Filter>Source\Data\BXDA</Filter>
    </ClCompile>
    <ClCompile Include="Source\Data\BXDJ\Joint.cpp">
      <Filter>Source\Data\BXDJ</Filter>
    </ClCompile>
    <ClCompile Include="Source\Data\BXDJ\Joints\RotationalJoint.cpp">
      <Filter>Source\Data\BXDJ\Joints</Filter>
    </ClCompile>
    <ClCompile Include="Source\Data\BXDJ\XmlWriter.cpp">
      <Filter>Source\Data\BXDJ</Filter>
    </ClCompile>
    <ClCompile Include="Source\Data\Guid.cpp">
      <Filter>Source\Data</Filter>
    </ClCompile>
    <ClCompile Include="Source\Data\Filesystem.cpp">
      <Filter>Source\Data</Filter>
    </ClCompile>
    <ClCompile Include="Source\Data\BXDJ\Driver.cpp">
      <Filter>Source\Data\BXDJ</Filter>
    </ClCompile>
    <ClCompile Include="Source\Data\BXDJ\Components\Wheel.cpp">
      <Filter>Source\Data\BXDJ\Components</Filter>
    </ClCompile>
    <ClCompile Include="Source\Data\BXDJ\ConfigData.cpp">
      <Filter>Source\Data\BXDJ</Filter>
    </ClCompile>
    <ClCompile Include="Source\Data\BXDJ\Joints\SliderJoint.cpp">
      <Filter>Source\Data\BXDJ\Joints</Filter>
    </ClCompile>
    <ClCompile Include="Source\Data\BXDJ\RigidNode-Mesh.cpp">
      <Filter>Source\Data\BXDJ</Filter>
    </ClCompile>
    <ClCompile Include="Source\Data\BXDJ\RigidNode-Tree.cpp">
      <Filter>Source\Data\BXDJ</Filter>
    </ClCompile>
    <ClCompile Include="Source\Data\BXDJ\Components\Pneumatic.cpp">
      <Filter>Source\Data\BXDJ\Components</Filter>
    </ClCompile>
    <ClCompile Include="Source\Data\BXDJ\Joints\CylindricalJoint.cpp">
      <Filter>Source\Data\BXDJ\Joints</Filter>
    </ClCompile>
    <ClCompile Include="Source\Data\BXDJ\Joints\BallJoint.cpp">
      <Filter>Source\Data\BXDJ\Joints</Filter>
    </ClCompile>
    <ClCompile Include="Source\Data\BXDJ\Utility.cpp">
      <Filter>Source\Data\BXDJ</Filter>
    </ClCompile>
    <ClCompile Include="Source\Data\BXDJ\JointSensor.cpp">
      <Filter>Source\Data\BXDJ</Filter>
    </ClCompile>
    <ClCompile Include="Source\Data\BXDJ\CustomJSONObject.cpp">
      <Filter>Source\Data\BXDJ</Filter>
    </ClCompile>
    <ClCompile Include="Source\AddIn\EUI-UIManagement.cpp">
      <Filter>Source\AddIn</Filter>
    </ClCompile>
    <ClCompile Include="Source\AddIn\EUI-Handlers.cpp">
      <Filter>Source\AddIn</Filter>
    </ClCompile>
    <ClCompile Include="Source\Data\BXDJ\Components\Elevator.cpp">
      <Filter>Source\Data\BXDJ\Components</Filter>
    </ClCompile>
  </ItemGroup>
  <ItemGroup>
    <None Include="Palette\js\fusionInterface.js">
      <Filter>Source\AddIn\Palette</Filter>
    </None>
    <None Include="Palette\css\synthesisExporter.css">
      <Filter>Source\AddIn\Palette</Filter>
    </None>
    <None Include="palette\export.html">
      <Filter>Source\AddIn\Palette</Filter>
    </None>
    <None Include="Palette\js\export.js">
      <Filter>Source\AddIn\Palette</Filter>
    </None>
    <None Include="palette\progress.html">
      <Filter>Source\AddIn\Palette</Filter>
    </None>
    <None Include="palette\js\progress.js">
      <Filter>Source\AddIn\Palette</Filter>
    </None>
    <None Include="palette\sensors.html">
      <Filter>Source\AddIn\Palette</Filter>
    </None>
    <None Include="palette\js\sensors.js">
      <Filter>Source\AddIn\Palette</Filter>
    </None>
    <None Include="palette\js\utility.js">
      <Filter>Source\AddIn\Palette</Filter>
    </None>
    <None Include="palette\jointEditor.html" />
    <None Include="palette\js\jointEditor.js" />
    <None Include="palette\dt_weight.html">
      <Filter>Source\AddIn\Palette</Filter>
    </None>
    <None Include="palette\js\dt_weight.js">
      <Filter>Source\AddIn\Palette</Filter>
    </None>
  </ItemGroup>
</Project>