
Microsoft Visual Studio Solution File, Format Version 11.00
# Visual Studio 2010
Project("{F184B08F-C81C-45F6-A57F-5ABD9991F28F}") = "HelloWorldVBNet", "HelloWorldVBNet\HelloWorldVBNet.vbproj", "{062BDE37-014F-4088-BFE7-799D252CAE0D}"
EndProject
Project("{F184B08F-C81C-45F6-A57F-5ABD9991F28F}") = "Automation", "Automation\Automation.vbproj", "{97BE5C39-4F61-4D9F-9CD7-46B23EBA2D2C}"
EndProject
Global
	GlobalSection(SolutionConfigurationPlatforms) = preSolution
		Debug|Any CPU = Debug|Any CPU
		Debug|Mixed Platforms = Debug|Mixed Platforms
		Debug|x86 = Debug|x86
		Release|Any CPU = Release|Any CPU
		Release|Mixed Platforms = Release|Mixed Platforms
		Release|x86 = Release|x86
	EndGlobalSection
	GlobalSection(ProjectConfigurationPlatforms) = postSolution
		{062BDE37-014F-4088-BFE7-799D252CAE0D}.Debug|Any CPU.ActiveCfg = Debug|Any CPU
		{062BDE37-014F-4088-BFE7-799D252CAE0D}.Debug|Any CPU.Build.0 = Debug|Any CPU
		{062BDE37-014F-4088-BFE7-799D252CAE0D}.Debug|Mixed Platforms.ActiveCfg = Debug|Any CPU
		{062BDE37-014F-4088-BFE7-799D252CAE0D}.Debug|Mixed Platforms.Build.0 = Debug|Any CPU
		{062BDE37-014F-4088-BFE7-799D252CAE0D}.Debug|x86.ActiveCfg = Debug|Any CPU
		{062BDE37-014F-4088-BFE7-799D252CAE0D}.Release|Any CPU.ActiveCfg = Release|Any CPU
		{062BDE37-014F-4088-BFE7-799D252CAE0D}.Release|Any CPU.Build.0 = Release|Any CPU
		{062BDE37-014F-4088-BFE7-799D252CAE0D}.Release|Mixed Platforms.ActiveCfg = Release|Any CPU
		{062BDE37-014F-4088-BFE7-799D252CAE0D}.Release|Mixed Platforms.Build.0 = Release|Any CPU
		{062BDE37-014F-4088-BFE7-799D252CAE0D}.Release|x86.ActiveCfg = Release|Any CPU
		{97BE5C39-4F61-4D9F-9CD7-46B23EBA2D2C}.Debug|Any CPU.ActiveCfg = Debug|x86
		{97BE5C39-4F61-4D9F-9CD7-46B23EBA2D2C}.Debug|Mixed Platforms.ActiveCfg = Debug|x86
		{97BE5C39-4F61-4D9F-9CD7-46B23EBA2D2C}.Debug|Mixed Platforms.Build.0 = Debug|x86
		{97BE5C39-4F61-4D9F-9CD7-46B23EBA2D2C}.Debug|x86.ActiveCfg = Debug|x86
		{97BE5C39-4F61-4D9F-9CD7-46B23EBA2D2C}.Debug|x86.Build.0 = Debug|x86
		{97BE5C39-4F61-4D9F-9CD7-46B23EBA2D2C}.Release|Any CPU.ActiveCfg = Release|x86
		{97BE5C39-4F61-4D9F-9CD7-46B23EBA2D2C}.Release|Mixed Platforms.ActiveCfg = Release|x86
		{97BE5C39-4F61-4D9F-9CD7-46B23EBA2D2C}.Release|Mixed Platforms.Build.0 = Release|x86
		{97BE5C39-4F61-4D9F-9CD7-46B23EBA2D2C}.Release|x86.ActiveCfg = Release|x86
		{97BE5C39-4F61-4D9F-9CD7-46B23EBA2D2C}.Release|x86.Build.0 = Release|x86
	EndGlobalSection
	GlobalSection(SolutionProperties) = preSolution
		HideSolutionNode = FALSE
	EndGlobalSection
EndGlobal
