
Microsoft Visual Studio Solution File, Format Version 11.00
# Visual Studio 2010
Project("{F184B08F-C81C-45F6-A57F-5ABD9991F28F}") = "HelloWorldAddIn", "HelloWorldAddIn\HelloWorldAddIn.vbproj", "{50282DD3-DC6F-4DDF-A3D0-C28DDAFBDB3C}"
EndProject
Global
	GlobalSection(SolutionConfigurationPlatforms) = preSolution
		Debug|Any CPU = Debug|Any CPU
		Release|Any CPU = Release|Any CPU
	EndGlobalSection
	GlobalSection(ProjectConfigurationPlatforms) = postSolution
		{50282DD3-DC6F-4DDF-A3D0-C28DDAFBDB3C}.Debug|Any CPU.ActiveCfg = Debug|Any CPU
		{50282DD3-DC6F-4DDF-A3D0-C28DDAFBDB3C}.Debug|Any CPU.Build.0 = Debug|Any CPU
		{50282DD3-DC6F-4DDF-A3D0-C28DDAFBDB3C}.Release|Any CPU.ActiveCfg = Release|Any CPU
		{50282DD3-DC6F-4DDF-A3D0-C28DDAFBDB3C}.Release|Any CPU.Build.0 = Release|Any CPU
	EndGlobalSection
	GlobalSection(SolutionProperties) = preSolution
		HideSolutionNode = FALSE
	EndGlobalSection
EndGlobal
