
Microsoft Visual Studio Solution File, Format Version 12.00
# Visual Studio 2012
Project("{888888A0-9F3D-457C-B088-3A5042F75D52}") = "DSLibraryGenerator", "DSLibraryGenerator\DSLibraryGenerator.pyproj", "{D0230A46-0FC6-42D6-99C4-B8890DF497DB}"
EndProject
Global
	GlobalSection(SolutionConfigurationPlatforms) = preSolution
		Debug|Any CPU = Debug|Any CPU
		Release|Any CPU = Release|Any CPU
	EndGlobalSection
	GlobalSection(ProjectConfigurationPlatforms) = postSolution
		{D0230A46-0FC6-42D6-99C4-B8890DF497DB}.Debug|Any CPU.ActiveCfg = Debug|Any CPU
		{D0230A46-0FC6-42D6-99C4-B8890DF497DB}.Debug|Any CPU.Build.0 = Debug|Any CPU
		{D0230A46-0FC6-42D6-99C4-B8890DF497DB}.Release|Any CPU.ActiveCfg = Release|Any CPU
		{D0230A46-0FC6-42D6-99C4-B8890DF497DB}.Release|Any CPU.Build.0 = Release|Any CPU
	EndGlobalSection
	GlobalSection(SolutionProperties) = preSolution
		HideSolutionNode = FALSE
	EndGlobalSection
EndGlobal
