
Microsoft Visual Studio Solution File, Format Version 12.00
# Visual Studio 14
VisualStudioVersion = 14.0.25420.1
MinimumVisualStudioVersion = 10.0.40219.1
Project("{FAE04EC0-301F-11D3-BF4B-00C04F79EFBC}") = "FieldExporter", "FieldExporter\FieldExporter.csproj", "{0AD89B02-EBED-4BB3-8DC3-C4CB59268C1E}"
EndProject
Project("{FAE04EC0-301F-11D3-BF4B-00C04F79EFBC}") = "SimulatorAPI", "..\Aardvark-Libraries\SimulatorFileIO\SimulatorAPI.csproj", "{52DC911D-AD5D-4D01-9FC1-22AAADA97740}"
EndProject
Project("{8BC9CEB8-8B4A-11D0-8D11-00A0C91BC942}") = "ConvexLibraryWrapper", "..\Aardvark-Libraries\ConvexLibraryWrapper\ConvexLibraryWrapper.vcxproj", "{5664C026-F538-4745-A042-13927CE3259F}"
EndProject
Project("{8BC9CEB8-8B4A-11D0-8D11-00A0C91BC942}") = "CLEW", "..\Aardvark-Libraries\CLEW\CLEW.vcxproj", "{CAC8B4CC-70F1-438C-95AC-B996E658DDEB}"
EndProject
Project("{8BC9CEB8-8B4A-11D0-8D11-00A0C91BC942}") = "VHACD", "..\Aardvark-Libraries\VHACD\VHACD.vcxproj", "{41A5DDC9-6BA3-446B-B1C0-5515F20D6EC1}"
EndProject
Global
	GlobalSection(SolutionConfigurationPlatforms) = preSolution
		Debug|Any CPU = Debug|Any CPU
		Debug|Mixed Platforms = Debug|Mixed Platforms
		Debug|Win32 = Debug|Win32
		Release|Any CPU = Release|Any CPU
		Release|Mixed Platforms = Release|Mixed Platforms
		Release|Win32 = Release|Win32
	EndGlobalSection
	GlobalSection(ProjectConfigurationPlatforms) = postSolution
		{0AD89B02-EBED-4BB3-8DC3-C4CB59268C1E}.Debug|Any CPU.ActiveCfg = Debug|Any CPU
		{0AD89B02-EBED-4BB3-8DC3-C4CB59268C1E}.Debug|Any CPU.Build.0 = Debug|Any CPU
		{0AD89B02-EBED-4BB3-8DC3-C4CB59268C1E}.Debug|Mixed Platforms.ActiveCfg = Debug|Any CPU
		{0AD89B02-EBED-4BB3-8DC3-C4CB59268C1E}.Debug|Mixed Platforms.Build.0 = Debug|Any CPU
		{0AD89B02-EBED-4BB3-8DC3-C4CB59268C1E}.Debug|Win32.ActiveCfg = Debug|Any CPU
		{0AD89B02-EBED-4BB3-8DC3-C4CB59268C1E}.Release|Any CPU.ActiveCfg = Release|Any CPU
		{0AD89B02-EBED-4BB3-8DC3-C4CB59268C1E}.Release|Any CPU.Build.0 = Release|Any CPU
		{0AD89B02-EBED-4BB3-8DC3-C4CB59268C1E}.Release|Mixed Platforms.ActiveCfg = Release|Any CPU
		{0AD89B02-EBED-4BB3-8DC3-C4CB59268C1E}.Release|Mixed Platforms.Build.0 = Release|Any CPU
		{0AD89B02-EBED-4BB3-8DC3-C4CB59268C1E}.Release|Win32.ActiveCfg = Release|Any CPU
		{52DC911D-AD5D-4D01-9FC1-22AAADA97740}.Debug|Any CPU.ActiveCfg = Debug|Any CPU
		{52DC911D-AD5D-4D01-9FC1-22AAADA97740}.Debug|Any CPU.Build.0 = Debug|Any CPU
		{52DC911D-AD5D-4D01-9FC1-22AAADA97740}.Debug|Mixed Platforms.ActiveCfg = Debug|Any CPU
		{52DC911D-AD5D-4D01-9FC1-22AAADA97740}.Debug|Mixed Platforms.Build.0 = Debug|Any CPU
		{52DC911D-AD5D-4D01-9FC1-22AAADA97740}.Debug|Win32.ActiveCfg = Debug|Any CPU
		{52DC911D-AD5D-4D01-9FC1-22AAADA97740}.Debug|Win32.Build.0 = Debug|Any CPU
		{52DC911D-AD5D-4D01-9FC1-22AAADA97740}.Release|Any CPU.ActiveCfg = Release|Any CPU
		{52DC911D-AD5D-4D01-9FC1-22AAADA97740}.Release|Any CPU.Build.0 = Release|Any CPU
		{52DC911D-AD5D-4D01-9FC1-22AAADA97740}.Release|Mixed Platforms.ActiveCfg = Release|Any CPU
		{52DC911D-AD5D-4D01-9FC1-22AAADA97740}.Release|Mixed Platforms.Build.0 = Release|Any CPU
		{52DC911D-AD5D-4D01-9FC1-22AAADA97740}.Release|Win32.ActiveCfg = Release|Any CPU
		{52DC911D-AD5D-4D01-9FC1-22AAADA97740}.Release|Win32.Build.0 = Release|Any CPU
		{5664C026-F538-4745-A042-13927CE3259F}.Debug|Any CPU.ActiveCfg = Debug|Win32
		{5664C026-F538-4745-A042-13927CE3259F}.Debug|Mixed Platforms.ActiveCfg = Debug|Win32
		{5664C026-F538-4745-A042-13927CE3259F}.Debug|Mixed Platforms.Build.0 = Debug|Win32
		{5664C026-F538-4745-A042-13927CE3259F}.Debug|Win32.ActiveCfg = Debug|Win32
		{5664C026-F538-4745-A042-13927CE3259F}.Debug|Win32.Build.0 = Debug|Win32
		{5664C026-F538-4745-A042-13927CE3259F}.Release|Any CPU.ActiveCfg = Release|Win32
		{5664C026-F538-4745-A042-13927CE3259F}.Release|Mixed Platforms.ActiveCfg = Release|Win32
		{5664C026-F538-4745-A042-13927CE3259F}.Release|Mixed Platforms.Build.0 = Release|Win32
		{5664C026-F538-4745-A042-13927CE3259F}.Release|Win32.ActiveCfg = Release|Win32
		{5664C026-F538-4745-A042-13927CE3259F}.Release|Win32.Build.0 = Release|Win32
		{CAC8B4CC-70F1-438C-95AC-B996E658DDEB}.Debug|Any CPU.ActiveCfg = Debug|Win32
		{CAC8B4CC-70F1-438C-95AC-B996E658DDEB}.Debug|Mixed Platforms.ActiveCfg = Debug|Win32
		{CAC8B4CC-70F1-438C-95AC-B996E658DDEB}.Debug|Mixed Platforms.Build.0 = Debug|Win32
		{CAC8B4CC-70F1-438C-95AC-B996E658DDEB}.Debug|Win32.ActiveCfg = Debug|Win32
		{CAC8B4CC-70F1-438C-95AC-B996E658DDEB}.Debug|Win32.Build.0 = Debug|Win32
		{CAC8B4CC-70F1-438C-95AC-B996E658DDEB}.Release|Any CPU.ActiveCfg = Release|Win32
		{CAC8B4CC-70F1-438C-95AC-B996E658DDEB}.Release|Mixed Platforms.ActiveCfg = Release|Win32
		{CAC8B4CC-70F1-438C-95AC-B996E658DDEB}.Release|Mixed Platforms.Build.0 = Release|Win32
		{CAC8B4CC-70F1-438C-95AC-B996E658DDEB}.Release|Win32.ActiveCfg = Release|Win32
		{CAC8B4CC-70F1-438C-95AC-B996E658DDEB}.Release|Win32.Build.0 = Release|Win32
		{41A5DDC9-6BA3-446B-B1C0-5515F20D6EC1}.Debug|Any CPU.ActiveCfg = Debug|Win32
		{41A5DDC9-6BA3-446B-B1C0-5515F20D6EC1}.Debug|Mixed Platforms.ActiveCfg = Debug|Win32
		{41A5DDC9-6BA3-446B-B1C0-5515F20D6EC1}.Debug|Mixed Platforms.Build.0 = Debug|Win32
		{41A5DDC9-6BA3-446B-B1C0-5515F20D6EC1}.Debug|Win32.ActiveCfg = Debug|Win32
		{41A5DDC9-6BA3-446B-B1C0-5515F20D6EC1}.Debug|Win32.Build.0 = Debug|Win32
		{41A5DDC9-6BA3-446B-B1C0-5515F20D6EC1}.Release|Any CPU.ActiveCfg = Release|Win32
		{41A5DDC9-6BA3-446B-B1C0-5515F20D6EC1}.Release|Mixed Platforms.ActiveCfg = Release|Win32
		{41A5DDC9-6BA3-446B-B1C0-5515F20D6EC1}.Release|Mixed Platforms.Build.0 = Release|Win32
		{41A5DDC9-6BA3-446B-B1C0-5515F20D6EC1}.Release|Win32.ActiveCfg = Release|Win32
		{41A5DDC9-6BA3-446B-B1C0-5515F20D6EC1}.Release|Win32.Build.0 = Release|Win32
	EndGlobalSection
	GlobalSection(SolutionProperties) = preSolution
		HideSolutionNode = FALSE
	EndGlobalSection
EndGlobal
