
Microsoft Visual Studio Solution File, Format Version 12.00
# Visual Studio 2012
Project("{FAE04EC0-301F-11D3-BF4B-00C04F79EFBC}") = "SimulatorAPI", "SimulatorAPI.csproj", "{52DC911D-AD5D-4D01-9FC1-22AAADA97740}"
EndProject
Global
	GlobalSection(SolutionConfigurationPlatforms) = preSolution
		Debug|Any CPU = Debug|Any CPU
		Release|Any CPU = Release|Any CPU
		Benchmark|Any CPU = Benchmark|Any CPU
	EndGlobalSection
	GlobalSection(ProjectConfigurationPlatforms) = postSolution
		{52DC911D-AD5D-4D01-9FC1-22AAADA97740}.Debug|Any CPU.ActiveCfg = Debug|Any CPU
		{52DC911D-AD5D-4D01-9FC1-22AAADA97740}.Debug|Any CPU.Build.0 = Debug|Any CPU
		{52DC911D-AD5D-4D01-9FC1-22AAADA97740}.Release|Any CPU.ActiveCfg = Release|Any CPU
		{52DC911D-AD5D-4D01-9FC1-22AAADA97740}.Release|Any CPU.Build.0 = Release|Any CPU
		{52DC911D-AD5D-4D01-9FC1-22AAADA97740}.Benchmark|Any CPU.ActiveCfg = Benchmark|Any CPU
		{52DC911D-AD5D-4D01-9FC1-22AAADA97740}.Benchmark|Any CPU.Build.0 = Benchmark|Any CPU
	EndGlobalSection
EndGlobal
