
Microsoft Visual Studio Solution File, Format Version 11.00
# Visual Studio 2010
Project("{FAE04EC0-301F-11D3-BF4B-00C04F79EFBC}") = "HelloWorldCS", "HelloWorldCS\HelloWorldCS.csproj", "{CEB837A4-D03C-4AE3-932B-C372C6D74400}"
EndProject
Project("{FAE04EC0-301F-11D3-BF4B-00C04F79EFBC}") = "Automation", "Automation\Automation.csproj", "{9D73F3B9-50FF-41F2-8E68-3AD626B17702}"
EndProject
Global
	GlobalSection(SolutionConfigurationPlatforms) = preSolution
		Debug|Any CPU = Debug|Any CPU
		Debug|Mixed Platforms = Debug|Mixed Platforms
		Debug|x86 = Debug|x86
		Release|Any CPU = Release|Any CPU
		Release|Mixed Platforms = Release|Mixed Platforms
		Release|x86 = Release|x86
	EndGlobalSection
	GlobalSection(ProjectConfigurationPlatforms) = postSolution
		{CEB837A4-D03C-4AE3-932B-C372C6D74400}.Debug|Any CPU.ActiveCfg = Debug|Any CPU
		{CEB837A4-D03C-4AE3-932B-C372C6D74400}.Debug|Any CPU.Build.0 = Debug|Any CPU
		{CEB837A4-D03C-4AE3-932B-C372C6D74400}.Debug|Mixed Platforms.ActiveCfg = Debug|Any CPU
		{CEB837A4-D03C-4AE3-932B-C372C6D74400}.Debug|Mixed Platforms.Build.0 = Debug|Any CPU
		{CEB837A4-D03C-4AE3-932B-C372C6D74400}.Debug|x86.ActiveCfg = Debug|Any CPU
		{CEB837A4-D03C-4AE3-932B-C372C6D74400}.Release|Any CPU.ActiveCfg = Release|Any CPU
		{CEB837A4-D03C-4AE3-932B-C372C6D74400}.Release|Any CPU.Build.0 = Release|Any CPU
		{CEB837A4-D03C-4AE3-932B-C372C6D74400}.Release|Mixed Platforms.ActiveCfg = Release|Any CPU
		{CEB837A4-D03C-4AE3-932B-C372C6D74400}.Release|Mixed Platforms.Build.0 = Release|Any CPU
		{CEB837A4-D03C-4AE3-932B-C372C6D74400}.Release|x86.ActiveCfg = Release|Any CPU
		{9D73F3B9-50FF-41F2-8E68-3AD626B17702}.Debug|Any CPU.ActiveCfg = Debug|x86
		{9D73F3B9-50FF-41F2-8E68-3AD626B17702}.Debug|Mixed Platforms.ActiveCfg = Debug|x86
		{9D73F3B9-50FF-41F2-8E68-3AD626B17702}.Debug|Mixed Platforms.Build.0 = Debug|x86
		{9D73F3B9-50FF-41F2-8E68-3AD626B17702}.Debug|x86.ActiveCfg = Debug|x86
		{9D73F3B9-50FF-41F2-8E68-3AD626B17702}.Debug|x86.Build.0 = Debug|x86
		{9D73F3B9-50FF-41F2-8E68-3AD626B17702}.Release|Any CPU.ActiveCfg = Release|x86
		{9D73F3B9-50FF-41F2-8E68-3AD626B17702}.Release|Mixed Platforms.ActiveCfg = Release|x86
		{9D73F3B9-50FF-41F2-8E68-3AD626B17702}.Release|Mixed Platforms.Build.0 = Release|x86
		{9D73F3B9-50FF-41F2-8E68-3AD626B17702}.Release|x86.ActiveCfg = Release|x86
		{9D73F3B9-50FF-41F2-8E68-3AD626B17702}.Release|x86.Build.0 = Release|x86
	EndGlobalSection
	GlobalSection(SolutionProperties) = preSolution
		HideSolutionNode = FALSE
	EndGlobalSection
EndGlobal
